{
  "version": 4,
  "terraform_version": "1.14.8",
  "serial": 233,
  "lineage": "e231af3f-705a-b85a-2e27-7c23436bb104",
  "outputs": {
    "public_ip_address": {
      "value": [
        "20.74.83.30"
      ],
      "type": [
        "tuple",
        [
          "string"
        ]
      ]
    },
    "ssh_command": {
      "value": [
        "ssh -i ./id_rsa_ca2 azureuser@20.74.83.30"
      ],
      "type": [
        "tuple",
        [
          "string"
        ]
      ]
    }
  },
  "resources": [
    {
      "mode": "managed",
      "type": "azurerm_linux_virtual_machine",
      "name": "vm",
      "provider": "provider[\"registry.terraform.io/hashicorp/azurerm\"]",
      "instances": [
        {
          "index_key": 0,
          "schema_version": 0,
          "attributes": {
            "additional_capabilities": [],
            "admin_password": null,
            "admin_ssh_key": [
              {
                "public_key": "ssh-rsa AAAAB3NzaC1yc2EAAAADAQABAAACAQC1tWvmOgcBMw+afCEFaeetzdFiV6LjFHZxbLTpkRyvU/qOjrQuY7orOdsbEp/cTFtecYdbF7matNmr1XW/5yRAUaheMGsiaSfaxrRf0krODL+UvJOtfcVYpQheqOZt3yCGokm3LXez8sJ2esG4SuzKFDbgk9o3+cWwG3zdqFZZJMxD/2WofJQrU66ndEchOFfbWTWIECEs4yM5ljPRKvuuCtytFfGe1GCk1mm9funGkSC+t/h7nDu761eCaCFmJpUGw4zwUCBdTdFF+an+3CCuq08+QBZIDstRsTd6GYmbgt1pM4H5UyeX/RG324G04BNXPS2dH9CuS1+El4Kk8ej8TOInFUsblndI+amxRi3tJi2RQiERMLhckt9sm241/iB6K4iO6Qbo2mUDs+N96DifUdGfWoh8A8PaZPzeQJrtKJFmz9IRsyY57UFq8lZfgg3mr4QiwEyRiYB2bjHq9U33HbEEFRtFjH41v1aYwue1yNq8naZXBpZMwZ0tZNpL2cLzH64HNXW2dRWMy3N8d5GdgvKJLqN6twp5uvlG2ZbWqiBycg5d7Xhj3N2BqP+SHOmkp37xs2CljiCVHg9stcuvVXU6t/CL5UYbwv5r+WWT+O4A1VXgAmcrvGgPQjjRY0QbtERw7U9QGz7u2dweWWuv3lNf88EoHeBHBuqTjU8tGw==\n",
                "username": "azureuser"
              }
            ],
            "admin_username": "azureuser",
            "allow_extension_operations": true,
            "availability_set_id": "",
            "boot_diagnostics": [],
            "bypass_platform_safety_checks_on_user_schedule_enabled": false,
            "capacity_reservation_group_id": "",
            "computer_name": "ca2-vm-0",
            "custom_data": null,
            "dedicated_host_group_id": "",
            "dedicated_host_id": "",
            "disable_password_authentication": true,
            "disk_controller_type": "SCSI",
            "edge_zone": "",
            "encryption_at_host_enabled": false,
            "eviction_policy": "",
            "extensions_time_budget": "PT1H30M",
            "gallery_application": [],
            "id": "/subscriptions/6df1ad01-3d74-4fdd-b3a6-7e1b64e04317/resourceGroups/CA-2/providers/Microsoft.Compute/virtualMachines/ca2-vm-0",
            "identity": [],
            "license_type": "",
            "location": "francecentral",
            "max_bid_price": -1,
            "name": "ca2-vm-0",
            "network_interface_ids": [
              "/subscriptions/6df1ad01-3d74-4fdd-b3a6-7e1b64e04317/resourceGroups/CA-2/providers/Microsoft.Network/networkInterfaces/ca2-nic-0"
            ],
            "os_disk": [
              {
                "caching": "ReadWrite",
                "diff_disk_settings": [],
                "disk_encryption_set_id": "",
                "disk_size_gb": 30,
                "name": "osdisk-0",
                "secure_vm_disk_encryption_set_id": "",
                "security_encryption_type": "",
                "storage_account_type": "Standard_LRS",
                "write_accelerator_enabled": false
              }
            ],
            "os_image_notification": [],
            "patch_assessment_mode": "ImageDefault",
            "patch_mode": "ImageDefault",
            "plan": [],
            "platform_fault_domain": -1,
            "priority": "Regular",
            "private_ip_address": "10.0.1.4",
            "private_ip_addresses": [
              "10.0.1.4"
            ],
            "provision_vm_agent": true,
            "proximity_placement_group_id": "",
            "public_ip_address": "20.74.83.30",
            "public_ip_addresses": [
              "20.74.83.30"
            ],
            "reboot_setting": "",
            "resource_group_name": "CA-2",
            "secret": [],
            "secure_boot_enabled": false,
            "size": "Standard_B2als_v2",
            "source_image_id": "",
            "source_image_reference": [
              {
                "offer": "ubuntu-24_04-lts",
                "publisher": "Canonical",
                "sku": "server",
                "version": "latest"
              }
            ],
            "tags": null,
            "termination_notification": null,
            "timeouts": null,
            "user_data": "",
            "virtual_machine_id": "3ad395c5-fdaf-41b8-8ae9-e8581c752a31",
            "virtual_machine_scale_set_id": "",
            "vm_agent_platform_updates_enabled": false,
            "vtpm_enabled": false,
            "zone": "3"
          },
          "sensitive_attributes": [
            [
              {
                "type": "get_attr",
                "value": "admin_password"
              }
            ],
            [
              {
                "type": "get_attr",
                "value": "custom_data"
              }
            ]
          ],
          "identity_schema_version": 0,
          "private": "eyJlMmJmYjczMC1lY2FhLTExZTYtOGY4OC0zNDM2M2JjN2M0YzAiOnsiY3JlYXRlIjoyNzAwMDAwMDAwMDAwLCJkZWxldGUiOjI3MDAwMDAwMDAwMDAsInJlYWQiOjMwMDAwMDAwMDAwMCwidXBkYXRlIjoyNzAwMDAwMDAwMDAwfX0=",
          "dependencies": [
            "azurerm_network_interface.nic",
            "azurerm_public_ip.pip",
            "azurerm_resource_group.ca2",
            "azurerm_subnet.subnet",
            "azurerm_virtual_network.vnet",
            "tls_private_key.vm_ssh_key"
          ]
        }
      ]
    },
    {
      "mode": "managed",
      "type": "azurerm_network_interface",
      "name": "nic",
      "provider": "provider[\"registry.terraform.io/hashicorp/azurerm\"]",
      "instances": [
        {
          "index_key": 0,
          "schema_version": 0,
          "attributes": {
            "accelerated_networking_enabled": false,
            "applied_dns_servers": [],
            "auxiliary_mode": "",
            "auxiliary_sku": "",
            "dns_servers": [],
            "edge_zone": "",
            "enable_accelerated_networking": false,
            "enable_ip_forwarding": false,
            "id": "/subscriptions/6df1ad01-3d74-4fdd-b3a6-7e1b64e04317/resourceGroups/CA-2/providers/Microsoft.Network/networkInterfaces/ca2-nic-0",
            "internal_dns_name_label": "",
            "internal_domain_name_suffix": "1gbymqvy5hvu3n4t4fsrsrpfof.parx.internal.cloudapp.net",
            "ip_configuration": [
              {
                "gateway_load_balancer_frontend_ip_configuration_id": "",
                "name": "internal",
                "primary": true,
                "private_ip_address": "10.0.1.4",
                "private_ip_address_allocation": "Dynamic",
                "private_ip_address_version": "IPv4",
                "public_ip_address_id": "/subscriptions/6df1ad01-3d74-4fdd-b3a6-7e1b64e04317/resourceGroups/CA-2/providers/Microsoft.Network/publicIPAddresses/ca2-pip-0",
                "subnet_id": "/subscriptions/6df1ad01-3d74-4fdd-b3a6-7e1b64e04317/resourceGroups/CA-2/providers/Microsoft.Network/virtualNetworks/ca2-vnet/subnets/ca2-subnet"
              }
            ],
            "ip_forwarding_enabled": false,
            "location": "francecentral",
            "mac_address": "",
            "name": "ca2-nic-0",
            "private_ip_address": "10.0.1.4",
            "private_ip_addresses": [
              "10.0.1.4"
            ],
            "resource_group_name": "CA-2",
            "tags": null,
            "timeouts": null,
            "virtual_machine_id": ""
          },
          "sensitive_attributes": [],
          "identity_schema_version": 0,
          "private": "eyJlMmJmYjczMC1lY2FhLTExZTYtOGY4OC0zNDM2M2JjN2M0YzAiOnsiY3JlYXRlIjoxODAwMDAwMDAwMDAwLCJkZWxldGUiOjE4MDAwMDAwMDAwMDAsInJlYWQiOjMwMDAwMDAwMDAwMCwidXBkYXRlIjoxODAwMDAwMDAwMDAwfX0=",
          "dependencies": [
            "azurerm_public_ip.pip",
            "azurerm_resource_group.ca2",
            "azurerm_subnet.subnet",
            "azurerm_virtual_network.vnet"
          ]
        }
      ]
    },
    {
      "mode": "managed",
      "type": "azurerm_network_interface_security_group_association",
      "name": "nic_nsg",
      "provider": "provider[\"registry.terraform.io/hashicorp/azurerm\"]",
      "instances": [
        {
          "index_key": 0,
          "schema_version": 0,
          "attributes": {
            "id": "/subscriptions/6df1ad01-3d74-4fdd-b3a6-7e1b64e04317/resourceGroups/CA-2/providers/Microsoft.Network/networkInterfaces/ca2-nic-0|/subscriptions/6df1ad01-3d74-4fdd-b3a6-7e1b64e04317/resourceGroups/CA-2/providers/Microsoft.Network/networkSecurityGroups/ca2-nsg",
            "network_interface_id": "/subscriptions/6df1ad01-3d74-4fdd-b3a6-7e1b64e04317/resourceGroups/CA-2/providers/Microsoft.Network/networkInterfaces/ca2-nic-0",
            "network_security_group_id": "/subscriptions/6df1ad01-3d74-4fdd-b3a6-7e1b64e04317/resourceGroups/CA-2/providers/Microsoft.Network/networkSecurityGroups/ca2-nsg",
            "timeouts": null
          },
          "sensitive_attributes": [],
          "identity_schema_version": 0,
          "private": "eyJlMmJmYjczMC1lY2FhLTExZTYtOGY4OC0zNDM2M2JjN2M0YzAiOnsiY3JlYXRlIjoxODAwMDAwMDAwMDAwLCJkZWxldGUiOjE4MDAwMDAwMDAwMDAsInJlYWQiOjMwMDAwMDAwMDAwMH19",
          "dependencies": [
            "azurerm_network_interface.nic",
            "azurerm_network_security_group.nsg",
            "azurerm_public_ip.pip",
            "azurerm_resource_group.ca2",
            "azurerm_subnet.subnet",
            "azurerm_virtual_network.vnet"
          ]
        }
      ]
    },
    {
      "mode": "managed",
      "type": "azurerm_network_security_group",
      "name": "nsg",
      "provider": "provider[\"registry.terraform.io/hashicorp/azurerm\"]",
      "instances": [
        {
          "schema_version": 0,
          "attributes": {
            "id": "/subscriptions/6df1ad01-3d74-4fdd-b3a6-7e1b64e04317/resourceGroups/CA-2/providers/Microsoft.Network/networkSecurityGroups/ca2-nsg",
            "location": "francecentral",
            "name": "ca2-nsg",
            "resource_group_name": "CA-2",
            "security_rule": [
              {
                "access": "Allow",
                "description": "",
                "destination_address_prefix": "*",
                "destination_address_prefixes": [],
                "destination_application_security_group_ids": [],
                "destination_port_range": "22",
                "destination_port_ranges": [],
                "direction": "Inbound",
                "name": "allow-ssh",
                "priority": 100,
                "protocol": "Tcp",
                "source_address_prefix": "95.44.98.27",
                "source_address_prefixes": [],
                "source_application_security_group_ids": [],
                "source_port_range": "*",
                "source_port_ranges": []
              },
              {
                "access": "Allow",
                "description": "",
                "destination_address_prefix": "*",
                "destination_address_prefixes": [],
                "destination_application_security_group_ids": [],
                "destination_port_range": "3001",
                "destination_port_ranges": [],
                "direction": "Inbound",
                "name": "allow-api",
                "priority": 102,
                "protocol": "Tcp",
                "source_address_prefix": "95.44.98.27",
                "source_address_prefixes": [],
                "source_application_security_group_ids": [],
                "source_port_range": "*",
                "source_port_ranges": []
              },
              {
                "access": "Allow",
                "description": "",
                "destination_address_prefix": "*",
                "destination_address_prefixes": [],
                "destination_application_security_group_ids": [],
                "destination_port_range": "5173",
                "destination_port_ranges": [],
                "direction": "Inbound",
                "name": "allow-frontend",
                "priority": 103,
                "protocol": "Tcp",
                "source_address_prefix": "95.44.98.27",
                "source_address_prefixes": [],
                "source_application_security_group_ids": [],
                "source_port_range": "*",
                "source_port_ranges": []
              },
              {
                "access": "Allow",
                "description": "",
                "destination_address_prefix": "*",
                "destination_address_prefixes": [],
                "destination_application_security_group_ids": [],
                "destination_port_range": "80",
                "destination_port_ranges": [],
                "direction": "Inbound",
                "name": "allow-http",
                "priority": 104,
                "protocol": "Tcp",
                "source_address_prefix": "*",
                "source_address_prefixes": [],
                "source_application_security_group_ids": [],
                "source_port_range": "*",
                "source_port_ranges": []
              },
              {
                "access": "Allow",
                "description": "",
                "destination_address_prefix": "*",
                "destination_address_prefixes": [],
                "destination_application_security_group_ids": [],
                "destination_port_range": "8081",
                "destination_port_ranges": [],
                "direction": "Inbound",
                "name": "allow-mongo-express",
                "priority": 101,
                "protocol": "Tcp",
                "source_address_prefix": "95.44.98.27",
                "source_address_prefixes": [],
                "source_application_security_group_ids": [],
                "source_port_range": "*",
                "source_port_ranges": []
              }
            ],
            "tags": null,
            "timeouts": null
          },
          "sensitive_attributes": [],
          "identity_schema_version": 0,
          "private": "eyJlMmJmYjczMC1lY2FhLTExZTYtOGY4OC0zNDM2M2JjN2M0YzAiOnsiY3JlYXRlIjoxODAwMDAwMDAwMDAwLCJkZWxldGUiOjE4MDAwMDAwMDAwMDAsInJlYWQiOjMwMDAwMDAwMDAwMCwidXBkYXRlIjoxODAwMDAwMDAwMDAwfX0=",
          "dependencies": [
            "azurerm_resource_group.ca2"
          ]
        }
      ]
    },
    {
      "mode": "managed",
      "type": "azurerm_public_ip",
      "name": "pip",
      "provider": "provider[\"registry.terraform.io/hashicorp/azurerm\"]",
      "instances": [
        {
          "index_key": 0,
          "schema_version": 0,
          "attributes": {
            "allocation_method": "Static",
            "ddos_protection_mode": "VirtualNetworkInherited",
            "ddos_protection_plan_id": null,
            "domain_name_label": null,
            "edge_zone": "",
            "fqdn": null,
            "id": "/subscriptions/6df1ad01-3d74-4fdd-b3a6-7e1b64e04317/resourceGroups/CA-2/providers/Microsoft.Network/publicIPAddresses/ca2-pip-0",
            "idle_timeout_in_minutes": 4,
            "ip_address": "20.74.83.30",
            "ip_tags": null,
            "ip_version": "IPv4",
            "location": "francecentral",
            "name": "ca2-pip-0",
            "public_ip_prefix_id": null,
            "resource_group_name": "CA-2",
            "reverse_fqdn": null,
            "sku": "Standard",
            "sku_tier": "Regional",
            "tags": null,
            "timeouts": null,
            "zones": [
              "3"
            ]
          },
          "sensitive_attributes": [],
          "identity_schema_version": 0,
          "private": "eyJlMmJmYjczMC1lY2FhLTExZTYtOGY4OC0zNDM2M2JjN2M0YzAiOnsiY3JlYXRlIjoxODAwMDAwMDAwMDAwLCJkZWxldGUiOjE4MDAwMDAwMDAwMDAsInJlYWQiOjMwMDAwMDAwMDAwMCwidXBkYXRlIjoxODAwMDAwMDAwMDAwfX0=",
          "dependencies": [
            "azurerm_resource_group.ca2"
          ]
        }
      ]
    },
    {
      "mode": "managed",
      "type": "azurerm_resource_group",
      "name": "ca2",
      "provider": "provider[\"registry.terraform.io/hashicorp/azurerm\"]",
      "instances": [
        {
          "schema_version": 0,
          "attributes": {
            "id": "/subscriptions/6df1ad01-3d74-4fdd-b3a6-7e1b64e04317/resourceGroups/CA-2",
            "location": "francecentral",
            "managed_by": "",
            "name": "CA-2",
            "tags": null,
            "timeouts": null
          },
          "sensitive_attributes": [],
          "identity_schema_version": 0,
          "private": "eyJlMmJmYjczMC1lY2FhLTExZTYtOGY4OC0zNDM2M2JjN2M0YzAiOnsiY3JlYXRlIjo1NDAwMDAwMDAwMDAwLCJkZWxldGUiOjU0MDAwMDAwMDAwMDAsInJlYWQiOjMwMDAwMDAwMDAwMCwidXBkYXRlIjo1NDAwMDAwMDAwMDAwfX0="
        }
      ]
    },
    {
      "mode": "managed",
      "type": "azurerm_subnet",
      "name": "subnet",
      "provider": "provider[\"registry.terraform.io/hashicorp/azurerm\"]",
      "instances": [
        {
          "schema_version": 0,
          "attributes": {
            "address_prefixes": [
              "10.0.1.0/24"
            ],
            "default_outbound_access_enabled": true,
            "delegation": [],
            "enforce_private_link_endpoint_network_policies": false,
            "enforce_private_link_service_network_policies": false,
            "id": "/subscriptions/6df1ad01-3d74-4fdd-b3a6-7e1b64e04317/resourceGroups/CA-2/providers/Microsoft.Network/virtualNetworks/ca2-vnet/subnets/ca2-subnet",
            "name": "ca2-subnet",
            "private_endpoint_network_policies": "Enabled",
            "private_endpoint_network_policies_enabled": true,
            "private_link_service_network_policies_enabled": true,
            "resource_group_name": "CA-2",
            "service_endpoint_policy_ids": null,
            "service_endpoints": null,
            "timeouts": null,
            "virtual_network_name": "ca2-vnet"
          },
          "sensitive_attributes": [],
          "identity_schema_version": 0,
          "private": "eyJlMmJmYjczMC1lY2FhLTExZTYtOGY4OC0zNDM2M2JjN2M0YzAiOnsiY3JlYXRlIjoxODAwMDAwMDAwMDAwLCJkZWxldGUiOjE4MDAwMDAwMDAwMDAsInJlYWQiOjMwMDAwMDAwMDAwMCwidXBkYXRlIjoxODAwMDAwMDAwMDAwfX0=",
          "dependencies": [
            "azurerm_resource_group.ca2",
            "azurerm_virtual_network.vnet"
          ]
        }
      ]
    },
    {
      "mode": "managed",
      "type": "azurerm_virtual_network",
      "name": "vnet",
      "provider": "provider[\"registry.terraform.io/hashicorp/azurerm\"]",
      "instances": [
        {
          "schema_version": 0,
          "attributes": {
            "address_space": [
              "10.0.0.0/16"
            ],
            "bgp_community": "",
            "ddos_protection_plan": [],
            "dns_servers": [],
            "edge_zone": "",
            "encryption": [],
            "flow_timeout_in_minutes": 0,
            "guid": "428683d9-f9b8-4eeb-b7d3-f1651945e575",
            "id": "/subscriptions/6df1ad01-3d74-4fdd-b3a6-7e1b64e04317/resourceGroups/CA-2/providers/Microsoft.Network/virtualNetworks/ca2-vnet",
            "location": "francecentral",
            "name": "ca2-vnet",
            "resource_group_name": "CA-2",
            "subnet": [],
            "tags": null,
            "timeouts": null
          },
          "sensitive_attributes": [],
          "identity_schema_version": 0,
          "private": "eyJlMmJmYjczMC1lY2FhLTExZTYtOGY4OC0zNDM2M2JjN2M0YzAiOnsiY3JlYXRlIjoxODAwMDAwMDAwMDAwLCJkZWxldGUiOjE4MDAwMDAwMDAwMDAsInJlYWQiOjMwMDAwMDAwMDAwMCwidXBkYXRlIjoxODAwMDAwMDAwMDAwfX0=",
          "dependencies": [
            "azurerm_resource_group.ca2"
          ]
        }
      ]
    },
    {
      "mode": "managed",
      "type": "local_file",
      "name": "ansible_inventory",
      "provider": "provider[\"registry.terraform.io/hashicorp/local\"]",
      "instances": [
        {
          "schema_version": 0,
          "attributes": {
            "content": "[all:vars]\nansible_ssh_common_args='-o StrictHostKeyChecking=no'\nansible_python_interpreter=/usr/bin/python3\nansible_user=azureuser\nansible_ssh_private_key_file=../terraform/id_rsa_ca2\n\n\n[CA2]\nca2-vm-0 ansible_host=20.74.83.30 ansible_user=azureuser\n",
            "content_base64": null,
            "content_base64sha256": "A9iFp/wo2ijwZ5bnrE5hyyJer2CnqzFzrV6i/cTfcbc=",
            "content_base64sha512": "PL/RIeEietOaq+lbtxwLmeh3naqD/ebq3C6C1ONRPlmq/Um9VU086Xhzejbx1jdsy3c1ZQuajq22K8La8SoY3g==",
            "content_md5": "cd6d67955a97deec838fd8d9d7018ed6",
            "content_sha1": "c2fe5ca40be614273058b7af55920031417f8dfe",
            "content_sha256": "03d885a7fc28da28f06796e7ac4e61cb225eaf60a7ab3173ad5ea2fdc4df71b7",
            "content_sha512": "3cbfd121e1227ad39aabe95bb71c0b99e8779daa83fde6eadc2e82d4e3513e59aafd49bd554d3ce978737a36f1d6376ccb7735650b9a8eadb62bc2daf12a18de",
            "directory_permission": "0777",
            "file_permission": "0777",
            "filename": "./../ansible/inventory.ini",
            "id": "c2fe5ca40be614273058b7af55920031417f8dfe",
            "sensitive_content": null,
            "source": null
          },
          "sensitive_attributes": [
            [
              {
                "type": "get_attr",
                "value": "sensitive_content"
              }
            ]
          ],
          "identity_schema_version": 0,
          "dependencies": [
            "azurerm_linux_virtual_machine.vm",
            "azurerm_network_interface.nic",
            "azurerm_public_ip.pip",
            "azurerm_resource_group.ca2",
            "azurerm_subnet.subnet",
            "azurerm_virtual_network.vnet",
            "tls_private_key.vm_ssh_key"
          ]
        }
      ]
    },
    {
      "mode": "managed",
      "type": "local_sensitive_file",
      "name": "private_key",
      "provider": "provider[\"registry.terraform.io/hashicorp/local\"]",
      "instances": [
        {
          "schema_version": 0,
          "attributes": {
            "content": "-----BEGIN OPENSSH PRIVATE KEY-----\nb3BlbnNzaC1rZXktdjEAAAAABG5vbmUAAAAEbm9uZQAAAAAAAAABAAACFwAAAAdz\nc2gtcnNhAAAAAwEAAQAAAgEAtbVr5joHATMPmnwhBWnnrc3RYlei4xR2cWy06ZEc\nr1P6jo60LmO6KznbGxKf3ExbXnGHWxe5mrTZq9V1v+ckQFGoXjBrImkn2sa0X9JK\nzgy/lLyTrX3FWKUIXqjmbd8ghqJJty13s/LCdnrBuErsyhQ24JPaN/nFsBt83ahW\nWSTMQ/9lqHyUK1Oup3RHIThX21k1iBAhLOMjOZYz0Sr7rgrcrRXxntRgpNZpvX7p\nxpEgvrf4e5w7u+tXgmghZiaVBsOM8FAgXU3RRfmp/twgrqtPPkAWSA7LUbE3ehmJ\nm4LdaTOB+VMnl/0Rt9uBtOATVz0tnR/QrktfhJeCpPHo/EziJxVLG5Z3SPmpsUYt\n7SYtkUIhETC4XJLfbJtuNf4geiuIjukG6NplA7Pjfeg4n1HRn1qIfAPD2mT83kCa\n7SiRZs/SEbMmOe1BavJWX4IN5q+EIsBMkYmAdm4x6vVN9x2xBBUbRYx+Nb9WmMLn\ntcjavJ2mVwaWTMGdLWTaS9nC8x+uBzV1tnUVjMtzfHeRnYLyiS6jercKebr5RtmW\n1qogcnIOXe14Y9zdgaj/khzppKd+8bNgpY4glR4PbLXLr1V1Orfwi+VGG8L+a/ll\nk/juANVV4AJnK7xoD0I40WNEG7REcO1PUBs+7tncHllrr95TX/PBKB3gRwbqk41P\nLRsAAAc4JntJ+SZ7SfkAAAAHc3NoLXJzYQAAAgEAtbVr5joHATMPmnwhBWnnrc3R\nYlei4xR2cWy06ZEcr1P6jo60LmO6KznbGxKf3ExbXnGHWxe5mrTZq9V1v+ckQFGo\nXjBrImkn2sa0X9JKzgy/lLyTrX3FWKUIXqjmbd8ghqJJty13s/LCdnrBuErsyhQ2\n4JPaN/nFsBt83ahWWSTMQ/9lqHyUK1Oup3RHIThX21k1iBAhLOMjOZYz0Sr7rgrc\nrRXxntRgpNZpvX7pxpEgvrf4e5w7u+tXgmghZiaVBsOM8FAgXU3RRfmp/twgrqtP\nPkAWSA7LUbE3ehmJm4LdaTOB+VMnl/0Rt9uBtOATVz0tnR/QrktfhJeCpPHo/Ezi\nJxVLG5Z3SPmpsUYt7SYtkUIhETC4XJLfbJtuNf4geiuIjukG6NplA7Pjfeg4n1HR\nn1qIfAPD2mT83kCa7SiRZs/SEbMmOe1BavJWX4IN5q+EIsBMkYmAdm4x6vVN9x2x\nBBUbRYx+Nb9WmMLntcjavJ2mVwaWTMGdLWTaS9nC8x+uBzV1tnUVjMtzfHeRnYLy\niS6jercKebr5RtmW1qogcnIOXe14Y9zdgaj/khzppKd+8bNgpY4glR4PbLXLr1V1\nOrfwi+VGG8L+a/llk/juANVV4AJnK7xoD0I40WNEG7REcO1PUBs+7tncHllrr95T\nX/PBKB3gRwbqk41PLRsAAAADAQABAAACAAF9KBIt3YrT+UfBxp99u6k/63xLzYjg\nzQum4WCckMia/o2We8F5jbf29GWnZGnwsjr24S4M5rduze3LhPh6k2B3itKiwO36\nQJpZUHcMiRJhJly4otkkE67jQ0tLRQAXePPBdqsqkzWFQrSn0tiIvKH3Qm/apkoZ\nINaNkxtZ2sNGOuo/uHyF8MzeFatHl6GdDZM9iuO/hhYREmPRaEFJgeBuNFqyuFUd\n1mDjZOBpns7Ct6r4ZO/WWuLyTbhC1Cs7G7N/fLMnZOx+y70wC4WMFjR4MOEIs2YJ\nwP69XgABH5CHpPrMsj7xwHxNVYzVHp31zBLF7I7CCPq0oWa7uxVQ6iDLkBWryavm\n/VlicAu5zCIj3rKSiNVIK6dzv06mCC6uI8mqAzLIZLBn6NT6J1FYqEAuzB0kqLxB\nMXGvevHSQud8KaV0bg447l/VGtzcvT8odJ2gBAKQICPr/dNWrtu21d1dP8fQFZCW\n+B+RRnB5l2gw3/mAkMrr/UjwBPoN3r24s7sgw62OOATUhFNK2P59N3TUX5uYbiwu\nlteM1FhPZ6pvP6apVBMpDTdJNsJLqDw28KYrw4q9vEeH7eMv8v6rRm3oSsz8KZG3\nWN4HinNu5skV1KBRO2GCGqi8YgrH3291hBGkzwaN2dOHm35SujUYOyQSKbEvdHQ5\njt6+/2963d3BAAABAQCz4a+TMt+5cnGPnhIx0TFc5kXxpp5Mg0mnBO0/MPLmF3Xb\n0FOpJxeHjS35tkORN/JTZc0BxihGjlypRrUk2uDFWYFhaWDgERYCy8pk0hBmLM0h\nwWYePwzPj3iPzT4VXU9cYncMnEpxgotb2OvrJoyGXyw6AvhVxAwRVcki26g9lAKs\n+md9yyD23wLEXxzIHq0KkcY4OuVoZEQrowB0wm8Wy/EdQSJbgTaf1drrmsJLT3OC\n02DhqwWU0QXJKa8mkYp5qe9utsEDfW9HZzkIH3U1+PZfgyd9ZG4AMJUXrqqe1AlR\nVzwU5+mntqVBDXWn0x8+3m33l8klHYCa9v8WLcyKAAABAQDFY+6fswVeC/ptPSjN\n4xo2QEv3o5rwWuQXXwbELplNICnCB3BwOJ3Vsc+0jLJVWgLS3j3pyDO7jtO1tv0P\n9IA3clZjtP7uYyzouYfJ0Xx+J5qLjw33s9ihAYeMz0+XKMl0P4CbhWN5dmg74ZVP\nJIQXgC4rxuP36yl2zHgQcaHF6yxgbY7Vs/nib4s/7fwImpRnUR/ftrcsZ1aPhclZ\n38CFAEB8AyYfSzKRJxWNP98/KNHjUre06Zal2+FHfNH/ESgHLxWLPDZF0ygRRra2\n5V2sltjWJhgTIwYoNVEIUqSDqdUM2R9OvCbWTrnq5OdudWAS/K+l2FbMFZAbxpnC\nOQn7AAABAQDrqX2lGmE6NMg24q6utK+ofu/Y1jhGl8+IAtTBZl0iPPOL5NoEvMAB\nue5nH7vake9sN5SO167PvW03ULNTlOhhkLTa8lWEHrG8NtwyenKmkeENubEVfYbK\nGyQH5+Zb9l1HpXJgnaqFGp2muzX4WP0ecbxt6yKYV78JEYHqrI29VyRs3xD5dt4q\nLA5Vg+k2Qs/7e0nTkHbnHCiR/xp1tym7QKe4rB4Ah5vgbbe1eiiIfB9SX3jKBAqE\nbxNCs64hd7NMB4/6YmVlAr4bUi2z20W8gf2i2KoliGT2gkcWCrmHok3c+EF4QXXQ\nm2Id6IVeN3qN9FFd0C5GTiUauepk5x9hAAAAAAEC\n-----END OPENSSH PRIVATE KEY-----\n",
            "content_base64": null,
            "content_base64sha256": "0dZzA4yiyBnnzwLm5ik2rPc0oc5keT8n1XCIb/JToII=",
            "content_base64sha512": "dZd2vPgu32A1xoxdanS4VSL6aJhihfuwD4Jrrc7vdDWE/szTjIoR7XzkzWYLwKmB6Y77+0h3xbCzrRAcNnoebg==",
            "content_md5": "603b72c6b02688a8669eb65112eb9d0f",
            "content_sha1": "09989ca6b757058257b2d1efc14a89700768dc81",
            "content_sha256": "d1d673038ca2c819e7cf02e6e62936acf734a1ce64793f27d570886ff253a082",
            "content_sha512": "759776bcf82edf6035c68c5d6a74b85522fa68986285fbb00f826badceef743584feccd38c8a11ed7ce4cd660bc0a981e98efbfb4877c5b0b3ad101c367a1e6e",
            "directory_permission": "0700",
            "file_permission": "0700",
            "filename": "./id_rsa_ca2",
            "id": "09989ca6b757058257b2d1efc14a89700768dc81",
            "source": null
          },
          "sensitive_attributes": [
            [
              {
                "type": "get_attr",
                "value": "content"
              }
            ],
            [
              {
                "type": "get_attr",
                "value": "content_base64"
              }
            ]
          ],
          "identity_schema_version": 0,
          "dependencies": [
            "tls_private_key.vm_ssh_key"
          ]
        }
      ]
    },
    {
      "mode": "managed",
      "type": "local_sensitive_file",
      "name": "public_key",
      "provider": "provider[\"registry.terraform.io/hashicorp/local\"]",
      "instances": [
        {
          "schema_version": 0,
          "attributes": {
            "content": "ssh-rsa AAAAB3NzaC1yc2EAAAADAQABAAACAQC1tWvmOgcBMw+afCEFaeetzdFiV6LjFHZxbLTpkRyvU/qOjrQuY7orOdsbEp/cTFtecYdbF7matNmr1XW/5yRAUaheMGsiaSfaxrRf0krODL+UvJOtfcVYpQheqOZt3yCGokm3LXez8sJ2esG4SuzKFDbgk9o3+cWwG3zdqFZZJMxD/2WofJQrU66ndEchOFfbWTWIECEs4yM5ljPRKvuuCtytFfGe1GCk1mm9funGkSC+t/h7nDu761eCaCFmJpUGw4zwUCBdTdFF+an+3CCuq08+QBZIDstRsTd6GYmbgt1pM4H5UyeX/RG324G04BNXPS2dH9CuS1+El4Kk8ej8TOInFUsblndI+amxRi3tJi2RQiERMLhckt9sm241/iB6K4iO6Qbo2mUDs+N96DifUdGfWoh8A8PaZPzeQJrtKJFmz9IRsyY57UFq8lZfgg3mr4QiwEyRiYB2bjHq9U33HbEEFRtFjH41v1aYwue1yNq8naZXBpZMwZ0tZNpL2cLzH64HNXW2dRWMy3N8d5GdgvKJLqN6twp5uvlG2ZbWqiBycg5d7Xhj3N2BqP+SHOmkp37xs2CljiCVHg9stcuvVXU6t/CL5UYbwv5r+WWT+O4A1VXgAmcrvGgPQjjRY0QbtERw7U9QGz7u2dweWWuv3lNf88EoHeBHBuqTjU8tGw==\n",
            "content_base64": null,
            "content_base64sha256": "+UgGwa4oxlgFF7Z1ahHmgPlYoUsYAUfIqpSWdcMmnCw=",
            "content_base64sha512": "4k9tVtRYihRRoYEIlYh2OqaUzOxz21D6cc7agyMxeYnVxuKUBbCcA+vRBqzniCk22Bm14ciKar1rwX7PG5dPLQ==",
            "content_md5": "dfb3dcc18aef50b7b7501610baa7566a",
            "content_sha1": "815ff3986fad1a6025dd553a1e925cf7acdd4c36",
            "content_sha256": "f94806c1ae28c6580517b6756a11e680f958a14b180147c8aa949675c3269c2c",
            "content_sha512": "e24f6d56d4588a1451a181089588763aa694ccec73db50fa71ceda8323317989d5c6e29405b09c03ebd106ace7882936d819b5e1c88a6abd6bc17ecf1b974f2d",
            "directory_permission": "0700",
            "file_permission": "0700",
            "filename": "./id_rsa_ca2.pub",
            "id": "815ff3986fad1a6025dd553a1e925cf7acdd4c36",
            "source": null
          },
          "sensitive_attributes": [
            [
              {
                "type": "get_attr",
                "value": "content"
              }
            ],
            [
              {
                "type": "get_attr",
                "value": "content_base64"
              }
            ]
          ],
          "identity_schema_version": 0,
          "dependencies": [
            "tls_private_key.vm_ssh_key"
          ]
        }
      ]
    },
    {
      "mode": "managed",
      "type": "tls_private_key",
      "name": "vm_ssh_key",
      "provider": "provider[\"registry.terraform.io/hashicorp/tls\"]",
      "instances": [
        {
          "schema_version": 1,
          "attributes": {
            "algorithm": "RSA",
            "ecdsa_curve": "P224",
            "id": "10b67911451b003190af90d58399563fd50187ca",
            "private_key_openssh": "-----BEGIN OPENSSH PRIVATE KEY-----\nb3BlbnNzaC1rZXktdjEAAAAABG5vbmUAAAAEbm9uZQAAAAAAAAABAAACFwAAAAdz\nc2gtcnNhAAAAAwEAAQAAAgEAtbVr5joHATMPmnwhBWnnrc3RYlei4xR2cWy06ZEc\nr1P6jo60LmO6KznbGxKf3ExbXnGHWxe5mrTZq9V1v+ckQFGoXjBrImkn2sa0X9JK\nzgy/lLyTrX3FWKUIXqjmbd8ghqJJty13s/LCdnrBuErsyhQ24JPaN/nFsBt83ahW\nWSTMQ/9lqHyUK1Oup3RHIThX21k1iBAhLOMjOZYz0Sr7rgrcrRXxntRgpNZpvX7p\nxpEgvrf4e5w7u+tXgmghZiaVBsOM8FAgXU3RRfmp/twgrqtPPkAWSA7LUbE3ehmJ\nm4LdaTOB+VMnl/0Rt9uBtOATVz0tnR/QrktfhJeCpPHo/EziJxVLG5Z3SPmpsUYt\n7SYtkUIhETC4XJLfbJtuNf4geiuIjukG6NplA7Pjfeg4n1HRn1qIfAPD2mT83kCa\n7SiRZs/SEbMmOe1BavJWX4IN5q+EIsBMkYmAdm4x6vVN9x2xBBUbRYx+Nb9WmMLn\ntcjavJ2mVwaWTMGdLWTaS9nC8x+uBzV1tnUVjMtzfHeRnYLyiS6jercKebr5RtmW\n1qogcnIOXe14Y9zdgaj/khzppKd+8bNgpY4glR4PbLXLr1V1Orfwi+VGG8L+a/ll\nk/juANVV4AJnK7xoD0I40WNEG7REcO1PUBs+7tncHllrr95TX/PBKB3gRwbqk41P\nLRsAAAc4JntJ+SZ7SfkAAAAHc3NoLXJzYQAAAgEAtbVr5joHATMPmnwhBWnnrc3R\nYlei4xR2cWy06ZEcr1P6jo60LmO6KznbGxKf3ExbXnGHWxe5mrTZq9V1v+ckQFGo\nXjBrImkn2sa0X9JKzgy/lLyTrX3FWKUIXqjmbd8ghqJJty13s/LCdnrBuErsyhQ2\n4JPaN/nFsBt83ahWWSTMQ/9lqHyUK1Oup3RHIThX21k1iBAhLOMjOZYz0Sr7rgrc\nrRXxntRgpNZpvX7pxpEgvrf4e5w7u+tXgmghZiaVBsOM8FAgXU3RRfmp/twgrqtP\nPkAWSA7LUbE3ehmJm4LdaTOB+VMnl/0Rt9uBtOATVz0tnR/QrktfhJeCpPHo/Ezi\nJxVLG5Z3SPmpsUYt7SYtkUIhETC4XJLfbJtuNf4geiuIjukG6NplA7Pjfeg4n1HR\nn1qIfAPD2mT83kCa7SiRZs/SEbMmOe1BavJWX4IN5q+EIsBMkYmAdm4x6vVN9x2x\nBBUbRYx+Nb9WmMLntcjavJ2mVwaWTMGdLWTaS9nC8x+uBzV1tnUVjMtzfHeRnYLy\niS6jercKebr5RtmW1qogcnIOXe14Y9zdgaj/khzppKd+8bNgpY4glR4PbLXLr1V1\nOrfwi+VGG8L+a/llk/juANVV4AJnK7xoD0I40WNEG7REcO1PUBs+7tncHllrr95T\nX/PBKB3gRwbqk41PLRsAAAADAQABAAACAAF9KBIt3YrT+UfBxp99u6k/63xLzYjg\nzQum4WCckMia/o2We8F5jbf29GWnZGnwsjr24S4M5rduze3LhPh6k2B3itKiwO36\nQJpZUHcMiRJhJly4otkkE67jQ0tLRQAXePPBdqsqkzWFQrSn0tiIvKH3Qm/apkoZ\nINaNkxtZ2sNGOuo/uHyF8MzeFatHl6GdDZM9iuO/hhYREmPRaEFJgeBuNFqyuFUd\n1mDjZOBpns7Ct6r4ZO/WWuLyTbhC1Cs7G7N/fLMnZOx+y70wC4WMFjR4MOEIs2YJ\nwP69XgABH5CHpPrMsj7xwHxNVYzVHp31zBLF7I7CCPq0oWa7uxVQ6iDLkBWryavm\n/VlicAu5zCIj3rKSiNVIK6dzv06mCC6uI8mqAzLIZLBn6NT6J1FYqEAuzB0kqLxB\nMXGvevHSQud8KaV0bg447l/VGtzcvT8odJ2gBAKQICPr/dNWrtu21d1dP8fQFZCW\n+B+RRnB5l2gw3/mAkMrr/UjwBPoN3r24s7sgw62OOATUhFNK2P59N3TUX5uYbiwu\nlteM1FhPZ6pvP6apVBMpDTdJNsJLqDw28KYrw4q9vEeH7eMv8v6rRm3oSsz8KZG3\nWN4HinNu5skV1KBRO2GCGqi8YgrH3291hBGkzwaN2dOHm35SujUYOyQSKbEvdHQ5\njt6+/2963d3BAAABAQCz4a+TMt+5cnGPnhIx0TFc5kXxpp5Mg0mnBO0/MPLmF3Xb\n0FOpJxeHjS35tkORN/JTZc0BxihGjlypRrUk2uDFWYFhaWDgERYCy8pk0hBmLM0h\nwWYePwzPj3iPzT4VXU9cYncMnEpxgotb2OvrJoyGXyw6AvhVxAwRVcki26g9lAKs\n+md9yyD23wLEXxzIHq0KkcY4OuVoZEQrowB0wm8Wy/EdQSJbgTaf1drrmsJLT3OC\n02DhqwWU0QXJKa8mkYp5qe9utsEDfW9HZzkIH3U1+PZfgyd9ZG4AMJUXrqqe1AlR\nVzwU5+mntqVBDXWn0x8+3m33l8klHYCa9v8WLcyKAAABAQDFY+6fswVeC/ptPSjN\n4xo2QEv3o5rwWuQXXwbELplNICnCB3BwOJ3Vsc+0jLJVWgLS3j3pyDO7jtO1tv0P\n9IA3clZjtP7uYyzouYfJ0Xx+J5qLjw33s9ihAYeMz0+XKMl0P4CbhWN5dmg74ZVP\nJIQXgC4rxuP36yl2zHgQcaHF6yxgbY7Vs/nib4s/7fwImpRnUR/ftrcsZ1aPhclZ\n38CFAEB8AyYfSzKRJxWNP98/KNHjUre06Zal2+FHfNH/ESgHLxWLPDZF0ygRRra2\n5V2sltjWJhgTIwYoNVEIUqSDqdUM2R9OvCbWTrnq5OdudWAS/K+l2FbMFZAbxpnC\nOQn7AAABAQDrqX2lGmE6NMg24q6utK+ofu/Y1jhGl8+IAtTBZl0iPPOL5NoEvMAB\nue5nH7vake9sN5SO167PvW03ULNTlOhhkLTa8lWEHrG8NtwyenKmkeENubEVfYbK\nGyQH5+Zb9l1HpXJgnaqFGp2muzX4WP0ecbxt6yKYV78JEYHqrI29VyRs3xD5dt4q\nLA5Vg+k2Qs/7e0nTkHbnHCiR/xp1tym7QKe4rB4Ah5vgbbe1eiiIfB9SX3jKBAqE\nbxNCs64hd7NMB4/6YmVlAr4bUi2z20W8gf2i2KoliGT2gkcWCrmHok3c+EF4QXXQ\nm2Id6IVeN3qN9FFd0C5GTiUauepk5x9hAAAAAAEC\n-----END OPENSSH PRIVATE KEY-----\n",
            "private_key_pem": "-----BEGIN RSA PRIVATE KEY-----\nMIIJKQIBAAKCAgEAtbVr5joHATMPmnwhBWnnrc3RYlei4xR2cWy06ZEcr1P6jo60\nLmO6KznbGxKf3ExbXnGHWxe5mrTZq9V1v+ckQFGoXjBrImkn2sa0X9JKzgy/lLyT\nrX3FWKUIXqjmbd8ghqJJty13s/LCdnrBuErsyhQ24JPaN/nFsBt83ahWWSTMQ/9l\nqHyUK1Oup3RHIThX21k1iBAhLOMjOZYz0Sr7rgrcrRXxntRgpNZpvX7pxpEgvrf4\ne5w7u+tXgmghZiaVBsOM8FAgXU3RRfmp/twgrqtPPkAWSA7LUbE3ehmJm4LdaTOB\n+VMnl/0Rt9uBtOATVz0tnR/QrktfhJeCpPHo/EziJxVLG5Z3SPmpsUYt7SYtkUIh\nETC4XJLfbJtuNf4geiuIjukG6NplA7Pjfeg4n1HRn1qIfAPD2mT83kCa7SiRZs/S\nEbMmOe1BavJWX4IN5q+EIsBMkYmAdm4x6vVN9x2xBBUbRYx+Nb9WmMLntcjavJ2m\nVwaWTMGdLWTaS9nC8x+uBzV1tnUVjMtzfHeRnYLyiS6jercKebr5RtmW1qogcnIO\nXe14Y9zdgaj/khzppKd+8bNgpY4glR4PbLXLr1V1Orfwi+VGG8L+a/llk/juANVV\n4AJnK7xoD0I40WNEG7REcO1PUBs+7tncHllrr95TX/PBKB3gRwbqk41PLRsCAwEA\nAQKCAgABfSgSLd2K0/lHwcaffbupP+t8S82I4M0LpuFgnJDImv6NlnvBeY239vRl\np2Rp8LI69uEuDOa3bs3ty4T4epNgd4rSosDt+kCaWVB3DIkSYSZcuKLZJBOu40NL\nS0UAF3jzwXarKpM1hUK0p9LYiLyh90Jv2qZKGSDWjZMbWdrDRjrqP7h8hfDM3hWr\nR5ehnQ2TPYrjv4YWERJj0WhBSYHgbjRasrhVHdZg42TgaZ7Owreq+GTv1lri8k24\nQtQrOxuzf3yzJ2Tsfsu9MAuFjBY0eDDhCLNmCcD+vV4AAR+Qh6T6zLI+8cB8TVWM\n1R6d9cwSxeyOwgj6tKFmu7sVUOogy5AVq8mr5v1ZYnALucwiI96ykojVSCunc79O\npgguriPJqgMyyGSwZ+jU+idRWKhALswdJKi8QTFxr3rx0kLnfCmldG4OOO5f1Rrc\n3L0/KHSdoAQCkCAj6/3TVq7bttXdXT/H0BWQlvgfkUZweZdoMN/5gJDK6/1I8AT6\nDd69uLO7IMOtjjgE1IRTStj+fTd01F+bmG4sLpbXjNRYT2eqbz+mqVQTKQ03STbC\nS6g8NvCmK8OKvbxHh+3jL/L+q0Zt6ErM/CmRt1jeB4pzbubJFdSgUTthghqovGIK\nx99vdYQRpM8GjdnTh5t+Uro1GDskEimxL3R0OY7evv9vet3dwQKCAQEAxWPun7MF\nXgv6bT0ozeMaNkBL96Oa8FrkF18GxC6ZTSApwgdwcDid1bHPtIyyVVoC0t496cgz\nu47Ttbb9D/SAN3JWY7T+7mMs6LmHydF8fieai48N97PYoQGHjM9PlyjJdD+Am4Vj\neXZoO+GVTySEF4AuK8bj9+spdsx4EHGhxessYG2O1bP54m+LP+38CJqUZ1Ef37a3\nLGdWj4XJWd/AhQBAfAMmH0sykScVjT/fPyjR41K3tOmWpdvhR3zR/xEoBy8Vizw2\nRdMoEUa2tuVdrJbY1iYYEyMGKDVRCFKkg6nVDNkfTrwm1k656uTnbnVgEvyvpdhW\nzBWQG8aZwjkJ+wKCAQEA66l9pRphOjTINuKurrSvqH7v2NY4RpfPiALUwWZdIjzz\ni+TaBLzAAbnuZx+72pHvbDeUjteuz71tN1CzU5ToYZC02vJVhB6xvDbcMnpyppHh\nDbmxFX2GyhskB+fmW/ZdR6VyYJ2qhRqdprs1+Fj9HnG8besimFe/CRGB6qyNvVck\nbN8Q+XbeKiwOVYPpNkLP+3tJ05B25xwokf8adbcpu0CnuKweAIeb4G23tXooiHwf\nUl94ygQKhG8TQrOuIXezTAeP+mJlZQK+G1Its9tFvIH9otiqJYhk9oJHFgq5h6JN\n3PhBeEF10JtiHeiFXjd6jfRRXdAuRk4lGrnqZOcfYQKCAQAcRpBsOAzQyA57j4NE\n2v9qPhOjyb/sJlj+MBKcD8DOF4ljzgUBTlrtvabvSihRqa813bgowREIERGquifO\nHUwwpSRS7B6Ir5RDUjBtbKDUwX+V9kwd65lglwN/3EKeeK1DBcW6gYUaZSfRTCND\nTwvNAgObKcaGQR2Tcv7P/DccTu/wcEFBw6JMGYZtBf5QjTQtCKX0OgxLRBJWROfv\nA+pkIwEZwqm3WeJIgLzJmxizx3kpgzPlqoB2CeVfhDXgv+hn/wqrA1kS74iR0Ptj\nf7/HdWRiaNqSAzZilCCjfJMseSuXx5KAiNtXX7eqOlgcrpuwnJncu/zTB1O5Zt2n\nwNv5AoIBAQDrlijRIKoJ8jIlDD/szxy7qQpFDwJ7L9B7+7iNDrQUQjKGq2V4Tujz\n0NgPp524RyO+X2HX2q4bZxcDsV1UNQyKXIswRgpPZg/wRDelDtwGwNbnTbdF8JML\nAE7oyF91l7hwo2jQRU3uekkYIRc3Cl8gTDs+901CVpXXjvT9kTqxCaiUXfsuKDK4\nngpGWvSNFgWtNfb71PPI3lGAgjIFc/H4DA6fgxELHoYpugVpGpHiv5LgWij6a0fI\nVPJAQDfXpT5Mx1Kb0Dnk3PUHgwPFRXNVm+3fGhIeK1gjRuGhm18VxJ9qQ5PPkEEj\nJfLUS1rocTXHK3McAb4A8qYNLcaw0IyBAoIBAQCz4a+TMt+5cnGPnhIx0TFc5kXx\npp5Mg0mnBO0/MPLmF3Xb0FOpJxeHjS35tkORN/JTZc0BxihGjlypRrUk2uDFWYFh\naWDgERYCy8pk0hBmLM0hwWYePwzPj3iPzT4VXU9cYncMnEpxgotb2OvrJoyGXyw6\nAvhVxAwRVcki26g9lAKs+md9yyD23wLEXxzIHq0KkcY4OuVoZEQrowB0wm8Wy/Ed\nQSJbgTaf1drrmsJLT3OC02DhqwWU0QXJKa8mkYp5qe9utsEDfW9HZzkIH3U1+PZf\ngyd9ZG4AMJUXrqqe1AlRVzwU5+mntqVBDXWn0x8+3m33l8klHYCa9v8WLcyK\n-----END RSA PRIVATE KEY-----\n",
            "private_key_pem_pkcs8": "-----BEGIN PRIVATE KEY-----\nMIIJQwIBADANBgkqhkiG9w0BAQEFAASCCS0wggkpAgEAAoICAQC1tWvmOgcBMw+a\nfCEFaeetzdFiV6LjFHZxbLTpkRyvU/qOjrQuY7orOdsbEp/cTFtecYdbF7matNmr\n1XW/5yRAUaheMGsiaSfaxrRf0krODL+UvJOtfcVYpQheqOZt3yCGokm3LXez8sJ2\nesG4SuzKFDbgk9o3+cWwG3zdqFZZJMxD/2WofJQrU66ndEchOFfbWTWIECEs4yM5\nljPRKvuuCtytFfGe1GCk1mm9funGkSC+t/h7nDu761eCaCFmJpUGw4zwUCBdTdFF\n+an+3CCuq08+QBZIDstRsTd6GYmbgt1pM4H5UyeX/RG324G04BNXPS2dH9CuS1+E\nl4Kk8ej8TOInFUsblndI+amxRi3tJi2RQiERMLhckt9sm241/iB6K4iO6Qbo2mUD\ns+N96DifUdGfWoh8A8PaZPzeQJrtKJFmz9IRsyY57UFq8lZfgg3mr4QiwEyRiYB2\nbjHq9U33HbEEFRtFjH41v1aYwue1yNq8naZXBpZMwZ0tZNpL2cLzH64HNXW2dRWM\ny3N8d5GdgvKJLqN6twp5uvlG2ZbWqiBycg5d7Xhj3N2BqP+SHOmkp37xs2CljiCV\nHg9stcuvVXU6t/CL5UYbwv5r+WWT+O4A1VXgAmcrvGgPQjjRY0QbtERw7U9QGz7u\n2dweWWuv3lNf88EoHeBHBuqTjU8tGwIDAQABAoICAAF9KBIt3YrT+UfBxp99u6k/\n63xLzYjgzQum4WCckMia/o2We8F5jbf29GWnZGnwsjr24S4M5rduze3LhPh6k2B3\nitKiwO36QJpZUHcMiRJhJly4otkkE67jQ0tLRQAXePPBdqsqkzWFQrSn0tiIvKH3\nQm/apkoZINaNkxtZ2sNGOuo/uHyF8MzeFatHl6GdDZM9iuO/hhYREmPRaEFJgeBu\nNFqyuFUd1mDjZOBpns7Ct6r4ZO/WWuLyTbhC1Cs7G7N/fLMnZOx+y70wC4WMFjR4\nMOEIs2YJwP69XgABH5CHpPrMsj7xwHxNVYzVHp31zBLF7I7CCPq0oWa7uxVQ6iDL\nkBWryavm/VlicAu5zCIj3rKSiNVIK6dzv06mCC6uI8mqAzLIZLBn6NT6J1FYqEAu\nzB0kqLxBMXGvevHSQud8KaV0bg447l/VGtzcvT8odJ2gBAKQICPr/dNWrtu21d1d\nP8fQFZCW+B+RRnB5l2gw3/mAkMrr/UjwBPoN3r24s7sgw62OOATUhFNK2P59N3TU\nX5uYbiwulteM1FhPZ6pvP6apVBMpDTdJNsJLqDw28KYrw4q9vEeH7eMv8v6rRm3o\nSsz8KZG3WN4HinNu5skV1KBRO2GCGqi8YgrH3291hBGkzwaN2dOHm35SujUYOyQS\nKbEvdHQ5jt6+/2963d3BAoIBAQDFY+6fswVeC/ptPSjN4xo2QEv3o5rwWuQXXwbE\nLplNICnCB3BwOJ3Vsc+0jLJVWgLS3j3pyDO7jtO1tv0P9IA3clZjtP7uYyzouYfJ\n0Xx+J5qLjw33s9ihAYeMz0+XKMl0P4CbhWN5dmg74ZVPJIQXgC4rxuP36yl2zHgQ\ncaHF6yxgbY7Vs/nib4s/7fwImpRnUR/ftrcsZ1aPhclZ38CFAEB8AyYfSzKRJxWN\nP98/KNHjUre06Zal2+FHfNH/ESgHLxWLPDZF0ygRRra25V2sltjWJhgTIwYoNVEI\nUqSDqdUM2R9OvCbWTrnq5OdudWAS/K+l2FbMFZAbxpnCOQn7AoIBAQDrqX2lGmE6\nNMg24q6utK+ofu/Y1jhGl8+IAtTBZl0iPPOL5NoEvMABue5nH7vake9sN5SO167P\nvW03ULNTlOhhkLTa8lWEHrG8NtwyenKmkeENubEVfYbKGyQH5+Zb9l1HpXJgnaqF\nGp2muzX4WP0ecbxt6yKYV78JEYHqrI29VyRs3xD5dt4qLA5Vg+k2Qs/7e0nTkHbn\nHCiR/xp1tym7QKe4rB4Ah5vgbbe1eiiIfB9SX3jKBAqEbxNCs64hd7NMB4/6YmVl\nAr4bUi2z20W8gf2i2KoliGT2gkcWCrmHok3c+EF4QXXQm2Id6IVeN3qN9FFd0C5G\nTiUauepk5x9hAoIBABxGkGw4DNDIDnuPg0Ta/2o+E6PJv+wmWP4wEpwPwM4XiWPO\nBQFOWu29pu9KKFGprzXduCjBEQgREaq6J84dTDClJFLsHoivlENSMG1soNTBf5X2\nTB3rmWCXA3/cQp54rUMFxbqBhRplJ9FMI0NPC80CA5spxoZBHZNy/s/8NxxO7/Bw\nQUHDokwZhm0F/lCNNC0IpfQ6DEtEElZE5+8D6mQjARnCqbdZ4kiAvMmbGLPHeSmD\nM+WqgHYJ5V+ENeC/6Gf/CqsDWRLviJHQ+2N/v8d1ZGJo2pIDNmKUIKN8kyx5K5fH\nkoCI21dft6o6WByum7Ccmdy7/NMHU7lm3afA2/kCggEBAOuWKNEgqgnyMiUMP+zP\nHLupCkUPAnsv0Hv7uI0OtBRCMoarZXhO6PPQ2A+nnbhHI75fYdfarhtnFwOxXVQ1\nDIpcizBGCk9mD/BEN6UO3AbA1udNt0XwkwsATujIX3WXuHCjaNBFTe56SRghFzcK\nXyBMOz73TUJWldeO9P2ROrEJqJRd+y4oMrieCkZa9I0WBa019vvU88jeUYCCMgVz\n8fgMDp+DEQsehim6BWkakeK/kuBaKPprR8hU8kBAN9elPkzHUpvQOeTc9QeDA8VF\nc1Wb7d8aEh4rWCNG4aGbXxXEn2pDk8+QQSMl8tRLWuhxNccrcxwBvgDypg0txrDQ\njIECggEBALPhr5My37lycY+eEjHRMVzmRfGmnkyDSacE7T8w8uYXddvQU6knF4eN\nLfm2Q5E38lNlzQHGKEaOXKlGtSTa4MVZgWFpYOARFgLLymTSEGYszSHBZh4/DM+P\neI/NPhVdT1xidwycSnGCi1vY6+smjIZfLDoC+FXEDBFVySLbqD2UAqz6Z33LIPbf\nAsRfHMgerQqRxjg65WhkRCujAHTCbxbL8R1BIluBNp/V2uuawktPc4LTYOGrBZTR\nBckpryaRinmp7262wQN9b0dnOQgfdTX49l+DJ31kbgAwlReuqp7UCVFXPBTn6ae2\npUENdafTHz7ebfeXySUdgJr2/xYtzIo=\n-----END PRIVATE KEY-----\n",
            "public_key_fingerprint_md5": "cd:56:2e:81:15:ab:15:78:41:a1:27:6d:bb:e8:59:eb",
            "public_key_fingerprint_sha256": "SHA256:yg0V6yZW81nUQc7gWefoSjgYqwNp2w0uzsgeYfvRzHI",
            "public_key_openssh": "ssh-rsa AAAAB3NzaC1yc2EAAAADAQABAAACAQC1tWvmOgcBMw+afCEFaeetzdFiV6LjFHZxbLTpkRyvU/qOjrQuY7orOdsbEp/cTFtecYdbF7matNmr1XW/5yRAUaheMGsiaSfaxrRf0krODL+UvJOtfcVYpQheqOZt3yCGokm3LXez8sJ2esG4SuzKFDbgk9o3+cWwG3zdqFZZJMxD/2WofJQrU66ndEchOFfbWTWIECEs4yM5ljPRKvuuCtytFfGe1GCk1mm9funGkSC+t/h7nDu761eCaCFmJpUGw4zwUCBdTdFF+an+3CCuq08+QBZIDstRsTd6GYmbgt1pM4H5UyeX/RG324G04BNXPS2dH9CuS1+El4Kk8ej8TOInFUsblndI+amxRi3tJi2RQiERMLhckt9sm241/iB6K4iO6Qbo2mUDs+N96DifUdGfWoh8A8PaZPzeQJrtKJFmz9IRsyY57UFq8lZfgg3mr4QiwEyRiYB2bjHq9U33HbEEFRtFjH41v1aYwue1yNq8naZXBpZMwZ0tZNpL2cLzH64HNXW2dRWMy3N8d5GdgvKJLqN6twp5uvlG2ZbWqiBycg5d7Xhj3N2BqP+SHOmkp37xs2CljiCVHg9stcuvVXU6t/CL5UYbwv5r+WWT+O4A1VXgAmcrvGgPQjjRY0QbtERw7U9QGz7u2dweWWuv3lNf88EoHeBHBuqTjU8tGw==\n",
            "public_key_pem": "-----BEGIN PUBLIC KEY-----\nMIICIjANBgkqhkiG9w0BAQEFAAOCAg8AMIICCgKCAgEAtbVr5joHATMPmnwhBWnn\nrc3RYlei4xR2cWy06ZEcr1P6jo60LmO6KznbGxKf3ExbXnGHWxe5mrTZq9V1v+ck\nQFGoXjBrImkn2sa0X9JKzgy/lLyTrX3FWKUIXqjmbd8ghqJJty13s/LCdnrBuErs\nyhQ24JPaN/nFsBt83ahWWSTMQ/9lqHyUK1Oup3RHIThX21k1iBAhLOMjOZYz0Sr7\nrgrcrRXxntRgpNZpvX7pxpEgvrf4e5w7u+tXgmghZiaVBsOM8FAgXU3RRfmp/twg\nrqtPPkAWSA7LUbE3ehmJm4LdaTOB+VMnl/0Rt9uBtOATVz0tnR/QrktfhJeCpPHo\n/EziJxVLG5Z3SPmpsUYt7SYtkUIhETC4XJLfbJtuNf4geiuIjukG6NplA7Pjfeg4\nn1HRn1qIfAPD2mT83kCa7SiRZs/SEbMmOe1BavJWX4IN5q+EIsBMkYmAdm4x6vVN\n9x2xBBUbRYx+Nb9WmMLntcjavJ2mVwaWTMGdLWTaS9nC8x+uBzV1tnUVjMtzfHeR\nnYLyiS6jercKebr5RtmW1qogcnIOXe14Y9zdgaj/khzppKd+8bNgpY4glR4PbLXL\nr1V1Orfwi+VGG8L+a/llk/juANVV4AJnK7xoD0I40WNEG7REcO1PUBs+7tncHllr\nr95TX/PBKB3gRwbqk41PLRsCAwEAAQ==\n-----END PUBLIC KEY-----\n",
            "rsa_bits": 4096
          },
          "sensitive_attributes": [
            [
              {
                "type": "get_attr",
                "value": "private_key_openssh"
              }
            ],
            [
              {
                "type": "get_attr",
                "value": "private_key_pem"
              }
            ],
            [
              {
                "type": "get_attr",
                "value": "private_key_pem_pkcs8"
              }
            ]
          ],
          "identity_schema_version": 0
        }
      ]
    }
  ],
  "check_results": null
}
