{
  "version": 4,
  "terraform_version": "1.14.8",
  "serial": 117,
  "lineage": "e231af3f-705a-b85a-2e27-7c23436bb104",
  "outputs": {
    "public_ip_address": {
      "value": "20.74.83.218",
      "type": "string"
    },
    "ssh_command": {
      "value": "ssh -i {path.module}/id_rsa_ca2 azureuser@20.74.83.218",
      "type": "string"
    }
  },
  "resources": [
    {
      "mode": "managed",
      "type": "azurerm_linux_virtual_machine",
      "name": "vm",
      "provider": "provider[\"registry.terraform.io/hashicorp/azurerm\"]",
      "instances": [
        {
          "schema_version": 0,
          "attributes": {
            "additional_capabilities": [],
            "admin_password": null,
            "admin_ssh_key": [
              {
                "public_key": "ssh-rsa AAAAB3NzaC1yc2EAAAADAQABAAACAQDjnxL2wVTAZaS7VcaAJI/7iPaeKc6wqNrUmV0zJfgg5VI4wOd4Qt/0WzrVxWKPs2x2rIhyZkH9mWB8X61nYk57lIsQGsFHeGaapyh+rRF0L3l313oUP6pcQ4DepzaQbDEjp0Ms1p05b3EbgXUxoRgGnFPpyJz0DbhUvyODzAeylWUkpVmSbxPS/rhGwiv9XmZ7mTaXdT65sZCBabQfbk8TKiU5hbwZ8HrAC7WcSkcj4ecCZiX6XVArTZ7RI8hCw5csOD/UZ/SyrGnwVx0VfcsuPyQ55gNL3dI0qlODoC39fbsi5kXq2sXLFcst9X4gxYmKLtMkj9z0Mw32qohZrN71zvREK4bQzcLyAlN6zzHh5GiB2YhYFpzRo1qKcpDKGP9bLEzzSnwX0tY77189poUN9tTIzBvinVUfDSi5MKyHdLHjgEcZD2T4mInphZS/uujRJx9DAvvvJSnaHTrWk7/K0xpj9JVR4RNIfUaS6rFZWwmQl30nNy+gQBpXBKVewZksp96u6g6nIzeSKDPlj8wIqNNrbYjtw2WByZNfUKGYdgRaxxs8uuWqCrBB5+BrXuRwREsbWk5y8tltl5Rroe/G4lhG64Gujl+SCgktUuV/tzc5xSiydJVOYHpVghgL/q0tq7XRE3X6pbXIOEWqkcLOxuSWG67GGTuSgZQMAKZjhQ==\n",
                "username": "azureuser"
              }
            ],
            "admin_username": "azureuser",
            "allow_extension_operations": true,
            "availability_set_id": "",
            "boot_diagnostics": [],
            "bypass_platform_safety_checks_on_user_schedule_enabled": false,
            "capacity_reservation_group_id": "",
            "computer_name": "ca2-vm",
            "custom_data": null,
            "dedicated_host_group_id": "",
            "dedicated_host_id": "",
            "disable_password_authentication": true,
            "disk_controller_type": "SCSI",
            "edge_zone": "",
            "encryption_at_host_enabled": false,
            "eviction_policy": "",
            "extensions_time_budget": "PT1H30M",
            "gallery_application": [],
            "id": "/subscriptions/6df1ad01-3d74-4fdd-b3a6-7e1b64e04317/resourceGroups/CA-2/providers/Microsoft.Compute/virtualMachines/ca2-vm",
            "identity": [],
            "license_type": "",
            "location": "francecentral",
            "max_bid_price": -1,
            "name": "ca2-vm",
            "network_interface_ids": [
              "/subscriptions/6df1ad01-3d74-4fdd-b3a6-7e1b64e04317/resourceGroups/CA-2/providers/Microsoft.Network/networkInterfaces/ca2-nic"
            ],
            "os_disk": [
              {
                "caching": "ReadWrite",
                "diff_disk_settings": [],
                "disk_encryption_set_id": "",
                "disk_size_gb": 30,
                "name": "ca2-vm_OsDisk_1_c8c46edfd14a4c88b824c0614ad83c94",
                "secure_vm_disk_encryption_set_id": "",
                "security_encryption_type": "",
                "storage_account_type": "Standard_LRS",
                "write_accelerator_enabled": false
              }
            ],
            "os_image_notification": [],
            "patch_assessment_mode": "ImageDefault",
            "patch_mode": "ImageDefault",
            "plan": [],
            "platform_fault_domain": -1,
            "priority": "Regular",
            "private_ip_address": "10.0.1.4",
            "private_ip_addresses": [
              "10.0.1.4"
            ],
            "provision_vm_agent": true,
            "proximity_placement_group_id": "",
            "public_ip_address": "20.74.83.218",
            "public_ip_addresses": [
              "20.74.83.218"
            ],
            "reboot_setting": "",
            "resource_group_name": "CA-2",
            "secret": [],
            "secure_boot_enabled": false,
            "size": "Standard_B2ats_v2",
            "source_image_id": "",
            "source_image_reference": [
              {
                "offer": "ubuntu-24_04-lts",
                "publisher": "Canonical",
                "sku": "server",
                "version": "latest"
              }
            ],
            "tags": {},
            "termination_notification": [],
            "timeouts": null,
            "user_data": "",
            "virtual_machine_id": "c301d272-c6e1-42b1-86ae-ebd2d8615366",
            "virtual_machine_scale_set_id": "",
            "vm_agent_platform_updates_enabled": false,
            "vtpm_enabled": false,
            "zone": "3"
          },
          "sensitive_attributes": [
            [
              {
                "type": "get_attr",
                "value": "admin_password"
              }
            ],
            [
              {
                "type": "get_attr",
                "value": "custom_data"
              }
            ]
          ],
          "identity_schema_version": 0,
          "private": "eyJlMmJmYjczMC1lY2FhLTExZTYtOGY4OC0zNDM2M2JjN2M0YzAiOnsiY3JlYXRlIjoyNzAwMDAwMDAwMDAwLCJkZWxldGUiOjI3MDAwMDAwMDAwMDAsInJlYWQiOjMwMDAwMDAwMDAwMCwidXBkYXRlIjoyNzAwMDAwMDAwMDAwfX0=",
          "dependencies": [
            "azurerm_network_interface.nic",
            "azurerm_public_ip.pip",
            "azurerm_resource_group.ca2",
            "azurerm_subnet.subnet",
            "azurerm_virtual_network.vnet",
            "tls_private_key.vm_ssh_key"
          ]
        }
      ]
    },
    {
      "mode": "managed",
      "type": "azurerm_network_interface",
      "name": "nic",
      "provider": "provider[\"registry.terraform.io/hashicorp/azurerm\"]",
      "instances": [
        {
          "schema_version": 0,
          "attributes": {
            "accelerated_networking_enabled": false,
            "applied_dns_servers": [],
            "auxiliary_mode": "",
            "auxiliary_sku": "",
            "dns_servers": [],
            "edge_zone": "",
            "enable_accelerated_networking": false,
            "enable_ip_forwarding": false,
            "id": "/subscriptions/6df1ad01-3d74-4fdd-b3a6-7e1b64e04317/resourceGroups/CA-2/providers/Microsoft.Network/networkInterfaces/ca2-nic",
            "internal_dns_name_label": "",
            "internal_domain_name_suffix": "0fg2ncagmpaedoddmq2uns1zfc.parx.internal.cloudapp.net",
            "ip_configuration": [
              {
                "gateway_load_balancer_frontend_ip_configuration_id": "",
                "name": "internal",
                "primary": true,
                "private_ip_address": "10.0.1.4",
                "private_ip_address_allocation": "Dynamic",
                "private_ip_address_version": "IPv4",
                "public_ip_address_id": "/subscriptions/6df1ad01-3d74-4fdd-b3a6-7e1b64e04317/resourceGroups/CA-2/providers/Microsoft.Network/publicIPAddresses/ca2-pip",
                "subnet_id": "/subscriptions/6df1ad01-3d74-4fdd-b3a6-7e1b64e04317/resourceGroups/CA-2/providers/Microsoft.Network/virtualNetworks/ca2-vnet/subnets/ca2-subnet"
              }
            ],
            "ip_forwarding_enabled": false,
            "location": "francecentral",
            "mac_address": "70-A8-A5-4F-9A-B3",
            "name": "ca2-nic",
            "private_ip_address": "10.0.1.4",
            "private_ip_addresses": [
              "10.0.1.4"
            ],
            "resource_group_name": "CA-2",
            "tags": {},
            "timeouts": null,
            "virtual_machine_id": "/subscriptions/6df1ad01-3d74-4fdd-b3a6-7e1b64e04317/resourceGroups/CA-2/providers/Microsoft.Compute/virtualMachines/ca2-vm"
          },
          "sensitive_attributes": [],
          "identity_schema_version": 0,
          "private": "eyJlMmJmYjczMC1lY2FhLTExZTYtOGY4OC0zNDM2M2JjN2M0YzAiOnsiY3JlYXRlIjoxODAwMDAwMDAwMDAwLCJkZWxldGUiOjE4MDAwMDAwMDAwMDAsInJlYWQiOjMwMDAwMDAwMDAwMCwidXBkYXRlIjoxODAwMDAwMDAwMDAwfX0=",
          "dependencies": [
            "azurerm_public_ip.pip",
            "azurerm_resource_group.ca2",
            "azurerm_subnet.subnet",
            "azurerm_virtual_network.vnet"
          ]
        }
      ]
    },
    {
      "mode": "managed",
      "type": "azurerm_network_interface_security_group_association",
      "name": "nic_nsg",
      "provider": "provider[\"registry.terraform.io/hashicorp/azurerm\"]",
      "instances": [
        {
          "schema_version": 0,
          "attributes": {
            "id": "/subscriptions/6df1ad01-3d74-4fdd-b3a6-7e1b64e04317/resourceGroups/CA-2/providers/Microsoft.Network/networkInterfaces/ca2-nic|/subscriptions/6df1ad01-3d74-4fdd-b3a6-7e1b64e04317/resourceGroups/CA-2/providers/Microsoft.Network/networkSecurityGroups/ca2-nsg",
            "network_interface_id": "/subscriptions/6df1ad01-3d74-4fdd-b3a6-7e1b64e04317/resourceGroups/CA-2/providers/Microsoft.Network/networkInterfaces/ca2-nic",
            "network_security_group_id": "/subscriptions/6df1ad01-3d74-4fdd-b3a6-7e1b64e04317/resourceGroups/CA-2/providers/Microsoft.Network/networkSecurityGroups/ca2-nsg",
            "timeouts": null
          },
          "sensitive_attributes": [],
          "identity_schema_version": 0,
          "private": "eyJlMmJmYjczMC1lY2FhLTExZTYtOGY4OC0zNDM2M2JjN2M0YzAiOnsiY3JlYXRlIjoxODAwMDAwMDAwMDAwLCJkZWxldGUiOjE4MDAwMDAwMDAwMDAsInJlYWQiOjMwMDAwMDAwMDAwMH19",
          "dependencies": [
            "azurerm_network_interface.nic",
            "azurerm_network_security_group.nsg",
            "azurerm_public_ip.pip",
            "azurerm_resource_group.ca2",
            "azurerm_subnet.subnet",
            "azurerm_virtual_network.vnet"
          ]
        }
      ]
    },
    {
      "mode": "managed",
      "type": "azurerm_network_security_group",
      "name": "nsg",
      "provider": "provider[\"registry.terraform.io/hashicorp/azurerm\"]",
      "instances": [
        {
          "schema_version": 0,
          "attributes": {
            "id": "/subscriptions/6df1ad01-3d74-4fdd-b3a6-7e1b64e04317/resourceGroups/CA-2/providers/Microsoft.Network/networkSecurityGroups/ca2-nsg",
            "location": "francecentral",
            "name": "ca2-nsg",
            "resource_group_name": "CA-2",
            "security_rule": [
              {
                "access": "Allow",
                "description": "",
                "destination_address_prefix": "*",
                "destination_address_prefixes": [],
                "destination_application_security_group_ids": [],
                "destination_port_range": "3000",
                "destination_port_ranges": [],
                "direction": "Inbound",
                "name": "allow-3000",
                "priority": 101,
                "protocol": "Tcp",
                "source_address_prefix": "95.44.98.27",
                "source_address_prefixes": [],
                "source_application_security_group_ids": [],
                "source_port_range": "*",
                "source_port_ranges": []
              },
              {
                "access": "Allow",
                "description": "",
                "destination_address_prefix": "*",
                "destination_address_prefixes": [],
                "destination_application_security_group_ids": [],
                "destination_port_range": "3001",
                "destination_port_ranges": [],
                "direction": "Inbound",
                "name": "allow-3001",
                "priority": 102,
                "protocol": "Tcp",
                "source_address_prefix": "95.44.98.27",
                "source_address_prefixes": [],
                "source_application_security_group_ids": [],
                "source_port_range": "*",
                "source_port_ranges": []
              },
              {
                "access": "Allow",
                "description": null,
                "destination_address_prefix": "*",
                "destination_address_prefixes": [],
                "destination_application_security_group_ids": [],
                "destination_port_range": "22",
                "destination_port_ranges": [],
                "direction": "Inbound",
                "name": "allow-ssh",
                "priority": 100,
                "protocol": "Tcp",
                "source_address_prefix": "95.44.98.27",
                "source_address_prefixes": [],
                "source_application_security_group_ids": [],
                "source_port_range": "*",
                "source_port_ranges": []
              }
            ],
            "tags": {},
            "timeouts": null
          },
          "sensitive_attributes": [],
          "identity_schema_version": 0,
          "private": "eyJlMmJmYjczMC1lY2FhLTExZTYtOGY4OC0zNDM2M2JjN2M0YzAiOnsiY3JlYXRlIjoxODAwMDAwMDAwMDAwLCJkZWxldGUiOjE4MDAwMDAwMDAwMDAsInJlYWQiOjMwMDAwMDAwMDAwMCwidXBkYXRlIjoxODAwMDAwMDAwMDAwfX0=",
          "dependencies": [
            "azurerm_resource_group.ca2"
          ]
        }
      ]
    },
    {
      "mode": "managed",
      "type": "azurerm_public_ip",
      "name": "pip",
      "provider": "provider[\"registry.terraform.io/hashicorp/azurerm\"]",
      "instances": [
        {
          "schema_version": 0,
          "attributes": {
            "allocation_method": "Static",
            "ddos_protection_mode": "VirtualNetworkInherited",
            "ddos_protection_plan_id": null,
            "domain_name_label": null,
            "edge_zone": "",
            "fqdn": null,
            "id": "/subscriptions/6df1ad01-3d74-4fdd-b3a6-7e1b64e04317/resourceGroups/CA-2/providers/Microsoft.Network/publicIPAddresses/ca2-pip",
            "idle_timeout_in_minutes": 4,
            "ip_address": "20.74.83.218",
            "ip_tags": {},
            "ip_version": "IPv4",
            "location": "francecentral",
            "name": "ca2-pip",
            "public_ip_prefix_id": null,
            "resource_group_name": "CA-2",
            "reverse_fqdn": null,
            "sku": "Standard",
            "sku_tier": "Regional",
            "tags": {},
            "timeouts": null,
            "zones": [
              "3"
            ]
          },
          "sensitive_attributes": [],
          "identity_schema_version": 0,
          "private": "eyJlMmJmYjczMC1lY2FhLTExZTYtOGY4OC0zNDM2M2JjN2M0YzAiOnsiY3JlYXRlIjoxODAwMDAwMDAwMDAwLCJkZWxldGUiOjE4MDAwMDAwMDAwMDAsInJlYWQiOjMwMDAwMDAwMDAwMCwidXBkYXRlIjoxODAwMDAwMDAwMDAwfX0=",
          "dependencies": [
            "azurerm_resource_group.ca2"
          ]
        }
      ]
    },
    {
      "mode": "managed",
      "type": "azurerm_resource_group",
      "name": "ca2",
      "provider": "provider[\"registry.terraform.io/hashicorp/azurerm\"]",
      "instances": [
        {
          "schema_version": 0,
          "attributes": {
            "id": "/subscriptions/6df1ad01-3d74-4fdd-b3a6-7e1b64e04317/resourceGroups/CA-2",
            "location": "francecentral",
            "managed_by": "",
            "name": "CA-2",
            "tags": {},
            "timeouts": null
          },
          "sensitive_attributes": [],
          "identity_schema_version": 0,
          "private": "eyJlMmJmYjczMC1lY2FhLTExZTYtOGY4OC0zNDM2M2JjN2M0YzAiOnsiY3JlYXRlIjo1NDAwMDAwMDAwMDAwLCJkZWxldGUiOjU0MDAwMDAwMDAwMDAsInJlYWQiOjMwMDAwMDAwMDAwMCwidXBkYXRlIjo1NDAwMDAwMDAwMDAwfX0="
        }
      ]
    },
    {
      "mode": "managed",
      "type": "azurerm_subnet",
      "name": "subnet",
      "provider": "provider[\"registry.terraform.io/hashicorp/azurerm\"]",
      "instances": [
        {
          "schema_version": 0,
          "attributes": {
            "address_prefixes": [
              "10.0.1.0/24"
            ],
            "default_outbound_access_enabled": true,
            "delegation": [],
            "enforce_private_link_endpoint_network_policies": false,
            "enforce_private_link_service_network_policies": false,
            "id": "/subscriptions/6df1ad01-3d74-4fdd-b3a6-7e1b64e04317/resourceGroups/CA-2/providers/Microsoft.Network/virtualNetworks/ca2-vnet/subnets/ca2-subnet",
            "name": "ca2-subnet",
            "private_endpoint_network_policies": "Enabled",
            "private_endpoint_network_policies_enabled": true,
            "private_link_service_network_policies_enabled": true,
            "resource_group_name": "CA-2",
            "service_endpoint_policy_ids": [],
            "service_endpoints": [],
            "timeouts": null,
            "virtual_network_name": "ca2-vnet"
          },
          "sensitive_attributes": [],
          "identity_schema_version": 0,
          "private": "eyJlMmJmYjczMC1lY2FhLTExZTYtOGY4OC0zNDM2M2JjN2M0YzAiOnsiY3JlYXRlIjoxODAwMDAwMDAwMDAwLCJkZWxldGUiOjE4MDAwMDAwMDAwMDAsInJlYWQiOjMwMDAwMDAwMDAwMCwidXBkYXRlIjoxODAwMDAwMDAwMDAwfX0=",
          "dependencies": [
            "azurerm_resource_group.ca2",
            "azurerm_virtual_network.vnet"
          ]
        }
      ]
    },
    {
      "mode": "managed",
      "type": "azurerm_virtual_network",
      "name": "vnet",
      "provider": "provider[\"registry.terraform.io/hashicorp/azurerm\"]",
      "instances": [
        {
          "schema_version": 0,
          "attributes": {
            "address_space": [
              "10.0.0.0/16"
            ],
            "bgp_community": "",
            "ddos_protection_plan": [],
            "dns_servers": [],
            "edge_zone": "",
            "encryption": [],
            "flow_timeout_in_minutes": 0,
            "guid": "88c64dd1-6306-41c0-b863-643946cb792a",
            "id": "/subscriptions/6df1ad01-3d74-4fdd-b3a6-7e1b64e04317/resourceGroups/CA-2/providers/Microsoft.Network/virtualNetworks/ca2-vnet",
            "location": "francecentral",
            "name": "ca2-vnet",
            "resource_group_name": "CA-2",
            "subnet": [
              {
                "address_prefix": "10.0.1.0/24",
                "id": "/subscriptions/6df1ad01-3d74-4fdd-b3a6-7e1b64e04317/resourceGroups/CA-2/providers/Microsoft.Network/virtualNetworks/ca2-vnet/subnets/ca2-subnet",
                "name": "ca2-subnet",
                "security_group": ""
              }
            ],
            "tags": {},
            "timeouts": null
          },
          "sensitive_attributes": [],
          "identity_schema_version": 0,
          "private": "eyJlMmJmYjczMC1lY2FhLTExZTYtOGY4OC0zNDM2M2JjN2M0YzAiOnsiY3JlYXRlIjoxODAwMDAwMDAwMDAwLCJkZWxldGUiOjE4MDAwMDAwMDAwMDAsInJlYWQiOjMwMDAwMDAwMDAwMCwidXBkYXRlIjoxODAwMDAwMDAwMDAwfX0=",
          "dependencies": [
            "azurerm_resource_group.ca2"
          ]
        }
      ]
    },
    {
      "mode": "managed",
      "type": "local_file",
      "name": "ansible_inventory",
      "provider": "provider[\"registry.terraform.io/hashicorp/local\"]",
      "instances": [
        {
          "schema_version": 0,
          "attributes": {
            "content": "[all:vars]\nansible_ssh_common_args='-o StrictHostKeyChecking=no'\nansible_python_interpreter=/usr/bin/python3\nansible_user=azureuser\nansible_ssh_private_key_file=../terraform/id_rsa_ca2\nca2-vm ansible_host=20.74.83.218 \n\n\n[CA2]\nca2-vm ansible_host=20.74.83.218 ",
            "content_base64": null,
            "content_base64sha256": "Whir7UgknVLEOkU91OMJx04IZs1WiMWblus0R5H48rc=",
            "content_base64sha512": "b+LzK7N6NW6zQGcedkWfV/XC2kK+3jS9+kzWT6EN/W4z57819iHTApV0/VhxCiyBYyoxbHyRVbLDg02naEYFUg==",
            "content_md5": "e2493d2352f8dd3064fd2117a98990cd",
            "content_sha1": "8dfe979b17f080a491b87765c29a070da7e77b3b",
            "content_sha256": "5a18abed48249d52c43a453dd4e309c74e0866cd5688c59b96eb344791f8f2b7",
            "content_sha512": "6fe2f32bb37a356eb340671e76459f57f5c2da42bede34bdfa4cd64fa10dfd6e33e7bf35f621d3029574fd58710a2c81632a316c7c9155b2c3834da768460552",
            "directory_permission": "0777",
            "file_permission": "0777",
            "filename": "./../ansible/inventory.ini",
            "id": "8dfe979b17f080a491b87765c29a070da7e77b3b",
            "sensitive_content": null,
            "source": null
          },
          "sensitive_attributes": [
            [
              {
                "type": "get_attr",
                "value": "sensitive_content"
              }
            ]
          ],
          "identity_schema_version": 0,
          "dependencies": [
            "azurerm_linux_virtual_machine.vm",
            "azurerm_network_interface.nic",
            "azurerm_public_ip.pip",
            "azurerm_resource_group.ca2",
            "azurerm_subnet.subnet",
            "azurerm_virtual_network.vnet",
            "tls_private_key.vm_ssh_key"
          ]
        }
      ]
    },
    {
      "mode": "managed",
      "type": "local_sensitive_file",
      "name": "private_key",
      "provider": "provider[\"registry.terraform.io/hashicorp/local\"]",
      "instances": [
        {
          "schema_version": 0,
          "attributes": {
            "content": "-----BEGIN OPENSSH PRIVATE KEY-----\nb3BlbnNzaC1rZXktdjEAAAAABG5vbmUAAAAEbm9uZQAAAAAAAAABAAACFwAAAAdz\nc2gtcnNhAAAAAwEAAQAAAgEA458S9sFUwGWku1XGgCSP+4j2ninOsKja1JldMyX4\nIOVSOMDneELf9Fs61cVij7NsdqyIcmZB/ZlgfF+tZ2JOe5SLEBrBR3hmmqcofq0R\ndC95d9d6FD+qXEOA3qc2kGwxI6dDLNadOW9xG4F1MaEYBpxT6cic9A24VL8jg8wH\nspVlJKVZkm8T0v64RsIr/V5me5k2l3U+ubGQgWm0H25PEyolOYW8GfB6wAu1nEpH\nI+HnAmYl+l1QK02e0SPIQsOXLDg/1Gf0sqxp8FcdFX3LLj8kOeYDS93SNKpTg6At\n/X27IuZF6trFyxXLLfV+IMWJii7TJI/c9DMN9qqIWaze9c70RCuG0M3C8gJTes8x\n4eRogdmIWBac0aNainKQyhj/WyxM80p8F9LWO+9fPaaFDfbUyMwb4p1VHw0ouTCs\nh3Sx44BHGQ9k+JiJ6YWUv7ro0ScfQwL77yUp2h061pO/ytMaY/SVUeETSH1Gkuqx\nWVsJkJd9JzcvoEAaVwSlXsGZLKferuoOpyM3kigz5Y/MCKjTa22I7cNlgcmTX1Ch\nmHYEWscbPLrlqgqwQefga17kcERLG1pOcvLZbZeUa6HvxuJYRuuBro5fkgoJLVLl\nf7c3OcUosnSVTmB6VYIYC/6tLau10RN1+qW1yDhFqpHCzsbklhuuxhk7koGUDACm\nY4UAAAc4/VTawf1U2sEAAAAHc3NoLXJzYQAAAgEA458S9sFUwGWku1XGgCSP+4j2\nninOsKja1JldMyX4IOVSOMDneELf9Fs61cVij7NsdqyIcmZB/ZlgfF+tZ2JOe5SL\nEBrBR3hmmqcofq0RdC95d9d6FD+qXEOA3qc2kGwxI6dDLNadOW9xG4F1MaEYBpxT\n6cic9A24VL8jg8wHspVlJKVZkm8T0v64RsIr/V5me5k2l3U+ubGQgWm0H25PEyol\nOYW8GfB6wAu1nEpHI+HnAmYl+l1QK02e0SPIQsOXLDg/1Gf0sqxp8FcdFX3LLj8k\nOeYDS93SNKpTg6At/X27IuZF6trFyxXLLfV+IMWJii7TJI/c9DMN9qqIWaze9c70\nRCuG0M3C8gJTes8x4eRogdmIWBac0aNainKQyhj/WyxM80p8F9LWO+9fPaaFDfbU\nyMwb4p1VHw0ouTCsh3Sx44BHGQ9k+JiJ6YWUv7ro0ScfQwL77yUp2h061pO/ytMa\nY/SVUeETSH1GkuqxWVsJkJd9JzcvoEAaVwSlXsGZLKferuoOpyM3kigz5Y/MCKjT\na22I7cNlgcmTX1ChmHYEWscbPLrlqgqwQefga17kcERLG1pOcvLZbZeUa6HvxuJY\nRuuBro5fkgoJLVLlf7c3OcUosnSVTmB6VYIYC/6tLau10RN1+qW1yDhFqpHCzsbk\nlhuuxhk7koGUDACmY4UAAAADAQABAAACADuOZhxZJm82yRzZCxiBOIkUY46rmrB/\nZc5lmEynPR6CUfqWgpnlSYq6ihDf1fOKezEr4IGqPs73YBb6w7i+sJFGIwKiNXsZ\nRiNl5EMMznnLaClSoFcG93Cvmtrm/nBYVp0hCQME3ltmTL5pJ3xGTa6BHbWYL3Tt\n2BKYdlboPgVccHvfpamaVaIJ0rZ03KStG/xv8Kg9XZ2hl5E80ou8xYTarKW516cj\n1EJGbgzIJIf/df2bM4mn+69w3kKTbbUGTxobV5wgXRaY5Rkk+e+jG9PsYnKhu7AQ\niI0OGc7hTNc8HAg8HwQdnM4P1DsgthEmDmAw8z7oQ2RDrX4iTY3FHQrOUQg3pkK2\nBnN+EKxto7gOAK62rvTL+ZBB0FagI+xWwDkHIQ7eXSF503KMsjKLI3ykO17CHksm\nK+p/SkL/M51fCDSXye5yDei6pABuQj88ipwjOyyQ8nZucc0xNOAwKbRY4MpnGuF+\nt9ZveUh3QM+3k+FGcsYY3lQAu5hq4IrHdkOiBlc1h15O+ag38XwsZyA75tbrxZkV\nv6KM2gCIUO4AglzVhhUkmIamOGDGpGmML9B3Zs45DkBDZ0XBF1YY8RgoCwoLaU97\n/yGXLsXm5YSSUzpmFAB4HFcCL6Vm4qXjRI5bzKiUXyIDsdFUksuMj8jaibqw4mMx\n2QQCTqb7Zzn7AAABAFlCRij5GpKschijUxA7UcEdZOPXULnJRQeh3zLyFRU1BQMW\nQN/Z4D42wY3udMB5kuHPkls2/7LAzIEgKdGlGCTbgm3j7t3AVL/aOktvzZ9MvDsV\nqKrh5zIHyMNSVhiMUAG12LuqpoNxmrXfMeoN+s6khLElV8LL5BqK4hJW9uBiqUjb\nkAk1UezxfPJaJQ2TLzc62hM8TE2kPhv6N6MGWgdSoOWjdaVPdBM0G6kaiL5o74VL\nctP9uW1nHLFp/kRkzL5MFRsv3PJLgjRxdBVB+k/3toD9bv27oOXr8yO67Hlg1qXS\nc4VwFrQ0vvO3SPIvKwiaAIhQ/GgJXVyUHunUeeUAAAEBAOVzZJK0+KKkhKMNYKhA\njtyy3kCckXBJIXrmi8z9pfEmIaGJzexZ+RdWZlaEgEEuwQoTqMRgiYh11gLVA/SR\nsEuhfN7SNhyNoOEaBkmRYt+4tNBG+OFF8VbVl543M0knBmky+laiRvtq0SHsB7hZ\n97EM3efoEvHRnxv789XM2Q5bzy+ep5MVkqniKPcAG9aqYyu+Sf0XGI62ZN9RvL4i\nr9WSgTCgx5P1eO2q9lt/nrQeOHMi4vBwMjJk7V/k39XcCH5W9bYtxYbLoBaFogjQ\nGvZFaR60uiO5x5JHDOOIZhCahAO1ZLXNZxRP9gY5UaZZPhY/uFZ1I0jRVaS2Cv13\nDEMAAAEBAP31fjm0nWzEmtqf5uUrY4+dYhja4j9egDyg7OGY5ZOyYc785HqNGxFj\nggVRzB5a+Bu23IM9tskmXl0e90hSozoHsfyCjQA6OuMpWH4eDIRzeA9IvXGW8qH+\nPhtYYrMBn3o2T0ab2qEVN2M9lPHnAlmAeTupw1ZQJQAV3E4C46ZuAsMz+ENazz3g\n1SjJXslNh29+7BZ3Lf4ZaZl89z0s56KFnHgPqJDfvHHbIJyFdoYK9xKrlNIJpcp4\n25v0+rmhDjFvzNS+sY4kLuNNe99TTkmWgRCnbE6qb/LGV+Q+KuBmBL30dZOnkgZ9\nnEuANErutLO9l96p2c9jojhpRHwKuJcAAAAAAQID\n-----END OPENSSH PRIVATE KEY-----\n",
            "content_base64": null,
            "content_base64sha256": "X3j7+ggErHjnoe0OJg2OlL4vXUN6EKFlTYuXY2rLg0c=",
            "content_base64sha512": "WimeJAupuVX/5Cp3ZebcnadlcVGmb/yRdGkpEAWDfcdQwSIK3vdxvNZeVEDH0zqYDcXfAmGRH+ws9s5y/Zqldw==",
            "content_md5": "3ad34a425e1804c973c8bdc78af2948e",
            "content_sha1": "0427fa86c2a8b2f2c699f5adf21544819ff09050",
            "content_sha256": "5f78fbfa0804ac78e7a1ed0e260d8e94be2f5d437a10a1654d8b97636acb8347",
            "content_sha512": "5a299e240ba9b955ffe42a7765e6dc9da7657151a66ffc917469291005837dc750c1220adef771bcd65e5440c7d33a980dc5df0261911fec2cf6ce72fd9aa577",
            "directory_permission": "0700",
            "file_permission": "0700",
            "filename": "./id_rsa_ca2",
            "id": "0427fa86c2a8b2f2c699f5adf21544819ff09050",
            "source": null
          },
          "sensitive_attributes": [
            [
              {
                "type": "get_attr",
                "value": "content"
              }
            ],
            [
              {
                "type": "get_attr",
                "value": "content_base64"
              }
            ]
          ],
          "identity_schema_version": 0,
          "dependencies": [
            "tls_private_key.vm_ssh_key"
          ]
        }
      ]
    },
    {
      "mode": "managed",
      "type": "local_sensitive_file",
      "name": "public_key",
      "provider": "provider[\"registry.terraform.io/hashicorp/local\"]",
      "instances": [
        {
          "schema_version": 0,
          "attributes": {
            "content": "ssh-rsa AAAAB3NzaC1yc2EAAAADAQABAAACAQDjnxL2wVTAZaS7VcaAJI/7iPaeKc6wqNrUmV0zJfgg5VI4wOd4Qt/0WzrVxWKPs2x2rIhyZkH9mWB8X61nYk57lIsQGsFHeGaapyh+rRF0L3l313oUP6pcQ4DepzaQbDEjp0Ms1p05b3EbgXUxoRgGnFPpyJz0DbhUvyODzAeylWUkpVmSbxPS/rhGwiv9XmZ7mTaXdT65sZCBabQfbk8TKiU5hbwZ8HrAC7WcSkcj4ecCZiX6XVArTZ7RI8hCw5csOD/UZ/SyrGnwVx0VfcsuPyQ55gNL3dI0qlODoC39fbsi5kXq2sXLFcst9X4gxYmKLtMkj9z0Mw32qohZrN71zvREK4bQzcLyAlN6zzHh5GiB2YhYFpzRo1qKcpDKGP9bLEzzSnwX0tY77189poUN9tTIzBvinVUfDSi5MKyHdLHjgEcZD2T4mInphZS/uujRJx9DAvvvJSnaHTrWk7/K0xpj9JVR4RNIfUaS6rFZWwmQl30nNy+gQBpXBKVewZksp96u6g6nIzeSKDPlj8wIqNNrbYjtw2WByZNfUKGYdgRaxxs8uuWqCrBB5+BrXuRwREsbWk5y8tltl5Rroe/G4lhG64Gujl+SCgktUuV/tzc5xSiydJVOYHpVghgL/q0tq7XRE3X6pbXIOEWqkcLOxuSWG67GGTuSgZQMAKZjhQ==\n",
            "content_base64": null,
            "content_base64sha256": "HROI3nD2sh6GVp3t7HLraQrRKQ3kuf6v9wnW0j+lAX8=",
            "content_base64sha512": "Vl/+kXQ1riURCVnfTIxG+I0BZqjl2PGCZQXSt51T3yq8F7h/nWIpBkuR1ttSJRrnC9pr19v8ir3FeTDjjfWXNw==",
            "content_md5": "22ddcfb0c5dc4e28a80f1aead242cee6",
            "content_sha1": "d684a653dac393566e9ada529e38c2440655d686",
            "content_sha256": "1d1388de70f6b21e86569dedec72eb690ad1290de4b9feaff709d6d23fa5017f",
            "content_sha512": "565ffe917435ae25110959df4c8c46f88d0166a8e5d8f1826505d2b79d53df2abc17b87f9d6229064b91d6db52251ae70bda6bd7dbfc8abdc57930e38df59737",
            "directory_permission": "0700",
            "file_permission": "0700",
            "filename": "./id_rsa_ca2.pub",
            "id": "d684a653dac393566e9ada529e38c2440655d686",
            "source": null
          },
          "sensitive_attributes": [
            [
              {
                "type": "get_attr",
                "value": "content"
              }
            ],
            [
              {
                "type": "get_attr",
                "value": "content_base64"
              }
            ]
          ],
          "identity_schema_version": 0,
          "dependencies": [
            "tls_private_key.vm_ssh_key"
          ]
        }
      ]
    },
    {
      "mode": "managed",
      "type": "tls_private_key",
      "name": "vm_ssh_key",
      "provider": "provider[\"registry.terraform.io/hashicorp/tls\"]",
      "instances": [
        {
          "schema_version": 1,
          "attributes": {
            "algorithm": "RSA",
            "ecdsa_curve": "P224",
            "id": "043a18da43a19da8eed5f6ff852186b9d3395a90",
            "private_key_openssh": "-----BEGIN OPENSSH PRIVATE KEY-----\nb3BlbnNzaC1rZXktdjEAAAAABG5vbmUAAAAEbm9uZQAAAAAAAAABAAACFwAAAAdz\nc2gtcnNhAAAAAwEAAQAAAgEA458S9sFUwGWku1XGgCSP+4j2ninOsKja1JldMyX4\nIOVSOMDneELf9Fs61cVij7NsdqyIcmZB/ZlgfF+tZ2JOe5SLEBrBR3hmmqcofq0R\ndC95d9d6FD+qXEOA3qc2kGwxI6dDLNadOW9xG4F1MaEYBpxT6cic9A24VL8jg8wH\nspVlJKVZkm8T0v64RsIr/V5me5k2l3U+ubGQgWm0H25PEyolOYW8GfB6wAu1nEpH\nI+HnAmYl+l1QK02e0SPIQsOXLDg/1Gf0sqxp8FcdFX3LLj8kOeYDS93SNKpTg6At\n/X27IuZF6trFyxXLLfV+IMWJii7TJI/c9DMN9qqIWaze9c70RCuG0M3C8gJTes8x\n4eRogdmIWBac0aNainKQyhj/WyxM80p8F9LWO+9fPaaFDfbUyMwb4p1VHw0ouTCs\nh3Sx44BHGQ9k+JiJ6YWUv7ro0ScfQwL77yUp2h061pO/ytMaY/SVUeETSH1Gkuqx\nWVsJkJd9JzcvoEAaVwSlXsGZLKferuoOpyM3kigz5Y/MCKjTa22I7cNlgcmTX1Ch\nmHYEWscbPLrlqgqwQefga17kcERLG1pOcvLZbZeUa6HvxuJYRuuBro5fkgoJLVLl\nf7c3OcUosnSVTmB6VYIYC/6tLau10RN1+qW1yDhFqpHCzsbklhuuxhk7koGUDACm\nY4UAAAc4/VTawf1U2sEAAAAHc3NoLXJzYQAAAgEA458S9sFUwGWku1XGgCSP+4j2\nninOsKja1JldMyX4IOVSOMDneELf9Fs61cVij7NsdqyIcmZB/ZlgfF+tZ2JOe5SL\nEBrBR3hmmqcofq0RdC95d9d6FD+qXEOA3qc2kGwxI6dDLNadOW9xG4F1MaEYBpxT\n6cic9A24VL8jg8wHspVlJKVZkm8T0v64RsIr/V5me5k2l3U+ubGQgWm0H25PEyol\nOYW8GfB6wAu1nEpHI+HnAmYl+l1QK02e0SPIQsOXLDg/1Gf0sqxp8FcdFX3LLj8k\nOeYDS93SNKpTg6At/X27IuZF6trFyxXLLfV+IMWJii7TJI/c9DMN9qqIWaze9c70\nRCuG0M3C8gJTes8x4eRogdmIWBac0aNainKQyhj/WyxM80p8F9LWO+9fPaaFDfbU\nyMwb4p1VHw0ouTCsh3Sx44BHGQ9k+JiJ6YWUv7ro0ScfQwL77yUp2h061pO/ytMa\nY/SVUeETSH1GkuqxWVsJkJd9JzcvoEAaVwSlXsGZLKferuoOpyM3kigz5Y/MCKjT\na22I7cNlgcmTX1ChmHYEWscbPLrlqgqwQefga17kcERLG1pOcvLZbZeUa6HvxuJY\nRuuBro5fkgoJLVLlf7c3OcUosnSVTmB6VYIYC/6tLau10RN1+qW1yDhFqpHCzsbk\nlhuuxhk7koGUDACmY4UAAAADAQABAAACADuOZhxZJm82yRzZCxiBOIkUY46rmrB/\nZc5lmEynPR6CUfqWgpnlSYq6ihDf1fOKezEr4IGqPs73YBb6w7i+sJFGIwKiNXsZ\nRiNl5EMMznnLaClSoFcG93Cvmtrm/nBYVp0hCQME3ltmTL5pJ3xGTa6BHbWYL3Tt\n2BKYdlboPgVccHvfpamaVaIJ0rZ03KStG/xv8Kg9XZ2hl5E80ou8xYTarKW516cj\n1EJGbgzIJIf/df2bM4mn+69w3kKTbbUGTxobV5wgXRaY5Rkk+e+jG9PsYnKhu7AQ\niI0OGc7hTNc8HAg8HwQdnM4P1DsgthEmDmAw8z7oQ2RDrX4iTY3FHQrOUQg3pkK2\nBnN+EKxto7gOAK62rvTL+ZBB0FagI+xWwDkHIQ7eXSF503KMsjKLI3ykO17CHksm\nK+p/SkL/M51fCDSXye5yDei6pABuQj88ipwjOyyQ8nZucc0xNOAwKbRY4MpnGuF+\nt9ZveUh3QM+3k+FGcsYY3lQAu5hq4IrHdkOiBlc1h15O+ag38XwsZyA75tbrxZkV\nv6KM2gCIUO4AglzVhhUkmIamOGDGpGmML9B3Zs45DkBDZ0XBF1YY8RgoCwoLaU97\n/yGXLsXm5YSSUzpmFAB4HFcCL6Vm4qXjRI5bzKiUXyIDsdFUksuMj8jaibqw4mMx\n2QQCTqb7Zzn7AAABAFlCRij5GpKschijUxA7UcEdZOPXULnJRQeh3zLyFRU1BQMW\nQN/Z4D42wY3udMB5kuHPkls2/7LAzIEgKdGlGCTbgm3j7t3AVL/aOktvzZ9MvDsV\nqKrh5zIHyMNSVhiMUAG12LuqpoNxmrXfMeoN+s6khLElV8LL5BqK4hJW9uBiqUjb\nkAk1UezxfPJaJQ2TLzc62hM8TE2kPhv6N6MGWgdSoOWjdaVPdBM0G6kaiL5o74VL\nctP9uW1nHLFp/kRkzL5MFRsv3PJLgjRxdBVB+k/3toD9bv27oOXr8yO67Hlg1qXS\nc4VwFrQ0vvO3SPIvKwiaAIhQ/GgJXVyUHunUeeUAAAEBAOVzZJK0+KKkhKMNYKhA\njtyy3kCckXBJIXrmi8z9pfEmIaGJzexZ+RdWZlaEgEEuwQoTqMRgiYh11gLVA/SR\nsEuhfN7SNhyNoOEaBkmRYt+4tNBG+OFF8VbVl543M0knBmky+laiRvtq0SHsB7hZ\n97EM3efoEvHRnxv789XM2Q5bzy+ep5MVkqniKPcAG9aqYyu+Sf0XGI62ZN9RvL4i\nr9WSgTCgx5P1eO2q9lt/nrQeOHMi4vBwMjJk7V/k39XcCH5W9bYtxYbLoBaFogjQ\nGvZFaR60uiO5x5JHDOOIZhCahAO1ZLXNZxRP9gY5UaZZPhY/uFZ1I0jRVaS2Cv13\nDEMAAAEBAP31fjm0nWzEmtqf5uUrY4+dYhja4j9egDyg7OGY5ZOyYc785HqNGxFj\nggVRzB5a+Bu23IM9tskmXl0e90hSozoHsfyCjQA6OuMpWH4eDIRzeA9IvXGW8qH+\nPhtYYrMBn3o2T0ab2qEVN2M9lPHnAlmAeTupw1ZQJQAV3E4C46ZuAsMz+ENazz3g\n1SjJXslNh29+7BZ3Lf4ZaZl89z0s56KFnHgPqJDfvHHbIJyFdoYK9xKrlNIJpcp4\n25v0+rmhDjFvzNS+sY4kLuNNe99TTkmWgRCnbE6qb/LGV+Q+KuBmBL30dZOnkgZ9\nnEuANErutLO9l96p2c9jojhpRHwKuJcAAAAAAQID\n-----END OPENSSH PRIVATE KEY-----\n",
            "private_key_pem": "-----BEGIN RSA PRIVATE KEY-----\nMIIJKQIBAAKCAgEA458S9sFUwGWku1XGgCSP+4j2ninOsKja1JldMyX4IOVSOMDn\neELf9Fs61cVij7NsdqyIcmZB/ZlgfF+tZ2JOe5SLEBrBR3hmmqcofq0RdC95d9d6\nFD+qXEOA3qc2kGwxI6dDLNadOW9xG4F1MaEYBpxT6cic9A24VL8jg8wHspVlJKVZ\nkm8T0v64RsIr/V5me5k2l3U+ubGQgWm0H25PEyolOYW8GfB6wAu1nEpHI+HnAmYl\n+l1QK02e0SPIQsOXLDg/1Gf0sqxp8FcdFX3LLj8kOeYDS93SNKpTg6At/X27IuZF\n6trFyxXLLfV+IMWJii7TJI/c9DMN9qqIWaze9c70RCuG0M3C8gJTes8x4eRogdmI\nWBac0aNainKQyhj/WyxM80p8F9LWO+9fPaaFDfbUyMwb4p1VHw0ouTCsh3Sx44BH\nGQ9k+JiJ6YWUv7ro0ScfQwL77yUp2h061pO/ytMaY/SVUeETSH1GkuqxWVsJkJd9\nJzcvoEAaVwSlXsGZLKferuoOpyM3kigz5Y/MCKjTa22I7cNlgcmTX1ChmHYEWscb\nPLrlqgqwQefga17kcERLG1pOcvLZbZeUa6HvxuJYRuuBro5fkgoJLVLlf7c3OcUo\nsnSVTmB6VYIYC/6tLau10RN1+qW1yDhFqpHCzsbklhuuxhk7koGUDACmY4UCAwEA\nAQKCAgA7jmYcWSZvNskc2QsYgTiJFGOOq5qwf2XOZZhMpz0eglH6loKZ5UmKuooQ\n39XzinsxK+CBqj7O92AW+sO4vrCRRiMCojV7GUYjZeRDDM55y2gpUqBXBvdwr5ra\n5v5wWFadIQkDBN5bZky+aSd8Rk2ugR21mC907dgSmHZW6D4FXHB736WpmlWiCdK2\ndNykrRv8b/CoPV2doZeRPNKLvMWE2qyludenI9RCRm4MyCSH/3X9mzOJp/uvcN5C\nk221Bk8aG1ecIF0WmOUZJPnvoxvT7GJyobuwEIiNDhnO4UzXPBwIPB8EHZzOD9Q7\nILYRJg5gMPM+6ENkQ61+Ik2NxR0KzlEIN6ZCtgZzfhCsbaO4DgCutq70y/mQQdBW\noCPsVsA5ByEO3l0hedNyjLIyiyN8pDtewh5LJivqf0pC/zOdXwg0l8nucg3ouqQA\nbkI/PIqcIzsskPJ2bnHNMTTgMCm0WODKZxrhfrfWb3lId0DPt5PhRnLGGN5UALuY\nauCKx3ZDogZXNYdeTvmoN/F8LGcgO+bW68WZFb+ijNoAiFDuAIJc1YYVJJiGpjhg\nxqRpjC/Qd2bOOQ5AQ2dFwRdWGPEYKAsKC2lPe/8hly7F5uWEklM6ZhQAeBxXAi+l\nZuKl40SOW8yolF8iA7HRVJLLjI/I2om6sOJjMdkEAk6m+2c5+wKCAQEA5XNkkrT4\noqSEow1gqECO3LLeQJyRcEkheuaLzP2l8SYhoYnN7Fn5F1ZmVoSAQS7BChOoxGCJ\niHXWAtUD9JGwS6F83tI2HI2g4RoGSZFi37i00Eb44UXxVtWXnjczSScGaTL6VqJG\n+2rRIewHuFn3sQzd5+gS8dGfG/vz1czZDlvPL56nkxWSqeIo9wAb1qpjK75J/RcY\njrZk31G8viKv1ZKBMKDHk/V47ar2W3+etB44cyLi8HAyMmTtX+Tf1dwIflb1ti3F\nhsugFoWiCNAa9kVpHrS6I7nHkkcM44hmEJqEA7Vktc1nFE/2BjlRplk+Fj+4VnUj\nSNFVpLYK/XcMQwKCAQEA/fV+ObSdbMSa2p/m5Stjj51iGNriP16APKDs4Zjlk7Jh\nzvzkeo0bEWOCBVHMHlr4G7bcgz22ySZeXR73SFKjOgex/IKNADo64ylYfh4MhHN4\nD0i9cZbyof4+G1hiswGfejZPRpvaoRU3Yz2U8ecCWYB5O6nDVlAlABXcTgLjpm4C\nwzP4Q1rPPeDVKMleyU2Hb37sFnct/hlpmXz3PSznooWceA+okN+8cdsgnIV2hgr3\nEquU0gmlynjbm/T6uaEOMW/M1L6xjiQu401731NOSZaBEKdsTqpv8sZX5D4q4GYE\nvfR1k6eSBn2cS4A0Su60s72X3qnZz2OiOGlEfAq4lwKCAQEA4FXuIzIlVn+b3v+Z\nXWehRk7r1ig+WpZl0Y/PZ+EneZtajmH5n/hn/lVPQY/TBef8fSmzfC0WywDK+YHj\nmB9JSujc+c51cX1Xqj6TnyIylaI1xt1dQIPt7oRu9RXrYr5xGjHpaQLIe9B4IL5w\n3eG4trZpz++rdhsJgYbZZFQgdFV3QIvSM5CIEOk6PCUzErMMuxwVowoNzJqwDVgR\nPaUUXbAb97t65kK+tUDOFa+1L03My2V0lLhdm7/qBjP0VVgIRd4n5rLhyWUVZG/L\neOpfMiGzIX5576wYYABvrZcSk3E/WZDkoovtGIMFfBhWqFngxkgOpxloIi3pml0S\nabcXmQKCAQEAkGhSGFod0kWRkJOwZcvgVz+1ElEUqdgAr3kKedXJZczfVSX0fcNT\nCvY8bu3uVayAvLGkfnRPRd4tdmIvVs62xj6t9Nn/d4ulBJr0GPLZR0+pi3dfUgH1\ngiviAQanSQa5OnM7bPkevs4jqqjP0yX67g3h4g1MZ/42q+/CUBHQhUi1BW690v8G\nLTd1vjWTUoBlbP8NHFE0s/KbW431wLGSHZZAPP0aaxbuPwfNaXNyzBHcIJ+0hiK6\nRYGnzuzkzT1Jps7d+HNe32avysy6jWj/cVTFm0S4j5rXAYPLYpv/IY6hT6p8WTPG\nEy7F+yCxm5JU6of6ncCTfBw5mD4zlR07jQKCAQBZQkYo+RqSrHIYo1MQO1HBHWTj\n11C5yUUHod8y8hUVNQUDFkDf2eA+NsGN7nTAeZLhz5JbNv+ywMyBICnRpRgk24Jt\n4+7dwFS/2jpLb82fTLw7Faiq4ecyB8jDUlYYjFABtdi7qqaDcZq13zHqDfrOpISx\nJVfCy+QaiuISVvbgYqlI25AJNVHs8XzyWiUNky83OtoTPExNpD4b+jejBloHUqDl\no3WlT3QTNBupGoi+aO+FS3LT/bltZxyxaf5EZMy+TBUbL9zyS4I0cXQVQfpP97aA\n/W79u6Dl6/Mjuux5YNal0nOFcBa0NL7zt0jyLysImgCIUPxoCV1clB7p1Hnl\n-----END RSA PRIVATE KEY-----\n",
            "private_key_pem_pkcs8": "-----BEGIN PRIVATE KEY-----\nMIIJQwIBADANBgkqhkiG9w0BAQEFAASCCS0wggkpAgEAAoICAQDjnxL2wVTAZaS7\nVcaAJI/7iPaeKc6wqNrUmV0zJfgg5VI4wOd4Qt/0WzrVxWKPs2x2rIhyZkH9mWB8\nX61nYk57lIsQGsFHeGaapyh+rRF0L3l313oUP6pcQ4DepzaQbDEjp0Ms1p05b3Eb\ngXUxoRgGnFPpyJz0DbhUvyODzAeylWUkpVmSbxPS/rhGwiv9XmZ7mTaXdT65sZCB\nabQfbk8TKiU5hbwZ8HrAC7WcSkcj4ecCZiX6XVArTZ7RI8hCw5csOD/UZ/SyrGnw\nVx0VfcsuPyQ55gNL3dI0qlODoC39fbsi5kXq2sXLFcst9X4gxYmKLtMkj9z0Mw32\nqohZrN71zvREK4bQzcLyAlN6zzHh5GiB2YhYFpzRo1qKcpDKGP9bLEzzSnwX0tY7\n7189poUN9tTIzBvinVUfDSi5MKyHdLHjgEcZD2T4mInphZS/uujRJx9DAvvvJSna\nHTrWk7/K0xpj9JVR4RNIfUaS6rFZWwmQl30nNy+gQBpXBKVewZksp96u6g6nIzeS\nKDPlj8wIqNNrbYjtw2WByZNfUKGYdgRaxxs8uuWqCrBB5+BrXuRwREsbWk5y8tlt\nl5Rroe/G4lhG64Gujl+SCgktUuV/tzc5xSiydJVOYHpVghgL/q0tq7XRE3X6pbXI\nOEWqkcLOxuSWG67GGTuSgZQMAKZjhQIDAQABAoICADuOZhxZJm82yRzZCxiBOIkU\nY46rmrB/Zc5lmEynPR6CUfqWgpnlSYq6ihDf1fOKezEr4IGqPs73YBb6w7i+sJFG\nIwKiNXsZRiNl5EMMznnLaClSoFcG93Cvmtrm/nBYVp0hCQME3ltmTL5pJ3xGTa6B\nHbWYL3Tt2BKYdlboPgVccHvfpamaVaIJ0rZ03KStG/xv8Kg9XZ2hl5E80ou8xYTa\nrKW516cj1EJGbgzIJIf/df2bM4mn+69w3kKTbbUGTxobV5wgXRaY5Rkk+e+jG9Ps\nYnKhu7AQiI0OGc7hTNc8HAg8HwQdnM4P1DsgthEmDmAw8z7oQ2RDrX4iTY3FHQrO\nUQg3pkK2BnN+EKxto7gOAK62rvTL+ZBB0FagI+xWwDkHIQ7eXSF503KMsjKLI3yk\nO17CHksmK+p/SkL/M51fCDSXye5yDei6pABuQj88ipwjOyyQ8nZucc0xNOAwKbRY\n4MpnGuF+t9ZveUh3QM+3k+FGcsYY3lQAu5hq4IrHdkOiBlc1h15O+ag38XwsZyA7\n5tbrxZkVv6KM2gCIUO4AglzVhhUkmIamOGDGpGmML9B3Zs45DkBDZ0XBF1YY8Rgo\nCwoLaU97/yGXLsXm5YSSUzpmFAB4HFcCL6Vm4qXjRI5bzKiUXyIDsdFUksuMj8ja\nibqw4mMx2QQCTqb7Zzn7AoIBAQDlc2SStPiipISjDWCoQI7cst5AnJFwSSF65ovM\n/aXxJiGhic3sWfkXVmZWhIBBLsEKE6jEYImIddYC1QP0kbBLoXze0jYcjaDhGgZJ\nkWLfuLTQRvjhRfFW1ZeeNzNJJwZpMvpWokb7atEh7Ae4WfexDN3n6BLx0Z8b+/PV\nzNkOW88vnqeTFZKp4ij3ABvWqmMrvkn9FxiOtmTfUby+Iq/VkoEwoMeT9XjtqvZb\nf560HjhzIuLwcDIyZO1f5N/V3Ah+VvW2LcWGy6AWhaII0Br2RWketLojuceSRwzj\niGYQmoQDtWS1zWcUT/YGOVGmWT4WP7hWdSNI0VWktgr9dwxDAoIBAQD99X45tJ1s\nxJran+blK2OPnWIY2uI/XoA8oOzhmOWTsmHO/OR6jRsRY4IFUcweWvgbttyDPbbJ\nJl5dHvdIUqM6B7H8go0AOjrjKVh+HgyEc3gPSL1xlvKh/j4bWGKzAZ96Nk9Gm9qh\nFTdjPZTx5wJZgHk7qcNWUCUAFdxOAuOmbgLDM/hDWs894NUoyV7JTYdvfuwWdy3+\nGWmZfPc9LOeihZx4D6iQ37xx2yCchXaGCvcSq5TSCaXKeNub9Pq5oQ4xb8zUvrGO\nJC7jTXvfU05JloEQp2xOqm/yxlfkPirgZgS99HWTp5IGfZxLgDRK7rSzvZfeqdnP\nY6I4aUR8CriXAoIBAQDgVe4jMiVWf5ve/5ldZ6FGTuvWKD5almXRj89n4Sd5m1qO\nYfmf+Gf+VU9Bj9MF5/x9KbN8LRbLAMr5geOYH0lK6Nz5znVxfVeqPpOfIjKVojXG\n3V1Ag+3uhG71FetivnEaMelpAsh70HggvnDd4bi2tmnP76t2GwmBhtlkVCB0VXdA\ni9IzkIgQ6To8JTMSswy7HBWjCg3MmrANWBE9pRRdsBv3u3rmQr61QM4Vr7UvTczL\nZXSUuF2bv+oGM/RVWAhF3ifmsuHJZRVkb8t46l8yIbMhfnnvrBhgAG+tlxKTcT9Z\nkOSii+0YgwV8GFaoWeDGSA6nGWgiLemaXRJptxeZAoIBAQCQaFIYWh3SRZGQk7Bl\ny+BXP7USURSp2ACveQp51cllzN9VJfR9w1MK9jxu7e5VrIC8saR+dE9F3i12Yi9W\nzrbGPq302f93i6UEmvQY8tlHT6mLd19SAfWCK+IBBqdJBrk6czts+R6+ziOqqM/T\nJfruDeHiDUxn/jar78JQEdCFSLUFbr3S/wYtN3W+NZNSgGVs/w0cUTSz8ptbjfXA\nsZIdlkA8/RprFu4/B81pc3LMEdwgn7SGIrpFgafO7OTNPUmmzt34c17fZq/KzLqN\naP9xVMWbRLiPmtcBg8tim/8hjqFPqnxZM8YTLsX7ILGbklTqh/qdwJN8HDmYPjOV\nHTuNAoIBAFlCRij5GpKschijUxA7UcEdZOPXULnJRQeh3zLyFRU1BQMWQN/Z4D42\nwY3udMB5kuHPkls2/7LAzIEgKdGlGCTbgm3j7t3AVL/aOktvzZ9MvDsVqKrh5zIH\nyMNSVhiMUAG12LuqpoNxmrXfMeoN+s6khLElV8LL5BqK4hJW9uBiqUjbkAk1Uezx\nfPJaJQ2TLzc62hM8TE2kPhv6N6MGWgdSoOWjdaVPdBM0G6kaiL5o74VLctP9uW1n\nHLFp/kRkzL5MFRsv3PJLgjRxdBVB+k/3toD9bv27oOXr8yO67Hlg1qXSc4VwFrQ0\nvvO3SPIvKwiaAIhQ/GgJXVyUHunUeeU=\n-----END PRIVATE KEY-----\n",
            "public_key_fingerprint_md5": "ed:87:15:07:b9:1d:18:00:6a:03:67:5b:d8:73:ad:eb",
            "public_key_fingerprint_sha256": "SHA256:ajC9jQxajA8XWhtyiL2ggD4atF/WGi3vbUWFOfi3LlU",
            "public_key_openssh": "ssh-rsa AAAAB3NzaC1yc2EAAAADAQABAAACAQDjnxL2wVTAZaS7VcaAJI/7iPaeKc6wqNrUmV0zJfgg5VI4wOd4Qt/0WzrVxWKPs2x2rIhyZkH9mWB8X61nYk57lIsQGsFHeGaapyh+rRF0L3l313oUP6pcQ4DepzaQbDEjp0Ms1p05b3EbgXUxoRgGnFPpyJz0DbhUvyODzAeylWUkpVmSbxPS/rhGwiv9XmZ7mTaXdT65sZCBabQfbk8TKiU5hbwZ8HrAC7WcSkcj4ecCZiX6XVArTZ7RI8hCw5csOD/UZ/SyrGnwVx0VfcsuPyQ55gNL3dI0qlODoC39fbsi5kXq2sXLFcst9X4gxYmKLtMkj9z0Mw32qohZrN71zvREK4bQzcLyAlN6zzHh5GiB2YhYFpzRo1qKcpDKGP9bLEzzSnwX0tY77189poUN9tTIzBvinVUfDSi5MKyHdLHjgEcZD2T4mInphZS/uujRJx9DAvvvJSnaHTrWk7/K0xpj9JVR4RNIfUaS6rFZWwmQl30nNy+gQBpXBKVewZksp96u6g6nIzeSKDPlj8wIqNNrbYjtw2WByZNfUKGYdgRaxxs8uuWqCrBB5+BrXuRwREsbWk5y8tltl5Rroe/G4lhG64Gujl+SCgktUuV/tzc5xSiydJVOYHpVghgL/q0tq7XRE3X6pbXIOEWqkcLOxuSWG67GGTuSgZQMAKZjhQ==\n",
            "public_key_pem": "-----BEGIN PUBLIC KEY-----\nMIICIjANBgkqhkiG9w0BAQEFAAOCAg8AMIICCgKCAgEA458S9sFUwGWku1XGgCSP\n+4j2ninOsKja1JldMyX4IOVSOMDneELf9Fs61cVij7NsdqyIcmZB/ZlgfF+tZ2JO\ne5SLEBrBR3hmmqcofq0RdC95d9d6FD+qXEOA3qc2kGwxI6dDLNadOW9xG4F1MaEY\nBpxT6cic9A24VL8jg8wHspVlJKVZkm8T0v64RsIr/V5me5k2l3U+ubGQgWm0H25P\nEyolOYW8GfB6wAu1nEpHI+HnAmYl+l1QK02e0SPIQsOXLDg/1Gf0sqxp8FcdFX3L\nLj8kOeYDS93SNKpTg6At/X27IuZF6trFyxXLLfV+IMWJii7TJI/c9DMN9qqIWaze\n9c70RCuG0M3C8gJTes8x4eRogdmIWBac0aNainKQyhj/WyxM80p8F9LWO+9fPaaF\nDfbUyMwb4p1VHw0ouTCsh3Sx44BHGQ9k+JiJ6YWUv7ro0ScfQwL77yUp2h061pO/\nytMaY/SVUeETSH1GkuqxWVsJkJd9JzcvoEAaVwSlXsGZLKferuoOpyM3kigz5Y/M\nCKjTa22I7cNlgcmTX1ChmHYEWscbPLrlqgqwQefga17kcERLG1pOcvLZbZeUa6Hv\nxuJYRuuBro5fkgoJLVLlf7c3OcUosnSVTmB6VYIYC/6tLau10RN1+qW1yDhFqpHC\nzsbklhuuxhk7koGUDACmY4UCAwEAAQ==\n-----END PUBLIC KEY-----\n",
            "rsa_bits": 4096
          },
          "sensitive_attributes": [
            [
              {
                "type": "get_attr",
                "value": "private_key_openssh"
              }
            ],
            [
              {
                "type": "get_attr",
                "value": "private_key_pem"
              }
            ],
            [
              {
                "type": "get_attr",
                "value": "private_key_pem_pkcs8"
              }
            ]
          ],
          "identity_schema_version": 0
        }
      ]
    }
  ],
  "check_results": null
}
