{
  "version": 4,
  "terraform_version": "1.14.8",
  "serial": 65,
  "lineage": "e231af3f-705a-b85a-2e27-7c23436bb104",
  "outputs": {
    "public_ip_address": {
      "value": "4.233.141.17",
      "type": "string"
    },
    "ssh_command": {
      "value": "ssh azureuser@4.233.141.17",
      "type": "string"
    }
  },
  "resources": [
    {
      "mode": "managed",
      "type": "azurerm_linux_virtual_machine",
      "name": "vm",
      "provider": "provider[\"registry.terraform.io/hashicorp/azurerm\"]",
      "instances": [
        {
          "schema_version": 0,
          "attributes": {
            "additional_capabilities": [],
            "admin_password": null,
            "admin_ssh_key": [
              {
                "public_key": "ssh-rsa AAAAB3NzaC1yc2EAAAADAQABAAABAQCV3+Fq4keueyG3DtNeZCl2/4dyPpEi+pjlEmAzUG1U+NW7VFwM9aenI+IMscoe/YGsR94x+P30q+SblUrDzPJTVEpn2WQk592RgFE3wnhnQVe0TDdhgivDdhEGYmFA4UmqA3zIU6CUwbFO1K7Vxy7G6aZkD1U11a4O9Zq3YpBmW6ZdlZ74hkEo67Ju9l/+sYStdR0yo1VrJ9Tp+nkJx7KNerYYsfJX7XKkkDGXUg/vs2Zy5RcBpwUKdNsDi3a7yZid5Icnq9hf+xQuV8KoWbF22S7N74ny7BOxGClurdIeT6g5yoiuGZn+/rMnvbEO/Ine96oCJH6IFdivt+brWcRl\n",
                "username": "azureuser"
              }
            ],
            "admin_username": "azureuser",
            "allow_extension_operations": true,
            "availability_set_id": "",
            "boot_diagnostics": [],
            "bypass_platform_safety_checks_on_user_schedule_enabled": false,
            "capacity_reservation_group_id": "",
            "computer_name": "ca2-vm",
            "custom_data": null,
            "dedicated_host_group_id": "",
            "dedicated_host_id": "",
            "disable_password_authentication": true,
            "disk_controller_type": "SCSI",
            "edge_zone": "",
            "encryption_at_host_enabled": false,
            "eviction_policy": "",
            "extensions_time_budget": "PT1H30M",
            "gallery_application": [],
            "id": "/subscriptions/6df1ad01-3d74-4fdd-b3a6-7e1b64e04317/resourceGroups/CA-2/providers/Microsoft.Compute/virtualMachines/ca2-vm",
            "identity": [],
            "license_type": "",
            "location": "francecentral",
            "max_bid_price": -1,
            "name": "ca2-vm",
            "network_interface_ids": [
              "/subscriptions/6df1ad01-3d74-4fdd-b3a6-7e1b64e04317/resourceGroups/CA-2/providers/Microsoft.Network/networkInterfaces/ca2-nic"
            ],
            "os_disk": [
              {
                "caching": "ReadWrite",
                "diff_disk_settings": [],
                "disk_encryption_set_id": "",
                "disk_size_gb": 30,
                "name": "ca2-vm_OsDisk_1_c6d8db56ad50458480a562c165282870",
                "secure_vm_disk_encryption_set_id": "",
                "security_encryption_type": "",
                "storage_account_type": "Standard_LRS",
                "write_accelerator_enabled": false
              }
            ],
            "os_image_notification": [],
            "patch_assessment_mode": "ImageDefault",
            "patch_mode": "ImageDefault",
            "plan": [],
            "platform_fault_domain": -1,
            "priority": "Regular",
            "private_ip_address": "10.0.1.4",
            "private_ip_addresses": [
              "10.0.1.4"
            ],
            "provision_vm_agent": true,
            "proximity_placement_group_id": "",
            "public_ip_address": "4.233.141.17",
            "public_ip_addresses": [
              "4.233.141.17"
            ],
            "reboot_setting": "",
            "resource_group_name": "CA-2",
            "secret": [],
            "secure_boot_enabled": false,
            "size": "Standard_B2ats_v2",
            "source_image_id": "",
            "source_image_reference": [
              {
                "offer": "ubuntu-24_04-lts",
                "publisher": "Canonical",
                "sku": "server",
                "version": "latest"
              }
            ],
            "tags": {},
            "termination_notification": [],
            "timeouts": null,
            "user_data": "",
            "virtual_machine_id": "100e3140-bd3e-4d38-a010-d267bbcc3cf1",
            "virtual_machine_scale_set_id": "",
            "vm_agent_platform_updates_enabled": false,
            "vtpm_enabled": false,
            "zone": "3"
          },
          "sensitive_attributes": [
            [
              {
                "type": "get_attr",
                "value": "admin_password"
              }
            ],
            [
              {
                "type": "get_attr",
                "value": "custom_data"
              }
            ]
          ],
          "identity_schema_version": 0,
          "private": "eyJlMmJmYjczMC1lY2FhLTExZTYtOGY4OC0zNDM2M2JjN2M0YzAiOnsiY3JlYXRlIjoyNzAwMDAwMDAwMDAwLCJkZWxldGUiOjI3MDAwMDAwMDAwMDAsInJlYWQiOjMwMDAwMDAwMDAwMCwidXBkYXRlIjoyNzAwMDAwMDAwMDAwfX0=",
          "dependencies": [
            "azurerm_network_interface.nic",
            "azurerm_public_ip.pip",
            "azurerm_resource_group.ca2",
            "azurerm_subnet.subnet",
            "azurerm_virtual_network.vnet"
          ]
        }
      ]
    },
    {
      "mode": "managed",
      "type": "azurerm_network_interface",
      "name": "nic",
      "provider": "provider[\"registry.terraform.io/hashicorp/azurerm\"]",
      "instances": [
        {
          "schema_version": 0,
          "attributes": {
            "accelerated_networking_enabled": false,
            "applied_dns_servers": [],
            "auxiliary_mode": "",
            "auxiliary_sku": "",
            "dns_servers": [],
            "edge_zone": "",
            "enable_accelerated_networking": false,
            "enable_ip_forwarding": false,
            "id": "/subscriptions/6df1ad01-3d74-4fdd-b3a6-7e1b64e04317/resourceGroups/CA-2/providers/Microsoft.Network/networkInterfaces/ca2-nic",
            "internal_dns_name_label": "",
            "internal_domain_name_suffix": "ewsnqelurpge5bu5yiyuog1uwf.parx.internal.cloudapp.net",
            "ip_configuration": [
              {
                "gateway_load_balancer_frontend_ip_configuration_id": "",
                "name": "internal",
                "primary": true,
                "private_ip_address": "10.0.1.4",
                "private_ip_address_allocation": "Dynamic",
                "private_ip_address_version": "IPv4",
                "public_ip_address_id": "/subscriptions/6df1ad01-3d74-4fdd-b3a6-7e1b64e04317/resourceGroups/CA-2/providers/Microsoft.Network/publicIPAddresses/ca2-pip",
                "subnet_id": "/subscriptions/6df1ad01-3d74-4fdd-b3a6-7e1b64e04317/resourceGroups/CA-2/providers/Microsoft.Network/virtualNetworks/ca2-vnet/subnets/ca2-subnet"
              }
            ],
            "ip_forwarding_enabled": false,
            "location": "francecentral",
            "mac_address": "70-A8-A5-50-A4-58",
            "name": "ca2-nic",
            "private_ip_address": "10.0.1.4",
            "private_ip_addresses": [
              "10.0.1.4"
            ],
            "resource_group_name": "CA-2",
            "tags": {},
            "timeouts": null,
            "virtual_machine_id": "/subscriptions/6df1ad01-3d74-4fdd-b3a6-7e1b64e04317/resourceGroups/CA-2/providers/Microsoft.Compute/virtualMachines/ca2-vm"
          },
          "sensitive_attributes": [],
          "identity_schema_version": 0,
          "private": "eyJlMmJmYjczMC1lY2FhLTExZTYtOGY4OC0zNDM2M2JjN2M0YzAiOnsiY3JlYXRlIjoxODAwMDAwMDAwMDAwLCJkZWxldGUiOjE4MDAwMDAwMDAwMDAsInJlYWQiOjMwMDAwMDAwMDAwMCwidXBkYXRlIjoxODAwMDAwMDAwMDAwfX0=",
          "dependencies": [
            "azurerm_public_ip.pip",
            "azurerm_resource_group.ca2",
            "azurerm_subnet.subnet",
            "azurerm_virtual_network.vnet"
          ]
        }
      ]
    },
    {
      "mode": "managed",
      "type": "azurerm_network_interface_security_group_association",
      "name": "nic_nsg",
      "provider": "provider[\"registry.terraform.io/hashicorp/azurerm\"]",
      "instances": [
        {
          "schema_version": 0,
          "attributes": {
            "id": "/subscriptions/6df1ad01-3d74-4fdd-b3a6-7e1b64e04317/resourceGroups/CA-2/providers/Microsoft.Network/networkInterfaces/ca2-nic|/subscriptions/6df1ad01-3d74-4fdd-b3a6-7e1b64e04317/resourceGroups/CA-2/providers/Microsoft.Network/networkSecurityGroups/ca2-nsg",
            "network_interface_id": "/subscriptions/6df1ad01-3d74-4fdd-b3a6-7e1b64e04317/resourceGroups/CA-2/providers/Microsoft.Network/networkInterfaces/ca2-nic",
            "network_security_group_id": "/subscriptions/6df1ad01-3d74-4fdd-b3a6-7e1b64e04317/resourceGroups/CA-2/providers/Microsoft.Network/networkSecurityGroups/ca2-nsg",
            "timeouts": null
          },
          "sensitive_attributes": [],
          "identity_schema_version": 0,
          "private": "eyJlMmJmYjczMC1lY2FhLTExZTYtOGY4OC0zNDM2M2JjN2M0YzAiOnsiY3JlYXRlIjoxODAwMDAwMDAwMDAwLCJkZWxldGUiOjE4MDAwMDAwMDAwMDAsInJlYWQiOjMwMDAwMDAwMDAwMH19",
          "dependencies": [
            "azurerm_network_interface.nic",
            "azurerm_network_security_group.nsg",
            "azurerm_public_ip.pip",
            "azurerm_resource_group.ca2",
            "azurerm_subnet.subnet",
            "azurerm_virtual_network.vnet"
          ]
        }
      ]
    },
    {
      "mode": "managed",
      "type": "azurerm_network_security_group",
      "name": "nsg",
      "provider": "provider[\"registry.terraform.io/hashicorp/azurerm\"]",
      "instances": [
        {
          "schema_version": 0,
          "attributes": {
            "id": "/subscriptions/6df1ad01-3d74-4fdd-b3a6-7e1b64e04317/resourceGroups/CA-2/providers/Microsoft.Network/networkSecurityGroups/ca2-nsg",
            "location": "francecentral",
            "name": "ca2-nsg",
            "resource_group_name": "CA-2",
            "security_rule": [
              {
                "access": "Allow",
                "description": "",
                "destination_address_prefix": "*",
                "destination_address_prefixes": [],
                "destination_application_security_group_ids": [],
                "destination_port_range": "22",
                "destination_port_ranges": [],
                "direction": "Inbound",
                "name": "allow-ssh",
                "priority": 100,
                "protocol": "Tcp",
                "source_address_prefix": "*",
                "source_address_prefixes": [],
                "source_application_security_group_ids": [],
                "source_port_range": "*",
                "source_port_ranges": []
              }
            ],
            "tags": {},
            "timeouts": null
          },
          "sensitive_attributes": [],
          "identity_schema_version": 0,
          "private": "eyJlMmJmYjczMC1lY2FhLTExZTYtOGY4OC0zNDM2M2JjN2M0YzAiOnsiY3JlYXRlIjoxODAwMDAwMDAwMDAwLCJkZWxldGUiOjE4MDAwMDAwMDAwMDAsInJlYWQiOjMwMDAwMDAwMDAwMCwidXBkYXRlIjoxODAwMDAwMDAwMDAwfX0=",
          "dependencies": [
            "azurerm_resource_group.ca2"
          ]
        }
      ]
    },
    {
      "mode": "managed",
      "type": "azurerm_public_ip",
      "name": "pip",
      "provider": "provider[\"registry.terraform.io/hashicorp/azurerm\"]",
      "instances": [
        {
          "schema_version": 0,
          "attributes": {
            "allocation_method": "Static",
            "ddos_protection_mode": "VirtualNetworkInherited",
            "ddos_protection_plan_id": null,
            "domain_name_label": null,
            "edge_zone": "",
            "fqdn": null,
            "id": "/subscriptions/6df1ad01-3d74-4fdd-b3a6-7e1b64e04317/resourceGroups/CA-2/providers/Microsoft.Network/publicIPAddresses/ca2-pip",
            "idle_timeout_in_minutes": 4,
            "ip_address": "4.233.141.17",
            "ip_tags": {},
            "ip_version": "IPv4",
            "location": "francecentral",
            "name": "ca2-pip",
            "public_ip_prefix_id": null,
            "resource_group_name": "CA-2",
            "reverse_fqdn": null,
            "sku": "Standard",
            "sku_tier": "Regional",
            "tags": {},
            "timeouts": null,
            "zones": [
              "3"
            ]
          },
          "sensitive_attributes": [],
          "identity_schema_version": 0,
          "private": "eyJlMmJmYjczMC1lY2FhLTExZTYtOGY4OC0zNDM2M2JjN2M0YzAiOnsiY3JlYXRlIjoxODAwMDAwMDAwMDAwLCJkZWxldGUiOjE4MDAwMDAwMDAwMDAsInJlYWQiOjMwMDAwMDAwMDAwMCwidXBkYXRlIjoxODAwMDAwMDAwMDAwfX0=",
          "dependencies": [
            "azurerm_resource_group.ca2"
          ]
        }
      ]
    },
    {
      "mode": "managed",
      "type": "azurerm_resource_group",
      "name": "ca2",
      "provider": "provider[\"registry.terraform.io/hashicorp/azurerm\"]",
      "instances": [
        {
          "schema_version": 0,
          "attributes": {
            "id": "/subscriptions/6df1ad01-3d74-4fdd-b3a6-7e1b64e04317/resourceGroups/CA-2",
            "location": "francecentral",
            "managed_by": "",
            "name": "CA-2",
            "tags": {},
            "timeouts": null
          },
          "sensitive_attributes": [],
          "identity_schema_version": 0,
          "private": "eyJlMmJmYjczMC1lY2FhLTExZTYtOGY4OC0zNDM2M2JjN2M0YzAiOnsiY3JlYXRlIjo1NDAwMDAwMDAwMDAwLCJkZWxldGUiOjU0MDAwMDAwMDAwMDAsInJlYWQiOjMwMDAwMDAwMDAwMCwidXBkYXRlIjo1NDAwMDAwMDAwMDAwfX0="
        }
      ]
    },
    {
      "mode": "managed",
      "type": "azurerm_subnet",
      "name": "subnet",
      "provider": "provider[\"registry.terraform.io/hashicorp/azurerm\"]",
      "instances": [
        {
          "schema_version": 0,
          "attributes": {
            "address_prefixes": [
              "10.0.1.0/24"
            ],
            "default_outbound_access_enabled": true,
            "delegation": [],
            "enforce_private_link_endpoint_network_policies": false,
            "enforce_private_link_service_network_policies": false,
            "id": "/subscriptions/6df1ad01-3d74-4fdd-b3a6-7e1b64e04317/resourceGroups/CA-2/providers/Microsoft.Network/virtualNetworks/ca2-vnet/subnets/ca2-subnet",
            "name": "ca2-subnet",
            "private_endpoint_network_policies": "Enabled",
            "private_endpoint_network_policies_enabled": true,
            "private_link_service_network_policies_enabled": true,
            "resource_group_name": "CA-2",
            "service_endpoint_policy_ids": [],
            "service_endpoints": [],
            "timeouts": null,
            "virtual_network_name": "ca2-vnet"
          },
          "sensitive_attributes": [],
          "identity_schema_version": 0,
          "private": "eyJlMmJmYjczMC1lY2FhLTExZTYtOGY4OC0zNDM2M2JjN2M0YzAiOnsiY3JlYXRlIjoxODAwMDAwMDAwMDAwLCJkZWxldGUiOjE4MDAwMDAwMDAwMDAsInJlYWQiOjMwMDAwMDAwMDAwMCwidXBkYXRlIjoxODAwMDAwMDAwMDAwfX0=",
          "dependencies": [
            "azurerm_resource_group.ca2",
            "azurerm_virtual_network.vnet"
          ]
        }
      ]
    },
    {
      "mode": "managed",
      "type": "azurerm_virtual_network",
      "name": "vnet",
      "provider": "provider[\"registry.terraform.io/hashicorp/azurerm\"]",
      "instances": [
        {
          "schema_version": 0,
          "attributes": {
            "address_space": [
              "10.0.0.0/16"
            ],
            "bgp_community": "",
            "ddos_protection_plan": [],
            "dns_servers": [],
            "edge_zone": "",
            "encryption": [],
            "flow_timeout_in_minutes": 0,
            "guid": "11d8a425-8b74-4fcc-869f-c231471b74b5",
            "id": "/subscriptions/6df1ad01-3d74-4fdd-b3a6-7e1b64e04317/resourceGroups/CA-2/providers/Microsoft.Network/virtualNetworks/ca2-vnet",
            "location": "francecentral",
            "name": "ca2-vnet",
            "resource_group_name": "CA-2",
            "subnet": [
              {
                "address_prefix": "10.0.1.0/24",
                "id": "/subscriptions/6df1ad01-3d74-4fdd-b3a6-7e1b64e04317/resourceGroups/CA-2/providers/Microsoft.Network/virtualNetworks/ca2-vnet/subnets/ca2-subnet",
                "name": "ca2-subnet",
                "security_group": ""
              }
            ],
            "tags": {},
            "timeouts": null
          },
          "sensitive_attributes": [],
          "identity_schema_version": 0,
          "private": "eyJlMmJmYjczMC1lY2FhLTExZTYtOGY4OC0zNDM2M2JjN2M0YzAiOnsiY3JlYXRlIjoxODAwMDAwMDAwMDAwLCJkZWxldGUiOjE4MDAwMDAwMDAwMDAsInJlYWQiOjMwMDAwMDAwMDAwMCwidXBkYXRlIjoxODAwMDAwMDAwMDAwfX0=",
          "dependencies": [
            "azurerm_resource_group.ca2"
          ]
        }
      ]
    },
    {
      "mode": "managed",
      "type": "local_file",
      "name": "ansible_inventory",
      "provider": "provider[\"registry.terraform.io/hashicorp/local\"]",
      "instances": [
        {
          "schema_version": 0,
          "attributes": {
            "content": "[all:vars]\nansible_ssh_common_args='-o StrictHostKeyChecking=no'\nansible_python_interpreter=/usr/bin/python3\nansible_user=azureuser\nca2-vm ansible_host=4.233.141.17 \n\n\n[CA2]\nca2-vm ansible_host=4.233.141.17 ",
            "content_base64": null,
            "content_base64sha256": "0b3TbP9EVI+EKHx2Ih0UQcquELrGiqQBI85rypegTzM=",
            "content_base64sha512": "17KMaJPi6cGAroeLXwN6CVQwT1Kb4qZGJC0G5EUja8NaQy7p7dEXJHYCVjs1p35q9K3cSKx+K8qNKE+DFDxpFw==",
            "content_md5": "1bb2cc4161f0f5815777c9577c0bcf9e",
            "content_sha1": "faa444bab29075322a1a744d20bdd6aaa097d248",
            "content_sha256": "d1bdd36cff44548f84287c76221d1441caae10bac68aa40123ce6bca97a04f33",
            "content_sha512": "d7b28c6893e2e9c180ae878b5f037a0954304f529be2a646242d06e445236bc35a432ee9edd117247602563b35a77e6af4addc48ac7e2bca8d284f83143c6917",
            "directory_permission": "0777",
            "file_permission": "0777",
            "filename": "./../ansible/inventory.ini",
            "id": "faa444bab29075322a1a744d20bdd6aaa097d248",
            "sensitive_content": null,
            "source": null
          },
          "sensitive_attributes": [
            [
              {
                "type": "get_attr",
                "value": "sensitive_content"
              }
            ]
          ],
          "identity_schema_version": 0,
          "dependencies": [
            "azurerm_linux_virtual_machine.vm",
            "azurerm_network_interface.nic",
            "azurerm_public_ip.pip",
            "azurerm_resource_group.ca2",
            "azurerm_subnet.subnet",
            "azurerm_virtual_network.vnet"
          ]
        }
      ]
    }
  ],
  "check_results": null
}
