{
  "version": 4,
  "terraform_version": "1.14.8",
  "serial": 203,
  "lineage": "e231af3f-705a-b85a-2e27-7c23436bb104",
  "outputs": {
    "public_ip_address": {
      "value": [
        "20.199.43.203",
        "40.66.41.141"
      ],
      "type": [
        "tuple",
        [
          "string",
          "string"
        ]
      ]
    },
    "ssh_command": {
      "value": [
        "ssh -i ./id_rsa_ca2 azureuser@20.199.43.203",
        "ssh -i ./id_rsa_ca2 azureuser@40.66.41.141"
      ],
      "type": [
        "tuple",
        [
          "string",
          "string"
        ]
      ]
    }
  },
  "resources": [
    {
      "mode": "managed",
      "type": "azurerm_linux_virtual_machine",
      "name": "vm",
      "provider": "provider[\"registry.terraform.io/hashicorp/azurerm\"]",
      "instances": [
        {
          "index_key": 0,
          "schema_version": 0,
          "attributes": {
            "additional_capabilities": [],
            "admin_password": null,
            "admin_ssh_key": [
              {
                "public_key": "ssh-rsa AAAAB3NzaC1yc2EAAAADAQABAAACAQDHyqL2x5SqMMux7GzOczGYVVUHrahop6zz6NX7CLeBOaBkTv676kD/2Yd1l62ooQrI9Mcd8hMsEUmKy6XNzFQCVFwjoTPW1+aJV+zMxrwO4jiSidtrAoja3QOxlDBUzRc/KHoUSCl0Fx0wtt3exTUtFPX73H0cRT9+rSx+sAiwNeA8GVqkdKQmAeQJlMEKnUWs9AUmaeyZ/Q7WqnDZsX2Fs9Q7rspXfkCZAzW4NQ2JpZk+2B6W7fQmXZxx+JiVG7bSDK91Zu4uiBdQIRvFj6bR29rQ5lZ3j8/90u312Eo1Fsxcyy5I1M1FwjgihVPmtIGzy09plxGkXHpARAnYVlGr8SJ2MMJAaWzSqeWGxjcDU9xA73ZlJVs8BhURqiYJzrSQ4+xrbtnmHKm1fyqKsxyX+mAP9iX6g3e6KuoDBgheYbJSSTcMDfq0J2JNEd9tZqpe/Pk0WG+0R7NL7Ea7rqhI06UzCzy6BFTaUHTvXQ3CQ16y4tnQVc4S0KOstrWB8wehn7wRFFOzdIIrdvgIPXmcSZT5Uoye1jsV939C5e91wlzcrLSCOiNqsFfEHdZBBEtCzYGYsDByL2NEommHPEsPSQFaCiFTTbs3iCeDsjaaaw98qBtYUNtKna3ftf4129cSYLkmKye4RoH/vhOSMFxZmkQp6YZiGwvx8QzJ21aRIw==\n",
                "username": "azureuser"
              }
            ],
            "admin_username": "azureuser",
            "allow_extension_operations": true,
            "availability_set_id": "",
            "boot_diagnostics": [],
            "bypass_platform_safety_checks_on_user_schedule_enabled": false,
            "capacity_reservation_group_id": "",
            "computer_name": "ca2-vm-0",
            "custom_data": null,
            "dedicated_host_group_id": "",
            "dedicated_host_id": "",
            "disable_password_authentication": true,
            "disk_controller_type": "SCSI",
            "edge_zone": "",
            "encryption_at_host_enabled": false,
            "eviction_policy": "",
            "extensions_time_budget": "PT1H30M",
            "gallery_application": [],
            "id": "/subscriptions/6df1ad01-3d74-4fdd-b3a6-7e1b64e04317/resourceGroups/CA-2/providers/Microsoft.Compute/virtualMachines/ca2-vm-0",
            "identity": [],
            "license_type": "",
            "location": "francecentral",
            "max_bid_price": -1,
            "name": "ca2-vm-0",
            "network_interface_ids": [
              "/subscriptions/6df1ad01-3d74-4fdd-b3a6-7e1b64e04317/resourceGroups/CA-2/providers/Microsoft.Network/networkInterfaces/ca2-nic-0"
            ],
            "os_disk": [
              {
                "caching": "ReadWrite",
                "diff_disk_settings": [],
                "disk_encryption_set_id": "",
                "disk_size_gb": 30,
                "name": "osdisk-0",
                "secure_vm_disk_encryption_set_id": "",
                "security_encryption_type": "",
                "storage_account_type": "Standard_LRS",
                "write_accelerator_enabled": false
              }
            ],
            "os_image_notification": [],
            "patch_assessment_mode": "ImageDefault",
            "patch_mode": "ImageDefault",
            "plan": [],
            "platform_fault_domain": -1,
            "priority": "Regular",
            "private_ip_address": "10.0.1.4",
            "private_ip_addresses": [
              "10.0.1.4"
            ],
            "provision_vm_agent": true,
            "proximity_placement_group_id": "",
            "public_ip_address": "20.199.43.203",
            "public_ip_addresses": [
              "20.199.43.203"
            ],
            "reboot_setting": "",
            "resource_group_name": "CA-2",
            "secret": [],
            "secure_boot_enabled": false,
            "size": "Standard_B2als_v2",
            "source_image_id": "",
            "source_image_reference": [
              {
                "offer": "ubuntu-24_04-lts",
                "publisher": "Canonical",
                "sku": "server",
                "version": "latest"
              }
            ],
            "tags": {},
            "termination_notification": [],
            "timeouts": null,
            "user_data": "",
            "virtual_machine_id": "1ee2d5ce-504d-4e1b-ad61-11208237f36e",
            "virtual_machine_scale_set_id": "",
            "vm_agent_platform_updates_enabled": false,
            "vtpm_enabled": false,
            "zone": "3"
          },
          "sensitive_attributes": [
            [
              {
                "type": "get_attr",
                "value": "admin_password"
              }
            ],
            [
              {
                "type": "get_attr",
                "value": "custom_data"
              }
            ]
          ],
          "identity_schema_version": 0,
          "private": "eyJlMmJmYjczMC1lY2FhLTExZTYtOGY4OC0zNDM2M2JjN2M0YzAiOnsiY3JlYXRlIjoyNzAwMDAwMDAwMDAwLCJkZWxldGUiOjI3MDAwMDAwMDAwMDAsInJlYWQiOjMwMDAwMDAwMDAwMCwidXBkYXRlIjoyNzAwMDAwMDAwMDAwfX0=",
          "dependencies": [
            "azurerm_network_interface.nic",
            "azurerm_public_ip.pip",
            "azurerm_resource_group.ca2",
            "azurerm_subnet.subnet",
            "azurerm_virtual_network.vnet",
            "tls_private_key.vm_ssh_key"
          ]
        },
        {
          "index_key": 1,
          "schema_version": 0,
          "attributes": {
            "additional_capabilities": [],
            "admin_password": null,
            "admin_ssh_key": [
              {
                "public_key": "ssh-rsa AAAAB3NzaC1yc2EAAAADAQABAAACAQDHyqL2x5SqMMux7GzOczGYVVUHrahop6zz6NX7CLeBOaBkTv676kD/2Yd1l62ooQrI9Mcd8hMsEUmKy6XNzFQCVFwjoTPW1+aJV+zMxrwO4jiSidtrAoja3QOxlDBUzRc/KHoUSCl0Fx0wtt3exTUtFPX73H0cRT9+rSx+sAiwNeA8GVqkdKQmAeQJlMEKnUWs9AUmaeyZ/Q7WqnDZsX2Fs9Q7rspXfkCZAzW4NQ2JpZk+2B6W7fQmXZxx+JiVG7bSDK91Zu4uiBdQIRvFj6bR29rQ5lZ3j8/90u312Eo1Fsxcyy5I1M1FwjgihVPmtIGzy09plxGkXHpARAnYVlGr8SJ2MMJAaWzSqeWGxjcDU9xA73ZlJVs8BhURqiYJzrSQ4+xrbtnmHKm1fyqKsxyX+mAP9iX6g3e6KuoDBgheYbJSSTcMDfq0J2JNEd9tZqpe/Pk0WG+0R7NL7Ea7rqhI06UzCzy6BFTaUHTvXQ3CQ16y4tnQVc4S0KOstrWB8wehn7wRFFOzdIIrdvgIPXmcSZT5Uoye1jsV939C5e91wlzcrLSCOiNqsFfEHdZBBEtCzYGYsDByL2NEommHPEsPSQFaCiFTTbs3iCeDsjaaaw98qBtYUNtKna3ftf4129cSYLkmKye4RoH/vhOSMFxZmkQp6YZiGwvx8QzJ21aRIw==\n",
                "username": "azureuser"
              }
            ],
            "admin_username": "azureuser",
            "allow_extension_operations": true,
            "availability_set_id": "",
            "boot_diagnostics": [],
            "bypass_platform_safety_checks_on_user_schedule_enabled": false,
            "capacity_reservation_group_id": "",
            "computer_name": "ca2-vm-1",
            "custom_data": null,
            "dedicated_host_group_id": "",
            "dedicated_host_id": "",
            "disable_password_authentication": true,
            "disk_controller_type": "SCSI",
            "edge_zone": "",
            "encryption_at_host_enabled": false,
            "eviction_policy": "",
            "extensions_time_budget": "PT1H30M",
            "gallery_application": [],
            "id": "/subscriptions/6df1ad01-3d74-4fdd-b3a6-7e1b64e04317/resourceGroups/CA-2/providers/Microsoft.Compute/virtualMachines/ca2-vm-1",
            "identity": [],
            "license_type": "",
            "location": "francecentral",
            "max_bid_price": -1,
            "name": "ca2-vm-1",
            "network_interface_ids": [
              "/subscriptions/6df1ad01-3d74-4fdd-b3a6-7e1b64e04317/resourceGroups/CA-2/providers/Microsoft.Network/networkInterfaces/ca2-nic-1"
            ],
            "os_disk": [
              {
                "caching": "ReadWrite",
                "diff_disk_settings": [],
                "disk_encryption_set_id": "",
                "disk_size_gb": 30,
                "name": "osdisk-1",
                "secure_vm_disk_encryption_set_id": "",
                "security_encryption_type": "",
                "storage_account_type": "Standard_LRS",
                "write_accelerator_enabled": false
              }
            ],
            "os_image_notification": [],
            "patch_assessment_mode": "ImageDefault",
            "patch_mode": "ImageDefault",
            "plan": [],
            "platform_fault_domain": -1,
            "priority": "Regular",
            "private_ip_address": "10.0.1.5",
            "private_ip_addresses": [
              "10.0.1.5"
            ],
            "provision_vm_agent": true,
            "proximity_placement_group_id": "",
            "public_ip_address": "40.66.41.141",
            "public_ip_addresses": [
              "40.66.41.141"
            ],
            "reboot_setting": "",
            "resource_group_name": "CA-2",
            "secret": [],
            "secure_boot_enabled": false,
            "size": "Standard_B2als_v2",
            "source_image_id": "",
            "source_image_reference": [
              {
                "offer": "ubuntu-24_04-lts",
                "publisher": "Canonical",
                "sku": "server",
                "version": "latest"
              }
            ],
            "tags": {},
            "termination_notification": [],
            "timeouts": null,
            "user_data": "",
            "virtual_machine_id": "da362942-7b05-4033-b6d3-c92659bf3a2e",
            "virtual_machine_scale_set_id": "",
            "vm_agent_platform_updates_enabled": false,
            "vtpm_enabled": false,
            "zone": "3"
          },
          "sensitive_attributes": [
            [
              {
                "type": "get_attr",
                "value": "admin_password"
              }
            ],
            [
              {
                "type": "get_attr",
                "value": "custom_data"
              }
            ]
          ],
          "identity_schema_version": 0,
          "private": "eyJlMmJmYjczMC1lY2FhLTExZTYtOGY4OC0zNDM2M2JjN2M0YzAiOnsiY3JlYXRlIjoyNzAwMDAwMDAwMDAwLCJkZWxldGUiOjI3MDAwMDAwMDAwMDAsInJlYWQiOjMwMDAwMDAwMDAwMCwidXBkYXRlIjoyNzAwMDAwMDAwMDAwfX0=",
          "dependencies": [
            "azurerm_network_interface.nic",
            "azurerm_public_ip.pip",
            "azurerm_resource_group.ca2",
            "azurerm_subnet.subnet",
            "azurerm_virtual_network.vnet",
            "tls_private_key.vm_ssh_key"
          ]
        }
      ]
    },
    {
      "mode": "managed",
      "type": "azurerm_network_interface",
      "name": "nic",
      "provider": "provider[\"registry.terraform.io/hashicorp/azurerm\"]",
      "instances": [
        {
          "index_key": 0,
          "schema_version": 0,
          "attributes": {
            "accelerated_networking_enabled": false,
            "applied_dns_servers": [],
            "auxiliary_mode": "",
            "auxiliary_sku": "",
            "dns_servers": [],
            "edge_zone": "",
            "enable_accelerated_networking": false,
            "enable_ip_forwarding": false,
            "id": "/subscriptions/6df1ad01-3d74-4fdd-b3a6-7e1b64e04317/resourceGroups/CA-2/providers/Microsoft.Network/networkInterfaces/ca2-nic-0",
            "internal_dns_name_label": "",
            "internal_domain_name_suffix": "o1ynwgfaznzuznxf322arz41qd.parx.internal.cloudapp.net",
            "ip_configuration": [
              {
                "gateway_load_balancer_frontend_ip_configuration_id": "",
                "name": "internal",
                "primary": true,
                "private_ip_address": "10.0.1.4",
                "private_ip_address_allocation": "Dynamic",
                "private_ip_address_version": "IPv4",
                "public_ip_address_id": "/subscriptions/6df1ad01-3d74-4fdd-b3a6-7e1b64e04317/resourceGroups/CA-2/providers/Microsoft.Network/publicIPAddresses/ca2-pip-0",
                "subnet_id": "/subscriptions/6df1ad01-3d74-4fdd-b3a6-7e1b64e04317/resourceGroups/CA-2/providers/Microsoft.Network/virtualNetworks/ca2-vnet/subnets/ca2-subnet"
              }
            ],
            "ip_forwarding_enabled": false,
            "location": "francecentral",
            "mac_address": "70-A8-A5-4F-93-37",
            "name": "ca2-nic-0",
            "private_ip_address": "10.0.1.4",
            "private_ip_addresses": [
              "10.0.1.4"
            ],
            "resource_group_name": "CA-2",
            "tags": {},
            "timeouts": null,
            "virtual_machine_id": "/subscriptions/6df1ad01-3d74-4fdd-b3a6-7e1b64e04317/resourceGroups/CA-2/providers/Microsoft.Compute/virtualMachines/ca2-vm-0"
          },
          "sensitive_attributes": [],
          "identity_schema_version": 0,
          "private": "eyJlMmJmYjczMC1lY2FhLTExZTYtOGY4OC0zNDM2M2JjN2M0YzAiOnsiY3JlYXRlIjoxODAwMDAwMDAwMDAwLCJkZWxldGUiOjE4MDAwMDAwMDAwMDAsInJlYWQiOjMwMDAwMDAwMDAwMCwidXBkYXRlIjoxODAwMDAwMDAwMDAwfX0=",
          "dependencies": [
            "azurerm_public_ip.pip",
            "azurerm_resource_group.ca2",
            "azurerm_subnet.subnet",
            "azurerm_virtual_network.vnet"
          ]
        },
        {
          "index_key": 1,
          "schema_version": 0,
          "attributes": {
            "accelerated_networking_enabled": false,
            "applied_dns_servers": [],
            "auxiliary_mode": "",
            "auxiliary_sku": "",
            "dns_servers": [],
            "edge_zone": "",
            "enable_accelerated_networking": false,
            "enable_ip_forwarding": false,
            "id": "/subscriptions/6df1ad01-3d74-4fdd-b3a6-7e1b64e04317/resourceGroups/CA-2/providers/Microsoft.Network/networkInterfaces/ca2-nic-1",
            "internal_dns_name_label": "",
            "internal_domain_name_suffix": "o1ynwgfaznzuznxf322arz41qd.parx.internal.cloudapp.net",
            "ip_configuration": [
              {
                "gateway_load_balancer_frontend_ip_configuration_id": "",
                "name": "internal",
                "primary": true,
                "private_ip_address": "10.0.1.5",
                "private_ip_address_allocation": "Dynamic",
                "private_ip_address_version": "IPv4",
                "public_ip_address_id": "/subscriptions/6df1ad01-3d74-4fdd-b3a6-7e1b64e04317/resourceGroups/CA-2/providers/Microsoft.Network/publicIPAddresses/ca2-pip-1",
                "subnet_id": "/subscriptions/6df1ad01-3d74-4fdd-b3a6-7e1b64e04317/resourceGroups/CA-2/providers/Microsoft.Network/virtualNetworks/ca2-vnet/subnets/ca2-subnet"
              }
            ],
            "ip_forwarding_enabled": false,
            "location": "francecentral",
            "mac_address": "70-A8-A5-4F-C4-C0",
            "name": "ca2-nic-1",
            "private_ip_address": "10.0.1.5",
            "private_ip_addresses": [
              "10.0.1.5"
            ],
            "resource_group_name": "CA-2",
            "tags": {},
            "timeouts": null,
            "virtual_machine_id": "/subscriptions/6df1ad01-3d74-4fdd-b3a6-7e1b64e04317/resourceGroups/CA-2/providers/Microsoft.Compute/virtualMachines/ca2-vm-1"
          },
          "sensitive_attributes": [],
          "identity_schema_version": 0,
          "private": "eyJlMmJmYjczMC1lY2FhLTExZTYtOGY4OC0zNDM2M2JjN2M0YzAiOnsiY3JlYXRlIjoxODAwMDAwMDAwMDAwLCJkZWxldGUiOjE4MDAwMDAwMDAwMDAsInJlYWQiOjMwMDAwMDAwMDAwMCwidXBkYXRlIjoxODAwMDAwMDAwMDAwfX0=",
          "dependencies": [
            "azurerm_public_ip.pip",
            "azurerm_resource_group.ca2",
            "azurerm_subnet.subnet",
            "azurerm_virtual_network.vnet"
          ]
        }
      ]
    },
    {
      "mode": "managed",
      "type": "azurerm_network_interface_security_group_association",
      "name": "nic_nsg",
      "provider": "provider[\"registry.terraform.io/hashicorp/azurerm\"]",
      "instances": [
        {
          "index_key": 0,
          "schema_version": 0,
          "attributes": {
            "id": "/subscriptions/6df1ad01-3d74-4fdd-b3a6-7e1b64e04317/resourceGroups/CA-2/providers/Microsoft.Network/networkInterfaces/ca2-nic-0|/subscriptions/6df1ad01-3d74-4fdd-b3a6-7e1b64e04317/resourceGroups/CA-2/providers/Microsoft.Network/networkSecurityGroups/ca2-nsg",
            "network_interface_id": "/subscriptions/6df1ad01-3d74-4fdd-b3a6-7e1b64e04317/resourceGroups/CA-2/providers/Microsoft.Network/networkInterfaces/ca2-nic-0",
            "network_security_group_id": "/subscriptions/6df1ad01-3d74-4fdd-b3a6-7e1b64e04317/resourceGroups/CA-2/providers/Microsoft.Network/networkSecurityGroups/ca2-nsg",
            "timeouts": null
          },
          "sensitive_attributes": [],
          "identity_schema_version": 0,
          "private": "eyJlMmJmYjczMC1lY2FhLTExZTYtOGY4OC0zNDM2M2JjN2M0YzAiOnsiY3JlYXRlIjoxODAwMDAwMDAwMDAwLCJkZWxldGUiOjE4MDAwMDAwMDAwMDAsInJlYWQiOjMwMDAwMDAwMDAwMH19",
          "dependencies": [
            "azurerm_network_interface.nic",
            "azurerm_network_security_group.nsg",
            "azurerm_public_ip.pip",
            "azurerm_resource_group.ca2",
            "azurerm_subnet.subnet",
            "azurerm_virtual_network.vnet"
          ]
        },
        {
          "index_key": 1,
          "schema_version": 0,
          "attributes": {
            "id": "/subscriptions/6df1ad01-3d74-4fdd-b3a6-7e1b64e04317/resourceGroups/CA-2/providers/Microsoft.Network/networkInterfaces/ca2-nic-1|/subscriptions/6df1ad01-3d74-4fdd-b3a6-7e1b64e04317/resourceGroups/CA-2/providers/Microsoft.Network/networkSecurityGroups/ca2-nsg",
            "network_interface_id": "/subscriptions/6df1ad01-3d74-4fdd-b3a6-7e1b64e04317/resourceGroups/CA-2/providers/Microsoft.Network/networkInterfaces/ca2-nic-1",
            "network_security_group_id": "/subscriptions/6df1ad01-3d74-4fdd-b3a6-7e1b64e04317/resourceGroups/CA-2/providers/Microsoft.Network/networkSecurityGroups/ca2-nsg",
            "timeouts": null
          },
          "sensitive_attributes": [],
          "identity_schema_version": 0,
          "private": "eyJlMmJmYjczMC1lY2FhLTExZTYtOGY4OC0zNDM2M2JjN2M0YzAiOnsiY3JlYXRlIjoxODAwMDAwMDAwMDAwLCJkZWxldGUiOjE4MDAwMDAwMDAwMDAsInJlYWQiOjMwMDAwMDAwMDAwMH19",
          "dependencies": [
            "azurerm_network_interface.nic",
            "azurerm_network_security_group.nsg",
            "azurerm_public_ip.pip",
            "azurerm_resource_group.ca2",
            "azurerm_subnet.subnet",
            "azurerm_virtual_network.vnet"
          ]
        }
      ]
    },
    {
      "mode": "managed",
      "type": "azurerm_network_security_group",
      "name": "nsg",
      "provider": "provider[\"registry.terraform.io/hashicorp/azurerm\"]",
      "instances": [
        {
          "schema_version": 0,
          "attributes": {
            "id": "/subscriptions/6df1ad01-3d74-4fdd-b3a6-7e1b64e04317/resourceGroups/CA-2/providers/Microsoft.Network/networkSecurityGroups/ca2-nsg",
            "location": "francecentral",
            "name": "ca2-nsg",
            "resource_group_name": "CA-2",
            "security_rule": [
              {
                "access": "Allow",
                "description": null,
                "destination_address_prefix": "*",
                "destination_address_prefixes": [],
                "destination_application_security_group_ids": [],
                "destination_port_range": "22",
                "destination_port_ranges": [],
                "direction": "Inbound",
                "name": "allow-ssh",
                "priority": 100,
                "protocol": "Tcp",
                "source_address_prefix": "95.44.98.27",
                "source_address_prefixes": [],
                "source_application_security_group_ids": [],
                "source_port_range": "*",
                "source_port_ranges": []
              },
              {
                "access": "Allow",
                "description": null,
                "destination_address_prefix": "*",
                "destination_address_prefixes": [],
                "destination_application_security_group_ids": [],
                "destination_port_range": "3001",
                "destination_port_ranges": [],
                "direction": "Inbound",
                "name": "allow-api",
                "priority": 102,
                "protocol": "Tcp",
                "source_address_prefix": "95.44.98.27",
                "source_address_prefixes": [],
                "source_application_security_group_ids": [],
                "source_port_range": "*",
                "source_port_ranges": []
              },
              {
                "access": "Allow",
                "description": null,
                "destination_address_prefix": "*",
                "destination_address_prefixes": [],
                "destination_application_security_group_ids": [],
                "destination_port_range": "5173",
                "destination_port_ranges": [],
                "direction": "Inbound",
                "name": "allow-frontend",
                "priority": 103,
                "protocol": "Tcp",
                "source_address_prefix": "95.44.98.27",
                "source_address_prefixes": [],
                "source_application_security_group_ids": [],
                "source_port_range": "*",
                "source_port_ranges": []
              },
              {
                "access": "Allow",
                "description": null,
                "destination_address_prefix": "*",
                "destination_address_prefixes": [],
                "destination_application_security_group_ids": [],
                "destination_port_range": "80",
                "destination_port_ranges": [],
                "direction": "Inbound",
                "name": "allow-http",
                "priority": 104,
                "protocol": "Tcp",
                "source_address_prefix": "*",
                "source_address_prefixes": [],
                "source_application_security_group_ids": [],
                "source_port_range": "*",
                "source_port_ranges": []
              },
              {
                "access": "Allow",
                "description": null,
                "destination_address_prefix": "*",
                "destination_address_prefixes": [],
                "destination_application_security_group_ids": [],
                "destination_port_range": "8081",
                "destination_port_ranges": [],
                "direction": "Inbound",
                "name": "allow-mongo-express",
                "priority": 101,
                "protocol": "Tcp",
                "source_address_prefix": "95.44.98.27",
                "source_address_prefixes": [],
                "source_application_security_group_ids": [],
                "source_port_range": "*",
                "source_port_ranges": []
              }
            ],
            "tags": {},
            "timeouts": null
          },
          "sensitive_attributes": [],
          "identity_schema_version": 0,
          "private": "eyJlMmJmYjczMC1lY2FhLTExZTYtOGY4OC0zNDM2M2JjN2M0YzAiOnsiY3JlYXRlIjoxODAwMDAwMDAwMDAwLCJkZWxldGUiOjE4MDAwMDAwMDAwMDAsInJlYWQiOjMwMDAwMDAwMDAwMCwidXBkYXRlIjoxODAwMDAwMDAwMDAwfX0=",
          "dependencies": [
            "azurerm_resource_group.ca2"
          ]
        }
      ]
    },
    {
      "mode": "managed",
      "type": "azurerm_public_ip",
      "name": "pip",
      "provider": "provider[\"registry.terraform.io/hashicorp/azurerm\"]",
      "instances": [
        {
          "index_key": 0,
          "schema_version": 0,
          "attributes": {
            "allocation_method": "Static",
            "ddos_protection_mode": "VirtualNetworkInherited",
            "ddos_protection_plan_id": null,
            "domain_name_label": null,
            "edge_zone": "",
            "fqdn": null,
            "id": "/subscriptions/6df1ad01-3d74-4fdd-b3a6-7e1b64e04317/resourceGroups/CA-2/providers/Microsoft.Network/publicIPAddresses/ca2-pip-0",
            "idle_timeout_in_minutes": 4,
            "ip_address": "20.199.43.203",
            "ip_tags": {},
            "ip_version": "IPv4",
            "location": "francecentral",
            "name": "ca2-pip-0",
            "public_ip_prefix_id": null,
            "resource_group_name": "CA-2",
            "reverse_fqdn": null,
            "sku": "Standard",
            "sku_tier": "Regional",
            "tags": {},
            "timeouts": null,
            "zones": [
              "3"
            ]
          },
          "sensitive_attributes": [],
          "identity_schema_version": 0,
          "private": "eyJlMmJmYjczMC1lY2FhLTExZTYtOGY4OC0zNDM2M2JjN2M0YzAiOnsiY3JlYXRlIjoxODAwMDAwMDAwMDAwLCJkZWxldGUiOjE4MDAwMDAwMDAwMDAsInJlYWQiOjMwMDAwMDAwMDAwMCwidXBkYXRlIjoxODAwMDAwMDAwMDAwfX0=",
          "dependencies": [
            "azurerm_resource_group.ca2"
          ]
        },
        {
          "index_key": 1,
          "schema_version": 0,
          "attributes": {
            "allocation_method": "Static",
            "ddos_protection_mode": "VirtualNetworkInherited",
            "ddos_protection_plan_id": null,
            "domain_name_label": null,
            "edge_zone": "",
            "fqdn": null,
            "id": "/subscriptions/6df1ad01-3d74-4fdd-b3a6-7e1b64e04317/resourceGroups/CA-2/providers/Microsoft.Network/publicIPAddresses/ca2-pip-1",
            "idle_timeout_in_minutes": 4,
            "ip_address": "40.66.41.141",
            "ip_tags": {},
            "ip_version": "IPv4",
            "location": "francecentral",
            "name": "ca2-pip-1",
            "public_ip_prefix_id": null,
            "resource_group_name": "CA-2",
            "reverse_fqdn": null,
            "sku": "Standard",
            "sku_tier": "Regional",
            "tags": {},
            "timeouts": null,
            "zones": [
              "3"
            ]
          },
          "sensitive_attributes": [],
          "identity_schema_version": 0,
          "private": "eyJlMmJmYjczMC1lY2FhLTExZTYtOGY4OC0zNDM2M2JjN2M0YzAiOnsiY3JlYXRlIjoxODAwMDAwMDAwMDAwLCJkZWxldGUiOjE4MDAwMDAwMDAwMDAsInJlYWQiOjMwMDAwMDAwMDAwMCwidXBkYXRlIjoxODAwMDAwMDAwMDAwfX0=",
          "dependencies": [
            "azurerm_resource_group.ca2"
          ]
        }
      ]
    },
    {
      "mode": "managed",
      "type": "azurerm_resource_group",
      "name": "ca2",
      "provider": "provider[\"registry.terraform.io/hashicorp/azurerm\"]",
      "instances": [
        {
          "schema_version": 0,
          "attributes": {
            "id": "/subscriptions/6df1ad01-3d74-4fdd-b3a6-7e1b64e04317/resourceGroups/CA-2",
            "location": "francecentral",
            "managed_by": "",
            "name": "CA-2",
            "tags": {},
            "timeouts": null
          },
          "sensitive_attributes": [],
          "identity_schema_version": 0,
          "private": "eyJlMmJmYjczMC1lY2FhLTExZTYtOGY4OC0zNDM2M2JjN2M0YzAiOnsiY3JlYXRlIjo1NDAwMDAwMDAwMDAwLCJkZWxldGUiOjU0MDAwMDAwMDAwMDAsInJlYWQiOjMwMDAwMDAwMDAwMCwidXBkYXRlIjo1NDAwMDAwMDAwMDAwfX0="
        }
      ]
    },
    {
      "mode": "managed",
      "type": "azurerm_subnet",
      "name": "subnet",
      "provider": "provider[\"registry.terraform.io/hashicorp/azurerm\"]",
      "instances": [
        {
          "schema_version": 0,
          "attributes": {
            "address_prefixes": [
              "10.0.1.0/24"
            ],
            "default_outbound_access_enabled": true,
            "delegation": [],
            "enforce_private_link_endpoint_network_policies": false,
            "enforce_private_link_service_network_policies": false,
            "id": "/subscriptions/6df1ad01-3d74-4fdd-b3a6-7e1b64e04317/resourceGroups/CA-2/providers/Microsoft.Network/virtualNetworks/ca2-vnet/subnets/ca2-subnet",
            "name": "ca2-subnet",
            "private_endpoint_network_policies": "Enabled",
            "private_endpoint_network_policies_enabled": true,
            "private_link_service_network_policies_enabled": true,
            "resource_group_name": "CA-2",
            "service_endpoint_policy_ids": [],
            "service_endpoints": [],
            "timeouts": null,
            "virtual_network_name": "ca2-vnet"
          },
          "sensitive_attributes": [],
          "identity_schema_version": 0,
          "private": "eyJlMmJmYjczMC1lY2FhLTExZTYtOGY4OC0zNDM2M2JjN2M0YzAiOnsiY3JlYXRlIjoxODAwMDAwMDAwMDAwLCJkZWxldGUiOjE4MDAwMDAwMDAwMDAsInJlYWQiOjMwMDAwMDAwMDAwMCwidXBkYXRlIjoxODAwMDAwMDAwMDAwfX0=",
          "dependencies": [
            "azurerm_resource_group.ca2",
            "azurerm_virtual_network.vnet"
          ]
        }
      ]
    },
    {
      "mode": "managed",
      "type": "azurerm_virtual_network",
      "name": "vnet",
      "provider": "provider[\"registry.terraform.io/hashicorp/azurerm\"]",
      "instances": [
        {
          "schema_version": 0,
          "attributes": {
            "address_space": [
              "10.0.0.0/16"
            ],
            "bgp_community": "",
            "ddos_protection_plan": [],
            "dns_servers": [],
            "edge_zone": "",
            "encryption": [],
            "flow_timeout_in_minutes": 0,
            "guid": "18dbf076-cba0-4c73-b6e5-ef3808e7db83",
            "id": "/subscriptions/6df1ad01-3d74-4fdd-b3a6-7e1b64e04317/resourceGroups/CA-2/providers/Microsoft.Network/virtualNetworks/ca2-vnet",
            "location": "francecentral",
            "name": "ca2-vnet",
            "resource_group_name": "CA-2",
            "subnet": [
              {
                "address_prefix": "10.0.1.0/24",
                "id": "/subscriptions/6df1ad01-3d74-4fdd-b3a6-7e1b64e04317/resourceGroups/CA-2/providers/Microsoft.Network/virtualNetworks/ca2-vnet/subnets/ca2-subnet",
                "name": "ca2-subnet",
                "security_group": ""
              }
            ],
            "tags": {},
            "timeouts": null
          },
          "sensitive_attributes": [],
          "identity_schema_version": 0,
          "private": "eyJlMmJmYjczMC1lY2FhLTExZTYtOGY4OC0zNDM2M2JjN2M0YzAiOnsiY3JlYXRlIjoxODAwMDAwMDAwMDAwLCJkZWxldGUiOjE4MDAwMDAwMDAwMDAsInJlYWQiOjMwMDAwMDAwMDAwMCwidXBkYXRlIjoxODAwMDAwMDAwMDAwfX0=",
          "dependencies": [
            "azurerm_resource_group.ca2"
          ]
        }
      ]
    },
    {
      "mode": "managed",
      "type": "local_file",
      "name": "ansible_inventory",
      "provider": "provider[\"registry.terraform.io/hashicorp/local\"]",
      "instances": [
        {
          "schema_version": 0,
          "attributes": {
            "content": "[all:vars]\nansible_ssh_common_args='-o StrictHostKeyChecking=no'\nansible_python_interpreter=/usr/bin/python3\nansible_user=azureuser\nansible_ssh_private_key_file=../terraform/id_rsa_ca2\n\n\n[CA2]\nca2-vm-0 ansible_host=20.199.43.203 ansible_user=azureuser\nca2-vm-1 ansible_host=40.66.41.141 ansible_user=azureuser\n",
            "content_base64": null,
            "content_base64sha256": "fq1hXxqUSWw4TgSalNtu18mzbJx4UxiNumuGp7HkgTA=",
            "content_base64sha512": "gdRutPFK/5VvgOLs8DMK4HT5XZOH7i4b9BHVwjVETp2RVIv5W1LQrlVAeWggUSzkSPeB5A3RXBHe+Krd6zdXDg==",
            "content_md5": "eb2520e1bcb8b8f193de2a8a007025b4",
            "content_sha1": "a0d170d744b23fd2933b31a524b250cf2b9b672f",
            "content_sha256": "7ead615f1a94496c384e049a94db6ed7c9b36c9c7853188dba6b86a7b1e48130",
            "content_sha512": "81d46eb4f14aff956f80e2ecf0330ae074f95d9387ee2e1bf411d5c235444e9d91548bf95b52d0ae5540796820512ce448f781e40dd15c11def8aaddeb37570e",
            "directory_permission": "0777",
            "file_permission": "0777",
            "filename": "./../ansible/inventory.ini",
            "id": "a0d170d744b23fd2933b31a524b250cf2b9b672f",
            "sensitive_content": null,
            "source": null
          },
          "sensitive_attributes": [
            [
              {
                "type": "get_attr",
                "value": "sensitive_content"
              }
            ]
          ],
          "identity_schema_version": 0,
          "dependencies": [
            "azurerm_linux_virtual_machine.vm",
            "azurerm_network_interface.nic",
            "azurerm_public_ip.pip",
            "azurerm_resource_group.ca2",
            "azurerm_subnet.subnet",
            "azurerm_virtual_network.vnet",
            "tls_private_key.vm_ssh_key"
          ]
        }
      ]
    },
    {
      "mode": "managed",
      "type": "local_sensitive_file",
      "name": "private_key",
      "provider": "provider[\"registry.terraform.io/hashicorp/local\"]",
      "instances": [
        {
          "schema_version": 0,
          "attributes": {
            "content": "-----BEGIN OPENSSH PRIVATE KEY-----\nb3BlbnNzaC1rZXktdjEAAAAABG5vbmUAAAAEbm9uZQAAAAAAAAABAAACFwAAAAdz\nc2gtcnNhAAAAAwEAAQAAAgEAx8qi9seUqjDLsexsznMxmFVVB62oaKes8+jV+wi3\ngTmgZE7+u+pA/9mHdZetqKEKyPTHHfITLBFJisulzcxUAlRcI6Ez1tfmiVfszMa8\nDuI4konbawKI2t0DsZQwVM0XPyh6FEgpdBcdMLbd3sU1LRT1+9x9HEU/fq0sfrAI\nsDXgPBlapHSkJgHkCZTBCp1FrPQFJmnsmf0O1qpw2bF9hbPUO67KV35AmQM1uDUN\niaWZPtgelu30Jl2ccfiYlRu20gyvdWbuLogXUCEbxY+m0dva0OZWd4/P/dLt9dhK\nNRbMXMsuSNTNRcI4IoVT5rSBs8tPaZcRpFx6QEQJ2FZRq/EidjDCQGls0qnlhsY3\nA1PcQO92ZSVbPAYVEaomCc60kOPsa27Z5hyptX8qirMcl/pgD/Yl+oN3uirqAwYI\nXmGyUkk3DA36tCdiTRHfbWaqXvz5NFhvtEezS+xGu66oSNOlMws8ugRU2lB0710N\nwkNesuLZ0FXOEtCjrLa1gfMHoZ+8ERRTs3SCK3b4CD15nEmU+VKMntY7Ffd/QuXv\ndcJc3Ky0gjojarBXxB3WQQRLQs2BmLAwci9jRKJphzxLD0kBWgohU027N4gng7I2\nmmsPfKgbWFDbSp2t37X+NdvXEmC5JisnuEaB/74TkjBcWZpEKemGYhsL8fEMydtW\nkSMAAAc4BgYzwwYGM8MAAAAHc3NoLXJzYQAAAgEAx8qi9seUqjDLsexsznMxmFVV\nB62oaKes8+jV+wi3gTmgZE7+u+pA/9mHdZetqKEKyPTHHfITLBFJisulzcxUAlRc\nI6Ez1tfmiVfszMa8DuI4konbawKI2t0DsZQwVM0XPyh6FEgpdBcdMLbd3sU1LRT1\n+9x9HEU/fq0sfrAIsDXgPBlapHSkJgHkCZTBCp1FrPQFJmnsmf0O1qpw2bF9hbPU\nO67KV35AmQM1uDUNiaWZPtgelu30Jl2ccfiYlRu20gyvdWbuLogXUCEbxY+m0dva\n0OZWd4/P/dLt9dhKNRbMXMsuSNTNRcI4IoVT5rSBs8tPaZcRpFx6QEQJ2FZRq/Ei\ndjDCQGls0qnlhsY3A1PcQO92ZSVbPAYVEaomCc60kOPsa27Z5hyptX8qirMcl/pg\nD/Yl+oN3uirqAwYIXmGyUkk3DA36tCdiTRHfbWaqXvz5NFhvtEezS+xGu66oSNOl\nMws8ugRU2lB0710NwkNesuLZ0FXOEtCjrLa1gfMHoZ+8ERRTs3SCK3b4CD15nEmU\n+VKMntY7Ffd/QuXvdcJc3Ky0gjojarBXxB3WQQRLQs2BmLAwci9jRKJphzxLD0kB\nWgohU027N4gng7I2mmsPfKgbWFDbSp2t37X+NdvXEmC5JisnuEaB/74TkjBcWZpE\nKemGYhsL8fEMydtWkSMAAAADAQABAAACAAW/fTfHXy4UUE/youC/rK4aymL5qo40\nQMQVr05VHl5v537rTOXgI/WYbw7BieP/mh1U+YORit6qMqj1GfSVS9dzUOFPinvE\nY2QRLQVpNFDjTkhdAfyOqpxNXoVV45wU+HW/Nt/tgY/O+G6F3FVD7Dc7UqZn3guZ\nrG17EvwkGWPkcOqZuiNgHbbgOAzUhEdHZhFHRfyocH+vqaUgazXAJwHZPiJncXfZ\n8IbWck217QlIQ+PseNjTyMHv0Ifw5IbpsLVTWxrwFqstDCqogTGKY/zGrAF1lwhC\nkXPWhTUc/2mOmduTluXOhYdbwpyvpE3PZKnlEAhUKdRGOtgtfPEF7ryMDjtxwDif\ngG5ab9GA6DoKMpxH21/hURFIpTx/oZqo4k5g2CG04VjjzttpeRGUpazPM1ymuIVi\nRmda/hn8Am32ecrnBmeY051gz3uyammmnVg/i6TCGFrcEyF+Zz2iIa3WijbaMBB/\nvah97u8zScY5+I5ZedrZKyyztHwtKroievP8cdXUOCYTNP0ToNrG8vHui8GNQUbq\nRWdQBoocgukb7pYaCCpjmABv7Yb9JUo3lL8lbDyjM6gtlmTGTt5N3zDq+20rE+VE\nD1E29BpHgzTW3a9GFTL2PLUXaFJR5utPp3QiZxkidKP+VdSQhwjKBEw8mB6CeWUH\n9kKUFxQwB7vJAAABAAiPogqLQGKlZkwtZU8VIZOQX9Ov5PM9TTjwyjP6+1nectFV\numbuFdQzgVIzQMUiIV4mw1dA4SsJqgxyhxX4zK+phSXVSAO2lwgx+M1IyX19YbTW\ntV3lkhFy/2IVHHPBeU3qN1qFw3A2DLNRhX+WpmxgvCLt/b0Dv7oIeU8sjqPYrPhs\nDNeeQTptEQepAX1pNFDcP7QPt68MWr+AgicTWuk797H/EFNnRg5XSJH76Lbs8SGX\n3m5tJzC4RBCWGQ+KMQ8mX+Ju/3PynkYxxvCOXVr6jbKqPxzG8rMf2FT9MaiMNTsL\naBCC0pv6CsLg2VSxlPucKgIyn2MYWn/LsWpkTTsAAAEBAMlvPCMC0xjbZBH91LVl\nluxzjjGMLRl5Eg8VNiaAEHuy/QYR2vRnPER6YFFdfdxeMpIp1laBP+jjUkEYwuge\nR7DCBAzZ//FVBxdVHtpHursFzjEqZsyWF3pCTqhwCk8TVAPtKrdmbsnYDzS46mBQ\ngu2W8/Witi2nXRVB7qdyjpZ4bsGfqRAS0GS02pKhlr18TbhidnuMzFnEZi/DSiFd\nqmgNe/K2GDLwiDKzXEXrZgc1TrShPYIX9xlwp7RLTbEF7CRB+HQhp7i4HbmC0jWr\nTuQU3djtJahMhi5EjfLRe8I6qYmmGFlu0fSTy3P6OXIhu01G3RPyCIorhoSrW+Pp\nirsAAAEBAP3pd9UtA1BKCPw3z0tOEf1ILvqEOKGl71mRYvc+vzcKo4cpTkmP9Ci7\njm4o9hFLib5Exd2rGJYgxwlSk85Lk9GgFI6Zp0TgB9ZMhIO/ECV/7O7aGUZ0Zl35\nF6sP6o0XXtIFGS04kXMVXuKEIXgpDJcvOq3q0lRo/BQm5qKWnR4XhPTPLqUlwqGu\ndP3fULzJHk0U5jlj3SNJDjhPZxOWH2rqbRDaLGt7YiCBuhkvtgIL4B2TkX9iOMua\nLPU6CwJX+Gte5OC7q1EL44d0h7h9Zf5Al6UYMlPhVzCyMtf7wHivG2aw0TB0V1q2\nNiRF1lN/5WR/bKkPFoN2pZ9XjF1m8LkAAAAAAQID\n-----END OPENSSH PRIVATE KEY-----\n",
            "content_base64": null,
            "content_base64sha256": "yL23mljaDXudWikqqlBN+kGby3/cODh0VNWH2pVpimA=",
            "content_base64sha512": "TqdbFJsbfmvYDcM7vT5JI1j/B4BkVlAkBs8M2JiqxDVggt+SikzZ+O0+rN3GX4ttWbRhU+F7AZcMKyCeWQw4Ew==",
            "content_md5": "d8946abba42cc93e8720c766e35d9f76",
            "content_sha1": "467f0fb8f40ee051c66ea63c67825afaf8628a5e",
            "content_sha256": "c8bdb79a58da0d7b9d5a292aaa504dfa419bcb7fdc38387454d587da95698a60",
            "content_sha512": "4ea75b149b1b7e6bd80dc33bbd3e492358ff07806456502406cf0cd898aac4356082df928a4cd9f8ed3eacddc65f8b6d59b46153e17b01970c2b209e590c3813",
            "directory_permission": "0700",
            "file_permission": "0700",
            "filename": "./id_rsa_ca2",
            "id": "467f0fb8f40ee051c66ea63c67825afaf8628a5e",
            "source": null
          },
          "sensitive_attributes": [
            [
              {
                "type": "get_attr",
                "value": "content"
              }
            ],
            [
              {
                "type": "get_attr",
                "value": "content_base64"
              }
            ]
          ],
          "identity_schema_version": 0,
          "dependencies": [
            "tls_private_key.vm_ssh_key"
          ]
        }
      ]
    },
    {
      "mode": "managed",
      "type": "local_sensitive_file",
      "name": "public_key",
      "provider": "provider[\"registry.terraform.io/hashicorp/local\"]",
      "instances": [
        {
          "schema_version": 0,
          "attributes": {
            "content": "ssh-rsa AAAAB3NzaC1yc2EAAAADAQABAAACAQDHyqL2x5SqMMux7GzOczGYVVUHrahop6zz6NX7CLeBOaBkTv676kD/2Yd1l62ooQrI9Mcd8hMsEUmKy6XNzFQCVFwjoTPW1+aJV+zMxrwO4jiSidtrAoja3QOxlDBUzRc/KHoUSCl0Fx0wtt3exTUtFPX73H0cRT9+rSx+sAiwNeA8GVqkdKQmAeQJlMEKnUWs9AUmaeyZ/Q7WqnDZsX2Fs9Q7rspXfkCZAzW4NQ2JpZk+2B6W7fQmXZxx+JiVG7bSDK91Zu4uiBdQIRvFj6bR29rQ5lZ3j8/90u312Eo1Fsxcyy5I1M1FwjgihVPmtIGzy09plxGkXHpARAnYVlGr8SJ2MMJAaWzSqeWGxjcDU9xA73ZlJVs8BhURqiYJzrSQ4+xrbtnmHKm1fyqKsxyX+mAP9iX6g3e6KuoDBgheYbJSSTcMDfq0J2JNEd9tZqpe/Pk0WG+0R7NL7Ea7rqhI06UzCzy6BFTaUHTvXQ3CQ16y4tnQVc4S0KOstrWB8wehn7wRFFOzdIIrdvgIPXmcSZT5Uoye1jsV939C5e91wlzcrLSCOiNqsFfEHdZBBEtCzYGYsDByL2NEommHPEsPSQFaCiFTTbs3iCeDsjaaaw98qBtYUNtKna3ftf4129cSYLkmKye4RoH/vhOSMFxZmkQp6YZiGwvx8QzJ21aRIw==\n",
            "content_base64": null,
            "content_base64sha256": "tcxlgFk6knJ+TkFgvY9/a2owkDuKDmFUWeVp0ATcSMY=",
            "content_base64sha512": "ln1htgIG8z3nnEcf0NDiuqmlzhLFWIsvNBfrtbl+VDFzt20mGaoTp5QSEFtVOKUvMRhorLjR6W3toqQEykRyDQ==",
            "content_md5": "2c4a96e7d7eaf932acc11bc6d59ae377",
            "content_sha1": "f5c4e0ef985f09f320da74261fb04c68923af1a3",
            "content_sha256": "b5cc6580593a92727e4e4160bd8f7f6b6a30903b8a0e615459e569d004dc48c6",
            "content_sha512": "967d61b60206f33de79c471fd0d0e2baa9a5ce12c5588b2f3417ebb5b97e543173b76d2619aa13a79412105b5538a52f311868acb8d1e96deda2a404ca44720d",
            "directory_permission": "0700",
            "file_permission": "0700",
            "filename": "./id_rsa_ca2.pub",
            "id": "f5c4e0ef985f09f320da74261fb04c68923af1a3",
            "source": null
          },
          "sensitive_attributes": [
            [
              {
                "type": "get_attr",
                "value": "content"
              }
            ],
            [
              {
                "type": "get_attr",
                "value": "content_base64"
              }
            ]
          ],
          "identity_schema_version": 0,
          "dependencies": [
            "tls_private_key.vm_ssh_key"
          ]
        }
      ]
    },
    {
      "mode": "managed",
      "type": "tls_private_key",
      "name": "vm_ssh_key",
      "provider": "provider[\"registry.terraform.io/hashicorp/tls\"]",
      "instances": [
        {
          "schema_version": 1,
          "attributes": {
            "algorithm": "RSA",
            "ecdsa_curve": "P224",
            "id": "be47d49059d339b489fa6c53c911583080e3c7a3",
            "private_key_openssh": "-----BEGIN OPENSSH PRIVATE KEY-----\nb3BlbnNzaC1rZXktdjEAAAAABG5vbmUAAAAEbm9uZQAAAAAAAAABAAACFwAAAAdz\nc2gtcnNhAAAAAwEAAQAAAgEAx8qi9seUqjDLsexsznMxmFVVB62oaKes8+jV+wi3\ngTmgZE7+u+pA/9mHdZetqKEKyPTHHfITLBFJisulzcxUAlRcI6Ez1tfmiVfszMa8\nDuI4konbawKI2t0DsZQwVM0XPyh6FEgpdBcdMLbd3sU1LRT1+9x9HEU/fq0sfrAI\nsDXgPBlapHSkJgHkCZTBCp1FrPQFJmnsmf0O1qpw2bF9hbPUO67KV35AmQM1uDUN\niaWZPtgelu30Jl2ccfiYlRu20gyvdWbuLogXUCEbxY+m0dva0OZWd4/P/dLt9dhK\nNRbMXMsuSNTNRcI4IoVT5rSBs8tPaZcRpFx6QEQJ2FZRq/EidjDCQGls0qnlhsY3\nA1PcQO92ZSVbPAYVEaomCc60kOPsa27Z5hyptX8qirMcl/pgD/Yl+oN3uirqAwYI\nXmGyUkk3DA36tCdiTRHfbWaqXvz5NFhvtEezS+xGu66oSNOlMws8ugRU2lB0710N\nwkNesuLZ0FXOEtCjrLa1gfMHoZ+8ERRTs3SCK3b4CD15nEmU+VKMntY7Ffd/QuXv\ndcJc3Ky0gjojarBXxB3WQQRLQs2BmLAwci9jRKJphzxLD0kBWgohU027N4gng7I2\nmmsPfKgbWFDbSp2t37X+NdvXEmC5JisnuEaB/74TkjBcWZpEKemGYhsL8fEMydtW\nkSMAAAc4BgYzwwYGM8MAAAAHc3NoLXJzYQAAAgEAx8qi9seUqjDLsexsznMxmFVV\nB62oaKes8+jV+wi3gTmgZE7+u+pA/9mHdZetqKEKyPTHHfITLBFJisulzcxUAlRc\nI6Ez1tfmiVfszMa8DuI4konbawKI2t0DsZQwVM0XPyh6FEgpdBcdMLbd3sU1LRT1\n+9x9HEU/fq0sfrAIsDXgPBlapHSkJgHkCZTBCp1FrPQFJmnsmf0O1qpw2bF9hbPU\nO67KV35AmQM1uDUNiaWZPtgelu30Jl2ccfiYlRu20gyvdWbuLogXUCEbxY+m0dva\n0OZWd4/P/dLt9dhKNRbMXMsuSNTNRcI4IoVT5rSBs8tPaZcRpFx6QEQJ2FZRq/Ei\ndjDCQGls0qnlhsY3A1PcQO92ZSVbPAYVEaomCc60kOPsa27Z5hyptX8qirMcl/pg\nD/Yl+oN3uirqAwYIXmGyUkk3DA36tCdiTRHfbWaqXvz5NFhvtEezS+xGu66oSNOl\nMws8ugRU2lB0710NwkNesuLZ0FXOEtCjrLa1gfMHoZ+8ERRTs3SCK3b4CD15nEmU\n+VKMntY7Ffd/QuXvdcJc3Ky0gjojarBXxB3WQQRLQs2BmLAwci9jRKJphzxLD0kB\nWgohU027N4gng7I2mmsPfKgbWFDbSp2t37X+NdvXEmC5JisnuEaB/74TkjBcWZpE\nKemGYhsL8fEMydtWkSMAAAADAQABAAACAAW/fTfHXy4UUE/youC/rK4aymL5qo40\nQMQVr05VHl5v537rTOXgI/WYbw7BieP/mh1U+YORit6qMqj1GfSVS9dzUOFPinvE\nY2QRLQVpNFDjTkhdAfyOqpxNXoVV45wU+HW/Nt/tgY/O+G6F3FVD7Dc7UqZn3guZ\nrG17EvwkGWPkcOqZuiNgHbbgOAzUhEdHZhFHRfyocH+vqaUgazXAJwHZPiJncXfZ\n8IbWck217QlIQ+PseNjTyMHv0Ifw5IbpsLVTWxrwFqstDCqogTGKY/zGrAF1lwhC\nkXPWhTUc/2mOmduTluXOhYdbwpyvpE3PZKnlEAhUKdRGOtgtfPEF7ryMDjtxwDif\ngG5ab9GA6DoKMpxH21/hURFIpTx/oZqo4k5g2CG04VjjzttpeRGUpazPM1ymuIVi\nRmda/hn8Am32ecrnBmeY051gz3uyammmnVg/i6TCGFrcEyF+Zz2iIa3WijbaMBB/\nvah97u8zScY5+I5ZedrZKyyztHwtKroievP8cdXUOCYTNP0ToNrG8vHui8GNQUbq\nRWdQBoocgukb7pYaCCpjmABv7Yb9JUo3lL8lbDyjM6gtlmTGTt5N3zDq+20rE+VE\nD1E29BpHgzTW3a9GFTL2PLUXaFJR5utPp3QiZxkidKP+VdSQhwjKBEw8mB6CeWUH\n9kKUFxQwB7vJAAABAAiPogqLQGKlZkwtZU8VIZOQX9Ov5PM9TTjwyjP6+1nectFV\numbuFdQzgVIzQMUiIV4mw1dA4SsJqgxyhxX4zK+phSXVSAO2lwgx+M1IyX19YbTW\ntV3lkhFy/2IVHHPBeU3qN1qFw3A2DLNRhX+WpmxgvCLt/b0Dv7oIeU8sjqPYrPhs\nDNeeQTptEQepAX1pNFDcP7QPt68MWr+AgicTWuk797H/EFNnRg5XSJH76Lbs8SGX\n3m5tJzC4RBCWGQ+KMQ8mX+Ju/3PynkYxxvCOXVr6jbKqPxzG8rMf2FT9MaiMNTsL\naBCC0pv6CsLg2VSxlPucKgIyn2MYWn/LsWpkTTsAAAEBAMlvPCMC0xjbZBH91LVl\nluxzjjGMLRl5Eg8VNiaAEHuy/QYR2vRnPER6YFFdfdxeMpIp1laBP+jjUkEYwuge\nR7DCBAzZ//FVBxdVHtpHursFzjEqZsyWF3pCTqhwCk8TVAPtKrdmbsnYDzS46mBQ\ngu2W8/Witi2nXRVB7qdyjpZ4bsGfqRAS0GS02pKhlr18TbhidnuMzFnEZi/DSiFd\nqmgNe/K2GDLwiDKzXEXrZgc1TrShPYIX9xlwp7RLTbEF7CRB+HQhp7i4HbmC0jWr\nTuQU3djtJahMhi5EjfLRe8I6qYmmGFlu0fSTy3P6OXIhu01G3RPyCIorhoSrW+Pp\nirsAAAEBAP3pd9UtA1BKCPw3z0tOEf1ILvqEOKGl71mRYvc+vzcKo4cpTkmP9Ci7\njm4o9hFLib5Exd2rGJYgxwlSk85Lk9GgFI6Zp0TgB9ZMhIO/ECV/7O7aGUZ0Zl35\nF6sP6o0XXtIFGS04kXMVXuKEIXgpDJcvOq3q0lRo/BQm5qKWnR4XhPTPLqUlwqGu\ndP3fULzJHk0U5jlj3SNJDjhPZxOWH2rqbRDaLGt7YiCBuhkvtgIL4B2TkX9iOMua\nLPU6CwJX+Gte5OC7q1EL44d0h7h9Zf5Al6UYMlPhVzCyMtf7wHivG2aw0TB0V1q2\nNiRF1lN/5WR/bKkPFoN2pZ9XjF1m8LkAAAAAAQID\n-----END OPENSSH PRIVATE KEY-----\n",
            "private_key_pem": "-----BEGIN RSA PRIVATE KEY-----\nMIIJJwIBAAKCAgEAx8qi9seUqjDLsexsznMxmFVVB62oaKes8+jV+wi3gTmgZE7+\nu+pA/9mHdZetqKEKyPTHHfITLBFJisulzcxUAlRcI6Ez1tfmiVfszMa8DuI4konb\nawKI2t0DsZQwVM0XPyh6FEgpdBcdMLbd3sU1LRT1+9x9HEU/fq0sfrAIsDXgPBla\npHSkJgHkCZTBCp1FrPQFJmnsmf0O1qpw2bF9hbPUO67KV35AmQM1uDUNiaWZPtge\nlu30Jl2ccfiYlRu20gyvdWbuLogXUCEbxY+m0dva0OZWd4/P/dLt9dhKNRbMXMsu\nSNTNRcI4IoVT5rSBs8tPaZcRpFx6QEQJ2FZRq/EidjDCQGls0qnlhsY3A1PcQO92\nZSVbPAYVEaomCc60kOPsa27Z5hyptX8qirMcl/pgD/Yl+oN3uirqAwYIXmGyUkk3\nDA36tCdiTRHfbWaqXvz5NFhvtEezS+xGu66oSNOlMws8ugRU2lB0710NwkNesuLZ\n0FXOEtCjrLa1gfMHoZ+8ERRTs3SCK3b4CD15nEmU+VKMntY7Ffd/QuXvdcJc3Ky0\ngjojarBXxB3WQQRLQs2BmLAwci9jRKJphzxLD0kBWgohU027N4gng7I2mmsPfKgb\nWFDbSp2t37X+NdvXEmC5JisnuEaB/74TkjBcWZpEKemGYhsL8fEMydtWkSMCAwEA\nAQKCAgAFv303x18uFFBP8qLgv6yuGspi+aqONEDEFa9OVR5eb+d+60zl4CP1mG8O\nwYnj/5odVPmDkYreqjKo9Rn0lUvXc1DhT4p7xGNkES0FaTRQ405IXQH8jqqcTV6F\nVeOcFPh1vzbf7YGPzvhuhdxVQ+w3O1KmZ94LmaxtexL8JBlj5HDqmbojYB224DgM\n1IRHR2YRR0X8qHB/r6mlIGs1wCcB2T4iZ3F32fCG1nJNte0JSEPj7HjY08jB79CH\n8OSG6bC1U1sa8BarLQwqqIEximP8xqwBdZcIQpFz1oU1HP9pjpnbk5blzoWHW8Kc\nr6RNz2Sp5RAIVCnURjrYLXzxBe68jA47ccA4n4BuWm/RgOg6CjKcR9tf4VERSKU8\nf6GaqOJOYNghtOFY487baXkRlKWszzNcpriFYkZnWv4Z/AJt9nnK5wZnmNOdYM97\nsmpppp1YP4ukwhha3BMhfmc9oiGt1oo22jAQf72ofe7vM0nGOfiOWXna2Ssss7R8\nLSq6Inrz/HHV1DgmEzT9E6DaxvLx7ovBjUFG6kVnUAaKHILpG+6WGggqY5gAb+2G\n/SVKN5S/JWw8ozOoLZZkxk7eTd8w6vttKxPlRA9RNvQaR4M01t2vRhUy9jy1F2hS\nUebrT6d0ImcZInSj/lXUkIcIygRMPJgegnllB/ZClBcUMAe7yQKCAQEAyW88IwLT\nGNtkEf3UtWWW7HOOMYwtGXkSDxU2JoAQe7L9BhHa9Gc8RHpgUV193F4ykinWVoE/\n6ONSQRjC6B5HsMIEDNn/8VUHF1Ue2ke6uwXOMSpmzJYXekJOqHAKTxNUA+0qt2Zu\nydgPNLjqYFCC7Zbz9aK2LaddFUHup3KOlnhuwZ+pEBLQZLTakqGWvXxNuGJ2e4zM\nWcRmL8NKIV2qaA178rYYMvCIMrNcRetmBzVOtKE9ghf3GXCntEtNsQXsJEH4dCGn\nuLgduYLSNatO5BTd2O0lqEyGLkSN8tF7wjqpiaYYWW7R9JPLc/o5ciG7TUbdE/II\niiuGhKtb4+mKuwKCAQEA/el31S0DUEoI/DfPS04R/Ugu+oQ4oaXvWZFi9z6/Nwqj\nhylOSY/0KLuObij2EUuJvkTF3asYliDHCVKTzkuT0aAUjpmnROAH1kyEg78QJX/s\n7toZRnRmXfkXqw/qjRde0gUZLTiRcxVe4oQheCkMly86rerSVGj8FCbmopadHheE\n9M8upSXCoa50/d9QvMkeTRTmOWPdI0kOOE9nE5YfauptENosa3tiIIG6GS+2Agvg\nHZORf2I4y5os9ToLAlf4a17k4LurUQvjh3SHuH1l/kCXpRgyU+FXMLIy1/vAeK8b\nZrDRMHRXWrY2JEXWU3/lZH9sqQ8Wg3aln1eMXWbwuQKCAQANXsLBGCjm13kW8KAz\nwiB4ZVsk0scTj8OxGJlViN6PN1wwEPNVkZygdvb5r5jxDZeRuBEwALg7PwtworId\nMhVUGCyopbelTx1/YPkBSA2O6F29SbE1FylLxibuazFj+kZzVESnk7b60sp/l16H\nMhDesExVG424DgnRpWSv3Jy2RBwl4fEYzgbjCFYRsYQN47hM6swuezP9KVoXBYFg\nIZVz/qEhhRCqIOkJZHpVccB97f3hY2pvviN6ns2i2/S2MUxxQ6e4HZvCWQYwEAzf\n3xUHcpMfGO6M8zdcztQVL+5k//vM1Sd8mCx7bWvtsMgrWS3TfUajUkda1HTDTZR1\n1kSNAoIBAA4YRbSpuQNd+L23g2RUwx7iQOlbKaGfinfYYDwFWav+hTFdk6D1wsH4\nF2H6GB7BqLXNL4aslsLOsv3LfbT38Q6z6jA4S1bBcO3udXSyyHysa0SfCsQkdgJF\nb5DpY0XNxE+4RLuD5l8TEp9UYl8/OBm0X3eED4TsBwI/XpIr9jDTcWf9kENOo01C\nV/A3002HhI0W2ejZqE7rIUTy82/c54WR2dgTpF+bC8luKhx3z4yxiBFcPblqhGiY\n+GHshOvuYjXjoKTxBgOLu2erilUtcNn6T/C0NSb+3U4wti3TJc4NOmIq8pHUA31f\nnAXLcqhT8zHu+OMxmThW/76mp34P1tECggEACI+iCotAYqVmTC1lTxUhk5Bf06/k\n8z1NOPDKM/r7Wd5y0VW6Zu4V1DOBUjNAxSIhXibDV0DhKwmqDHKHFfjMr6mFJdVI\nA7aXCDH4zUjJfX1htNa1XeWSEXL/YhUcc8F5Teo3WoXDcDYMs1GFf5ambGC8Iu39\nvQO/ugh5TyyOo9is+GwM155BOm0RB6kBfWk0UNw/tA+3rwxav4CCJxNa6Tv3sf8Q\nU2dGDldIkfvotuzxIZfebm0nMLhEEJYZD4oxDyZf4m7/c/KeRjHG8I5dWvqNsqo/\nHMbysx/YVP0xqIw1OwtoEILSm/oKwuDZVLGU+5wqAjKfYxhaf8uxamRNOw==\n-----END RSA PRIVATE KEY-----\n",
            "private_key_pem_pkcs8": "-----BEGIN PRIVATE KEY-----\nMIIJQQIBADANBgkqhkiG9w0BAQEFAASCCSswggknAgEAAoICAQDHyqL2x5SqMMux\n7GzOczGYVVUHrahop6zz6NX7CLeBOaBkTv676kD/2Yd1l62ooQrI9Mcd8hMsEUmK\ny6XNzFQCVFwjoTPW1+aJV+zMxrwO4jiSidtrAoja3QOxlDBUzRc/KHoUSCl0Fx0w\ntt3exTUtFPX73H0cRT9+rSx+sAiwNeA8GVqkdKQmAeQJlMEKnUWs9AUmaeyZ/Q7W\nqnDZsX2Fs9Q7rspXfkCZAzW4NQ2JpZk+2B6W7fQmXZxx+JiVG7bSDK91Zu4uiBdQ\nIRvFj6bR29rQ5lZ3j8/90u312Eo1Fsxcyy5I1M1FwjgihVPmtIGzy09plxGkXHpA\nRAnYVlGr8SJ2MMJAaWzSqeWGxjcDU9xA73ZlJVs8BhURqiYJzrSQ4+xrbtnmHKm1\nfyqKsxyX+mAP9iX6g3e6KuoDBgheYbJSSTcMDfq0J2JNEd9tZqpe/Pk0WG+0R7NL\n7Ea7rqhI06UzCzy6BFTaUHTvXQ3CQ16y4tnQVc4S0KOstrWB8wehn7wRFFOzdIIr\ndvgIPXmcSZT5Uoye1jsV939C5e91wlzcrLSCOiNqsFfEHdZBBEtCzYGYsDByL2NE\nommHPEsPSQFaCiFTTbs3iCeDsjaaaw98qBtYUNtKna3ftf4129cSYLkmKye4RoH/\nvhOSMFxZmkQp6YZiGwvx8QzJ21aRIwIDAQABAoICAAW/fTfHXy4UUE/youC/rK4a\nymL5qo40QMQVr05VHl5v537rTOXgI/WYbw7BieP/mh1U+YORit6qMqj1GfSVS9dz\nUOFPinvEY2QRLQVpNFDjTkhdAfyOqpxNXoVV45wU+HW/Nt/tgY/O+G6F3FVD7Dc7\nUqZn3guZrG17EvwkGWPkcOqZuiNgHbbgOAzUhEdHZhFHRfyocH+vqaUgazXAJwHZ\nPiJncXfZ8IbWck217QlIQ+PseNjTyMHv0Ifw5IbpsLVTWxrwFqstDCqogTGKY/zG\nrAF1lwhCkXPWhTUc/2mOmduTluXOhYdbwpyvpE3PZKnlEAhUKdRGOtgtfPEF7ryM\nDjtxwDifgG5ab9GA6DoKMpxH21/hURFIpTx/oZqo4k5g2CG04VjjzttpeRGUpazP\nM1ymuIViRmda/hn8Am32ecrnBmeY051gz3uyammmnVg/i6TCGFrcEyF+Zz2iIa3W\nijbaMBB/vah97u8zScY5+I5ZedrZKyyztHwtKroievP8cdXUOCYTNP0ToNrG8vHu\ni8GNQUbqRWdQBoocgukb7pYaCCpjmABv7Yb9JUo3lL8lbDyjM6gtlmTGTt5N3zDq\n+20rE+VED1E29BpHgzTW3a9GFTL2PLUXaFJR5utPp3QiZxkidKP+VdSQhwjKBEw8\nmB6CeWUH9kKUFxQwB7vJAoIBAQDJbzwjAtMY22QR/dS1ZZbsc44xjC0ZeRIPFTYm\ngBB7sv0GEdr0ZzxEemBRXX3cXjKSKdZWgT/o41JBGMLoHkewwgQM2f/xVQcXVR7a\nR7q7Bc4xKmbMlhd6Qk6ocApPE1QD7Sq3Zm7J2A80uOpgUILtlvP1orYtp10VQe6n\nco6WeG7Bn6kQEtBktNqSoZa9fE24YnZ7jMxZxGYvw0ohXapoDXvythgy8Igys1xF\n62YHNU60oT2CF/cZcKe0S02xBewkQfh0Iae4uB25gtI1q07kFN3Y7SWoTIYuRI3y\n0XvCOqmJphhZbtH0k8tz+jlyIbtNRt0T8giKK4aEq1vj6Yq7AoIBAQD96XfVLQNQ\nSgj8N89LThH9SC76hDihpe9ZkWL3Pr83CqOHKU5Jj/Qou45uKPYRS4m+RMXdqxiW\nIMcJUpPOS5PRoBSOmadE4AfWTISDvxAlf+zu2hlGdGZd+RerD+qNF17SBRktOJFz\nFV7ihCF4KQyXLzqt6tJUaPwUJuailp0eF4T0zy6lJcKhrnT931C8yR5NFOY5Y90j\nSQ44T2cTlh9q6m0Q2ixre2IggboZL7YCC+Adk5F/YjjLmiz1OgsCV/hrXuTgu6tR\nC+OHdIe4fWX+QJelGDJT4VcwsjLX+8B4rxtmsNEwdFdatjYkRdZTf+Vkf2ypDxaD\ndqWfV4xdZvC5AoIBAA1ewsEYKObXeRbwoDPCIHhlWyTSxxOPw7EYmVWI3o83XDAQ\n81WRnKB29vmvmPENl5G4ETAAuDs/C3Cish0yFVQYLKilt6VPHX9g+QFIDY7oXb1J\nsTUXKUvGJu5rMWP6RnNURKeTtvrSyn+XXocyEN6wTFUbjbgOCdGlZK/cnLZEHCXh\n8RjOBuMIVhGxhA3juEzqzC57M/0pWhcFgWAhlXP+oSGFEKog6QlkelVxwH3t/eFj\nam++I3qezaLb9LYxTHFDp7gdm8JZBjAQDN/fFQdykx8Y7ozzN1zO1BUv7mT/+8zV\nJ3yYLHtta+2wyCtZLdN9RqNSR1rUdMNNlHXWRI0CggEADhhFtKm5A134vbeDZFTD\nHuJA6VspoZ+Kd9hgPAVZq/6FMV2ToPXCwfgXYfoYHsGotc0vhqyWws6y/ct9tPfx\nDrPqMDhLVsFw7e51dLLIfKxrRJ8KxCR2AkVvkOljRc3ET7hEu4PmXxMSn1RiXz84\nGbRfd4QPhOwHAj9ekiv2MNNxZ/2QQ06jTUJX8DfTTYeEjRbZ6NmoTushRPLzb9zn\nhZHZ2BOkX5sLyW4qHHfPjLGIEVw9uWqEaJj4YeyE6+5iNeOgpPEGA4u7Z6uKVS1w\n2fpP8LQ1Jv7dTjC2LdMlzg06YirykdQDfV+cBctyqFPzMe744zGZOFb/vqanfg/W\n0QKCAQAIj6IKi0BipWZMLWVPFSGTkF/Tr+TzPU048Moz+vtZ3nLRVbpm7hXUM4FS\nM0DFIiFeJsNXQOErCaoMcocV+MyvqYUl1UgDtpcIMfjNSMl9fWG01rVd5ZIRcv9i\nFRxzwXlN6jdahcNwNgyzUYV/lqZsYLwi7f29A7+6CHlPLI6j2Kz4bAzXnkE6bREH\nqQF9aTRQ3D+0D7evDFq/gIInE1rpO/ex/xBTZ0YOV0iR++i27PEhl95ubScwuEQQ\nlhkPijEPJl/ibv9z8p5GMcbwjl1a+o2yqj8cxvKzH9hU/TGojDU7C2gQgtKb+grC\n4NlUsZT7nCoCMp9jGFp/y7FqZE07\n-----END PRIVATE KEY-----\n",
            "public_key_fingerprint_md5": "47:b6:49:c5:eb:77:7c:9c:76:81:cd:e9:f2:6e:3d:52",
            "public_key_fingerprint_sha256": "SHA256:TnwdJ7DOnq6lOksw7PIDuLfisLOUxhk2pjKTotfMZEg",
            "public_key_openssh": "ssh-rsa AAAAB3NzaC1yc2EAAAADAQABAAACAQDHyqL2x5SqMMux7GzOczGYVVUHrahop6zz6NX7CLeBOaBkTv676kD/2Yd1l62ooQrI9Mcd8hMsEUmKy6XNzFQCVFwjoTPW1+aJV+zMxrwO4jiSidtrAoja3QOxlDBUzRc/KHoUSCl0Fx0wtt3exTUtFPX73H0cRT9+rSx+sAiwNeA8GVqkdKQmAeQJlMEKnUWs9AUmaeyZ/Q7WqnDZsX2Fs9Q7rspXfkCZAzW4NQ2JpZk+2B6W7fQmXZxx+JiVG7bSDK91Zu4uiBdQIRvFj6bR29rQ5lZ3j8/90u312Eo1Fsxcyy5I1M1FwjgihVPmtIGzy09plxGkXHpARAnYVlGr8SJ2MMJAaWzSqeWGxjcDU9xA73ZlJVs8BhURqiYJzrSQ4+xrbtnmHKm1fyqKsxyX+mAP9iX6g3e6KuoDBgheYbJSSTcMDfq0J2JNEd9tZqpe/Pk0WG+0R7NL7Ea7rqhI06UzCzy6BFTaUHTvXQ3CQ16y4tnQVc4S0KOstrWB8wehn7wRFFOzdIIrdvgIPXmcSZT5Uoye1jsV939C5e91wlzcrLSCOiNqsFfEHdZBBEtCzYGYsDByL2NEommHPEsPSQFaCiFTTbs3iCeDsjaaaw98qBtYUNtKna3ftf4129cSYLkmKye4RoH/vhOSMFxZmkQp6YZiGwvx8QzJ21aRIw==\n",
            "public_key_pem": "-----BEGIN PUBLIC KEY-----\nMIICIjANBgkqhkiG9w0BAQEFAAOCAg8AMIICCgKCAgEAx8qi9seUqjDLsexsznMx\nmFVVB62oaKes8+jV+wi3gTmgZE7+u+pA/9mHdZetqKEKyPTHHfITLBFJisulzcxU\nAlRcI6Ez1tfmiVfszMa8DuI4konbawKI2t0DsZQwVM0XPyh6FEgpdBcdMLbd3sU1\nLRT1+9x9HEU/fq0sfrAIsDXgPBlapHSkJgHkCZTBCp1FrPQFJmnsmf0O1qpw2bF9\nhbPUO67KV35AmQM1uDUNiaWZPtgelu30Jl2ccfiYlRu20gyvdWbuLogXUCEbxY+m\n0dva0OZWd4/P/dLt9dhKNRbMXMsuSNTNRcI4IoVT5rSBs8tPaZcRpFx6QEQJ2FZR\nq/EidjDCQGls0qnlhsY3A1PcQO92ZSVbPAYVEaomCc60kOPsa27Z5hyptX8qirMc\nl/pgD/Yl+oN3uirqAwYIXmGyUkk3DA36tCdiTRHfbWaqXvz5NFhvtEezS+xGu66o\nSNOlMws8ugRU2lB0710NwkNesuLZ0FXOEtCjrLa1gfMHoZ+8ERRTs3SCK3b4CD15\nnEmU+VKMntY7Ffd/QuXvdcJc3Ky0gjojarBXxB3WQQRLQs2BmLAwci9jRKJphzxL\nD0kBWgohU027N4gng7I2mmsPfKgbWFDbSp2t37X+NdvXEmC5JisnuEaB/74TkjBc\nWZpEKemGYhsL8fEMydtWkSMCAwEAAQ==\n-----END PUBLIC KEY-----\n",
            "rsa_bits": 4096
          },
          "sensitive_attributes": [
            [
              {
                "type": "get_attr",
                "value": "private_key_openssh"
              }
            ],
            [
              {
                "type": "get_attr",
                "value": "private_key_pem"
              }
            ],
            [
              {
                "type": "get_attr",
                "value": "private_key_pem_pkcs8"
              }
            ]
          ],
          "identity_schema_version": 0
        }
      ]
    }
  ],
  "check_results": null
}
